{
    "version": 3,
    "terraform_version": "0.11.11",
    "serial": 8,
    "lineage": "a734af88-10fa-25ea-8aec-b7921f901cff",
    "modules": [
        {
            "path": [
                "root"
            ],
            "outputs": {
                "ApplicationPrivateIPs": {
                    "sensitive": false,
                    "type": "list",
                    "value": [
                        "172.16.8.4",
                        "172.16.8.5"
                    ]
                },
                "BastionPublicIPs": {
                    "sensitive": false,
                    "type": "list",
                    "value": [
                        "129.213.152.149"
                    ]
                },
                "FSSDetails": {
                    "sensitive": false,
                    "type": "list",
                    "value": [
                        "172.16.8.3:/ebsdemofssash1"
                    ]
                }
            },
            "resources": {
                "data.oci_core_images.InstanceImageOCID": {
                    "type": "oci_core_images",
                    "depends_on": [],
                    "primary": {
                        "id": "2019-05-23 20:57:53.1163513 +0000 UTC",
                        "attributes": {
                            "compartment_id": "ocid1.tenancy.oc1..aaaaaaaawoup473jm2scqcs6x2q2hmypzgqkew6rs3ygc2hgwszbxgjx2fxq",
                            "filter.#": "1",
                            "filter.2575874011.name": "display_name",
                            "filter.2575874011.regex": "true",
                            "filter.2575874011.values.#": "1",
                            "filter.2575874011.values.0": "^.*Oracle[^G]*$",
                            "id": "2019-05-23 20:57:53.1163513 +0000 UTC",
                            "images.#": "3",
                            "images.0.base_image_id": "",
                            "images.0.compartment_id": "",
                            "images.0.create_image_allowed": "true",
                            "images.0.defined_tags.%": "0",
                            "images.0.display_name": "Oracle-Linux-7.6-2019.05.14-0",
                            "images.0.freeform_tags.%": "0",
                            "images.0.id": "ocid1.image.oc1.iad.aaaaaaaa4bfsnhv2cd766tiw5oraw2as7g27upxzvu7ynqwipnqfcfwqskla",
                            "images.0.image_source_details.#": "0",
                            "images.0.instance_id": "",
                            "images.0.launch_mode": "NATIVE",
                            "images.0.launch_options.#": "1",
                            "images.0.launch_options.0.boot_volume_type": "PARAVIRTUALIZED",
                            "images.0.launch_options.0.firmware": "UEFI_64",
                            "images.0.launch_options.0.network_type": "PARAVIRTUALIZED",
                            "images.0.launch_options.0.remote_data_volume_type": "PARAVIRTUALIZED",
                            "images.0.operating_system": "Oracle Linux",
                            "images.0.operating_system_version": "7.6",
                            "images.0.size_in_mbs": "47694",
                            "images.0.state": "AVAILABLE",
                            "images.0.time_created": "2019-05-11 02:03:40.921 +0000 UTC",
                            "images.1.base_image_id": "",
                            "images.1.compartment_id": "",
                            "images.1.create_image_allowed": "true",
                            "images.1.defined_tags.%": "0",
                            "images.1.display_name": "Oracle-Linux-7.6-2019.04.18-0",
                            "images.1.freeform_tags.%": "0",
                            "images.1.id": "ocid1.image.oc1.iad.aaaaaaaajnvrzitemn2k5gfkfq2hwfs4bid577u2jbrzla42wxo2qc77gwxa",
                            "images.1.image_source_details.#": "0",
                            "images.1.instance_id": "",
                            "images.1.launch_mode": "NATIVE",
                            "images.1.launch_options.#": "1",
                            "images.1.launch_options.0.boot_volume_type": "PARAVIRTUALIZED",
                            "images.1.launch_options.0.firmware": "UEFI_64",
                            "images.1.launch_options.0.network_type": "PARAVIRTUALIZED",
                            "images.1.launch_options.0.remote_data_volume_type": "PARAVIRTUALIZED",
                            "images.1.operating_system": "Oracle Linux",
                            "images.1.operating_system_version": "7.6",
                            "images.1.size_in_mbs": "47694",
                            "images.1.state": "AVAILABLE",
                            "images.1.time_created": "2019-04-22 19:59:46.359 +0000 UTC",
                            "images.2.base_image_id": "",
                            "images.2.compartment_id": "",
                            "images.2.create_image_allowed": "true",
                            "images.2.defined_tags.%": "0",
                            "images.2.display_name": "Oracle-Linux-7.6-2019.03.22-1",
                            "images.2.freeform_tags.%": "0",
                            "images.2.id": "ocid1.image.oc1.iad.aaaaaaaavxqdkuyamlnrdo3q7qa7q3tsd6vnyrxjy3nmdbpv7fs7um53zh5q",
                            "images.2.image_source_details.#": "0",
                            "images.2.instance_id": "",
                            "images.2.launch_mode": "NATIVE",
                            "images.2.launch_options.#": "1",
                            "images.2.launch_options.0.boot_volume_type": "PARAVIRTUALIZED",
                            "images.2.launch_options.0.firmware": "UEFI_64",
                            "images.2.launch_options.0.network_type": "PARAVIRTUALIZED",
                            "images.2.launch_options.0.remote_data_volume_type": "PARAVIRTUALIZED",
                            "images.2.operating_system": "Oracle Linux",
                            "images.2.operating_system_version": "7.6",
                            "images.2.size_in_mbs": "47694",
                            "images.2.state": "AVAILABLE",
                            "images.2.time_created": "2019-04-04 21:13:02.377 +0000 UTC",
                            "operating_system": "Oracle Linux",
                            "operating_system_version": "7.6"
                        },
                        "meta": {},
                        "tainted": false
                    },
                    "deposed": [],
                    "provider": "provider.oci"
                },
                "data.oci_core_services.svcgtw_services": {
                    "type": "oci_core_services",
                    "depends_on": [],
                    "primary": {
                        "id": "2019-05-23 20:57:53.143243 +0000 UTC",
                        "attributes": {
                            "filter.#": "1",
                            "filter.2841581091.name": "name",
                            "filter.2841581091.regex": "true",
                            "filter.2841581091.values.#": "1",
                            "filter.2841581091.values.0": ".*Object.*Storage",
                            "id": "2019-05-23 20:57:53.143243 +0000 UTC",
                            "services.#": "1",
                            "services.0.cidr_block": "oci-iad-objectstorage",
                            "services.0.description": "OCI IAD Object Storage",
                            "services.0.id": "ocid1.service.oc1.iad.aaaaaaaa74z6sqsezqf6znyomdp5jkvfwb4j2ol33abgosvnhxcqphyl3eaq",
                            "services.0.name": "OCI IAD Object Storage"
                        },
                        "meta": {},
                        "tainted": false
                    },
                    "deposed": [],
                    "provider": "provider.oci"
                },
                "data.oci_identity_availability_domains.ADs": {
                    "type": "oci_identity_availability_domains",
                    "depends_on": [],
                    "primary": {
                        "id": "2019-05-23 20:57:53.0514275 +0000 UTC",
                        "attributes": {
                            "availability_domains.#": "3",
                            "availability_domains.0.compartment_id": "ocid1.tenancy.oc1..aaaaaaaawoup473jm2scqcs6x2q2hmypzgqkew6rs3ygc2hgwszbxgjx2fxq",
                            "availability_domains.0.name": "pNsu:US-ASHBURN-AD-1",
                            "availability_domains.1.compartment_id": "ocid1.tenancy.oc1..aaaaaaaawoup473jm2scqcs6x2q2hmypzgqkew6rs3ygc2hgwszbxgjx2fxq",
                            "availability_domains.1.name": "pNsu:US-ASHBURN-AD-2",
                            "availability_domains.2.compartment_id": "ocid1.tenancy.oc1..aaaaaaaawoup473jm2scqcs6x2q2hmypzgqkew6rs3ygc2hgwszbxgjx2fxq",
                            "availability_domains.2.name": "pNsu:US-ASHBURN-AD-3",
                            "compartment_id": "ocid1.tenancy.oc1..aaaaaaaawoup473jm2scqcs6x2q2hmypzgqkew6rs3ygc2hgwszbxgjx2fxq",
                            "id": "2019-05-23 20:57:53.0514275 +0000 UTC"
                        },
                        "meta": {},
                        "tainted": false
                    },
                    "deposed": [],
                    "provider": "provider.oci"
                },
                "data.oci_identity_fault_domains.fds": {
                    "type": "oci_identity_fault_domains",
                    "depends_on": [
                        "data.template_file.deployment_ad.*"
                    ],
                    "primary": {
                        "id": "2019-05-23 20:57:53.23993 +0000 UTC",
                        "attributes": {
                            "availability_domain": "pNsu:US-ASHBURN-AD-1",
                            "compartment_id": "ocid1.compartment.oc1..aaaaaaaavw46jg2q6xawn7fxuexuog7n7iqtlbch3aywiyynfhmh6zfbyp7a",
                            "fault_domains.#": "3",
                            "fault_domains.0.availability_domain": "pNsu:US-ASHBURN-AD-1",
                            "fault_domains.0.compartment_id": "ocid1.compartment.oc1..aaaaaaaavw46jg2q6xawn7fxuexuog7n7iqtlbch3aywiyynfhmh6zfbyp7a",
                            "fault_domains.0.id": "ocid1.faultdomain.oc1..aaaaaaaadckrk4cwlk5gwobyaefqkr6i74xwieqx7p5ww77jbvdxg7hrhwha",
                            "fault_domains.0.name": "FAULT-DOMAIN-1",
                            "fault_domains.1.availability_domain": "pNsu:US-ASHBURN-AD-1",
                            "fault_domains.1.compartment_id": "ocid1.compartment.oc1..aaaaaaaavw46jg2q6xawn7fxuexuog7n7iqtlbch3aywiyynfhmh6zfbyp7a",
                            "fault_domains.1.id": "ocid1.faultdomain.oc1..aaaaaaaaqf2tvrulzb7ii3rxe7jkbgvph2ydvyq54akybpt2hayjtc3s4t6a",
                            "fault_domains.1.name": "FAULT-DOMAIN-2",
                            "fault_domains.2.availability_domain": "pNsu:US-ASHBURN-AD-1",
                            "fault_domains.2.compartment_id": "ocid1.compartment.oc1..aaaaaaaavw46jg2q6xawn7fxuexuog7n7iqtlbch3aywiyynfhmh6zfbyp7a",
                            "fault_domains.2.id": "ocid1.faultdomain.oc1..aaaaaaaanzhfgivqrgogu2fakbz3vjcknu4xpw45yryxpgpovfm77e4dnw3a",
                            "fault_domains.2.name": "FAULT-DOMAIN-3",
                            "id": "2019-05-23 20:57:53.23993 +0000 UTC"
                        },
                        "meta": {},
                        "tainted": false
                    },
                    "deposed": [],
                    "provider": "provider.oci"
                },
                "data.template_file.deployment_ad": {
                    "type": "template_file",
                    "depends_on": [
                        "data.oci_identity_availability_domains.ADs"
                    ],
                    "primary": {
                        "id": "38e77d0c70c3a41136edbe0abac2bc7c83890f79a5b1c1bceb814018d268823b",
                        "attributes": {
                            "id": "38e77d0c70c3a41136edbe0abac2bc7c83890f79a5b1c1bceb814018d268823b",
                            "rendered": "pNsu:US-ASHBURN-AD-1",
                            "template": "pNsu:US-ASHBURN-AD-1"
                        },
                        "meta": {},
                        "tainted": false
                    },
                    "deposed": [],
                    "provider": "provider.template"
                },
                "data.template_file.deployment_fd.0": {
                    "type": "template_file",
                    "depends_on": [
                        "local.faultdomains_per_ad",
                        "local.fds"
                    ],
                    "primary": {
                        "id": "1189a5f9d583e0cc0dd3d092ab9960a6b84ef96426fc50b633826bcd01c2ffba",
                        "attributes": {
                            "id": "1189a5f9d583e0cc0dd3d092ab9960a6b84ef96426fc50b633826bcd01c2ffba",
                            "rendered": "FAULT-DOMAIN-1",
                            "template": "${name}",
                            "vars.%": "1",
                            "vars.name": "FAULT-DOMAIN-1"
                        },
                        "meta": {},
                        "tainted": false
                    },
                    "deposed": [],
                    "provider": "provider.template"
                },
                "data.template_file.deployment_fd.1": {
                    "type": "template_file",
                    "depends_on": [
                        "local.faultdomains_per_ad",
                        "local.fds"
                    ],
                    "primary": {
                        "id": "c4d100a1f0dd0089df39d852ec77ad2ac5f5e75be794d07eaf7d0eb7079e8fde",
                        "attributes": {
                            "id": "c4d100a1f0dd0089df39d852ec77ad2ac5f5e75be794d07eaf7d0eb7079e8fde",
                            "rendered": "FAULT-DOMAIN-2",
                            "template": "${name}",
                            "vars.%": "1",
                            "vars.name": "FAULT-DOMAIN-2"
                        },
                        "meta": {},
                        "tainted": false
                    },
                    "deposed": [],
                    "provider": "provider.template"
                },
                "data.template_file.deployment_fd.2": {
                    "type": "template_file",
                    "depends_on": [
                        "local.faultdomains_per_ad",
                        "local.fds"
                    ],
                    "primary": {
                        "id": "e804b02d82eadeab15b78a26dd7a7e13871339b3895ff9395f2596c50fdc03ef",
                        "attributes": {
                            "id": "e804b02d82eadeab15b78a26dd7a7e13871339b3895ff9395f2596c50fdc03ef",
                            "rendered": "FAULT-DOMAIN-3",
                            "template": "${name}",
                            "vars.%": "1",
                            "vars.name": "FAULT-DOMAIN-3"
                        },
                        "meta": {},
                        "tainted": false
                    },
                    "deposed": [],
                    "provider": "provider.template"
                },
                "oci_core_route_table.PrivateRT": {
                    "type": "oci_core_route_table",
                    "depends_on": [
                        "data.oci_core_services.svcgtw_services",
                        "local.anywhere",
                        "module.create_vcn"
                    ],
                    "primary": {
                        "id": "ocid1.routetable.oc1.iad.aaaaaaaatm4ofl4gjity3v3mmv5kbuwfys3tl44bhwiws2ctyvv5gib7rulq",
                        "attributes": {
                            "compartment_id": "ocid1.compartment.oc1..aaaaaaaavw46jg2q6xawn7fxuexuog7n7iqtlbch3aywiyynfhmh6zfbyp7a",
                            "defined_tags.%": "0",
                            "display_name": "ebsvcnpvtrt",
                            "freeform_tags.%": "0",
                            "id": "ocid1.routetable.oc1.iad.aaaaaaaatm4ofl4gjity3v3mmv5kbuwfys3tl44bhwiws2ctyvv5gib7rulq",
                            "route_rules.#": "2",
                            "route_rules.1786037483.cidr_block": "",
                            "route_rules.1786037483.destination": "oci-iad-objectstorage",
                            "route_rules.1786037483.destination_type": "SERVICE_CIDR_BLOCK",
                            "route_rules.1786037483.network_entity_id": "ocid1.servicegateway.oc1.iad.aaaaaaaaunihchvgcujnjsogpahjs6ndrii4cn4qwgufyapzaxz4ka53ipvq",
                            "route_rules.4042464225.cidr_block": "",
                            "route_rules.4042464225.destination": "0.0.0.0/0",
                            "route_rules.4042464225.destination_type": "CIDR_BLOCK",
                            "route_rules.4042464225.network_entity_id": "ocid1.natgateway.oc1.iad.aaaaaaaap6eqr4zfm5kcjfwpvwhqvbr4rx2ubdzsao56pomsfc73fmpdltga",
                            "state": "AVAILABLE",
                            "time_created": "2019-05-23 20:58:02.31 +0000 UTC",
                            "vcn_id": "ocid1.vcn.oc1.iad.aaaaaaaaizo3mlaboiek475cttnx23ci6vlcgxtfhogfenm7dmcaik6xxwha"
                        },
                        "meta": {
                            "e2bfb730-ecaa-11e6-8f88-34363bc7c4c0": {
                                "create": 900000000000,
                                "delete": 900000000000,
                                "update": 900000000000
                            }
                        },
                        "tainted": false
                    },
                    "deposed": [],
                    "provider": "provider.oci"
                },
                "oci_core_route_table.PublicRT": {
                    "type": "oci_core_route_table",
                    "depends_on": [
                        "local.anywhere",
                        "module.create_vcn"
                    ],
                    "primary": {
                        "id": "ocid1.routetable.oc1.iad.aaaaaaaaeqqg66ac4cqohbmkemtbeyrkgmia3s4fwcc6exc65d226sbcsl6a",
                        "attributes": {
                            "compartment_id": "ocid1.compartment.oc1..aaaaaaaavw46jg2q6xawn7fxuexuog7n7iqtlbch3aywiyynfhmh6zfbyp7a",
                            "defined_tags.%": "0",
                            "display_name": "ebsvcnpubrt",
                            "freeform_tags.%": "0",
                            "id": "ocid1.routetable.oc1.iad.aaaaaaaaeqqg66ac4cqohbmkemtbeyrkgmia3s4fwcc6exc65d226sbcsl6a",
                            "route_rules.#": "1",
                            "route_rules.1573319668.cidr_block": "",
                            "route_rules.1573319668.destination": "0.0.0.0/0",
                            "route_rules.1573319668.destination_type": "CIDR_BLOCK",
                            "route_rules.1573319668.network_entity_id": "ocid1.internetgateway.oc1.iad.aaaaaaaatjj5uq7xetibx3xoqr2nn6zi3ag63b6xolgu7tggfipu4kmmlvya",
                            "state": "AVAILABLE",
                            "time_created": "2019-05-23 20:57:58.554 +0000 UTC",
                            "vcn_id": "ocid1.vcn.oc1.iad.aaaaaaaaizo3mlaboiek475cttnx23ci6vlcgxtfhogfenm7dmcaik6xxwha"
                        },
                        "meta": {
                            "e2bfb730-ecaa-11e6-8f88-34363bc7c4c0": {
                                "create": 900000000000,
                                "delete": 900000000000,
                                "update": 900000000000
                            }
                        },
                        "tainted": false
                    },
                    "deposed": [],
                    "provider": "provider.oci"
                },
                "oci_core_security_list.AppSecList": {
                    "type": "oci_core_security_list",
                    "depends_on": [
                        "local.anywhere",
                        "local.fss_ports",
                        "local.ssh_port",
                        "local.tcp_protocol",
                        "local.udp_protocol",
                        "module.create_vcn"
                    ],
                    "primary": {
                        "id": "ocid1.securitylist.oc1.iad.aaaaaaaaap6t6o33gd7gdyno5uinfz3p3iapfryi4xwxxmcth23ryvcqeyea",
                        "attributes": {
                            "compartment_id": "ocid1.compartment.oc1..aaaaaaaavw46jg2q6xawn7fxuexuog7n7iqtlbch3aywiyynfhmh6zfbyp7a",
                            "defined_tags.%": "0",
                            "display_name": "AppSecList",
                            "egress_security_rules.#": "1",
                            "egress_security_rules.1420396200.destination": "0.0.0.0/0",
                            "egress_security_rules.1420396200.destination_type": "CIDR_BLOCK",
                            "egress_security_rules.1420396200.icmp_options.#": "0",
                            "egress_security_rules.1420396200.protocol": "6",
                            "egress_security_rules.1420396200.stateless": "false",
                            "egress_security_rules.1420396200.tcp_options.#": "0",
                            "egress_security_rules.1420396200.udp_options.#": "0",
                            "freeform_tags.%": "0",
                            "id": "ocid1.securitylist.oc1.iad.aaaaaaaaap6t6o33gd7gdyno5uinfz3p3iapfryi4xwxxmcth23ryvcqeyea",
                            "ingress_security_rules.#": "6",
                            "ingress_security_rules.1592140093.icmp_options.#": "0",
                            "ingress_security_rules.1592140093.protocol": "17",
                            "ingress_security_rules.1592140093.source": "172.16.0.0/16",
                            "ingress_security_rules.1592140093.source_type": "CIDR_BLOCK",
                            "ingress_security_rules.1592140093.stateless": "false",
                            "ingress_security_rules.1592140093.tcp_options.#": "0",
                            "ingress_security_rules.1592140093.udp_options.#": "1",
                            "ingress_security_rules.1592140093.udp_options.0.max": "2048",
                            "ingress_security_rules.1592140093.udp_options.0.min": "2048",
                            "ingress_security_rules.1592140093.udp_options.0.source_port_range.#": "0",
                            "ingress_security_rules.2182719413.icmp_options.#": "0",
                            "ingress_security_rules.2182719413.protocol": "6",
                            "ingress_security_rules.2182719413.source": "172.16.0.0/16",
                            "ingress_security_rules.2182719413.source_type": "CIDR_BLOCK",
                            "ingress_security_rules.2182719413.stateless": "false",
                            "ingress_security_rules.2182719413.tcp_options.#": "1",
                            "ingress_security_rules.2182719413.tcp_options.0.max": "111",
                            "ingress_security_rules.2182719413.tcp_options.0.min": "111",
                            "ingress_security_rules.2182719413.tcp_options.0.source_port_range.#": "0",
                            "ingress_security_rules.2182719413.udp_options.#": "0",
                            "ingress_security_rules.3291565597.icmp_options.#": "0",
                            "ingress_security_rules.3291565597.protocol": "6",
                            "ingress_security_rules.3291565597.source": "172.16.0.0/16",
                            "ingress_security_rules.3291565597.source_type": "CIDR_BLOCK",
                            "ingress_security_rules.3291565597.stateless": "false",
                            "ingress_security_rules.3291565597.tcp_options.#": "1",
                            "ingress_security_rules.3291565597.tcp_options.0.max": "22",
                            "ingress_security_rules.3291565597.tcp_options.0.min": "22",
                            "ingress_security_rules.3291565597.tcp_options.0.source_port_range.#": "0",
                            "ingress_security_rules.3291565597.udp_options.#": "0",
                            "ingress_security_rules.3504257308.icmp_options.#": "0",
                            "ingress_security_rules.3504257308.protocol": "17",
                            "ingress_security_rules.3504257308.source": "172.16.0.0/16",
                            "ingress_security_rules.3504257308.source_type": "CIDR_BLOCK",
                            "ingress_security_rules.3504257308.stateless": "false",
                            "ingress_security_rules.3504257308.tcp_options.#": "0",
                            "ingress_security_rules.3504257308.udp_options.#": "1",
                            "ingress_security_rules.3504257308.udp_options.0.max": "111",
                            "ingress_security_rules.3504257308.udp_options.0.min": "111",
                            "ingress_security_rules.3504257308.udp_options.0.source_port_range.#": "0",
                            "ingress_security_rules.4274758424.icmp_options.#": "0",
                            "ingress_security_rules.4274758424.protocol": "6",
                            "ingress_security_rules.4274758424.source": "172.16.0.0/16",
                            "ingress_security_rules.4274758424.source_type": "CIDR_BLOCK",
                            "ingress_security_rules.4274758424.stateless": "false",
                            "ingress_security_rules.4274758424.tcp_options.#": "1",
                            "ingress_security_rules.4274758424.tcp_options.0.max": "8000",
                            "ingress_security_rules.4274758424.tcp_options.0.min": "8000",
                            "ingress_security_rules.4274758424.tcp_options.0.source_port_range.#": "0",
                            "ingress_security_rules.4274758424.udp_options.#": "0",
                            "ingress_security_rules.610863040.icmp_options.#": "0",
                            "ingress_security_rules.610863040.protocol": "6",
                            "ingress_security_rules.610863040.source": "172.16.0.0/16",
                            "ingress_security_rules.610863040.source_type": "CIDR_BLOCK",
                            "ingress_security_rules.610863040.stateless": "false",
                            "ingress_security_rules.610863040.tcp_options.#": "1",
                            "ingress_security_rules.610863040.tcp_options.0.max": "2050",
                            "ingress_security_rules.610863040.tcp_options.0.min": "2048",
                            "ingress_security_rules.610863040.tcp_options.0.source_port_range.#": "0",
                            "ingress_security_rules.610863040.udp_options.#": "0",
                            "state": "AVAILABLE",
                            "time_created": "2019-05-23 20:57:58.376 +0000 UTC",
                            "vcn_id": "ocid1.vcn.oc1.iad.aaaaaaaaizo3mlaboiek475cttnx23ci6vlcgxtfhogfenm7dmcaik6xxwha"
                        },
                        "meta": {
                            "e2bfb730-ecaa-11e6-8f88-34363bc7c4c0": {
                                "create": 900000000000,
                                "delete": 900000000000,
                                "update": 900000000000
                            }
                        },
                        "tainted": false
                    },
                    "deposed": [],
                    "provider": "provider.oci"
                },
                "oci_core_security_list.BastionSecList": {
                    "type": "oci_core_security_list",
                    "depends_on": [
                        "local.anywhere",
                        "local.ssh_port",
                        "local.tcp_protocol",
                        "module.create_vcn"
                    ],
                    "primary": {
                        "id": "ocid1.securitylist.oc1.iad.aaaaaaaaajkow23hqhhynubtozlglxzkmi3hhrd3gnpgpt33d7ui62hd3uha",
                        "attributes": {
                            "compartment_id": "ocid1.compartment.oc1..aaaaaaaavw46jg2q6xawn7fxuexuog7n7iqtlbch3aywiyynfhmh6zfbyp7a",
                            "defined_tags.%": "0",
                            "display_name": "BastionSecList",
                            "egress_security_rules.#": "1",
                            "egress_security_rules.1420396200.destination": "0.0.0.0/0",
                            "egress_security_rules.1420396200.destination_type": "CIDR_BLOCK",
                            "egress_security_rules.1420396200.icmp_options.#": "0",
                            "egress_security_rules.1420396200.protocol": "6",
                            "egress_security_rules.1420396200.stateless": "false",
                            "egress_security_rules.1420396200.tcp_options.#": "0",
                            "egress_security_rules.1420396200.udp_options.#": "0",
                            "freeform_tags.%": "0",
                            "id": "ocid1.securitylist.oc1.iad.aaaaaaaaajkow23hqhhynubtozlglxzkmi3hhrd3gnpgpt33d7ui62hd3uha",
                            "ingress_security_rules.#": "1",
                            "ingress_security_rules.47193274.icmp_options.#": "0",
                            "ingress_security_rules.47193274.protocol": "6",
                            "ingress_security_rules.47193274.source": "0.0.0.0/0",
                            "ingress_security_rules.47193274.source_type": "CIDR_BLOCK",
                            "ingress_security_rules.47193274.stateless": "false",
                            "ingress_security_rules.47193274.tcp_options.#": "1",
                            "ingress_security_rules.47193274.tcp_options.0.max": "22",
                            "ingress_security_rules.47193274.tcp_options.0.min": "22",
                            "ingress_security_rules.47193274.tcp_options.0.source_port_range.#": "0",
                            "ingress_security_rules.47193274.udp_options.#": "0",
                            "state": "AVAILABLE",
                            "time_created": "2019-05-23 20:57:58.69 +0000 UTC",
                            "vcn_id": "ocid1.vcn.oc1.iad.aaaaaaaaizo3mlaboiek475cttnx23ci6vlcgxtfhogfenm7dmcaik6xxwha"
                        },
                        "meta": {
                            "e2bfb730-ecaa-11e6-8f88-34363bc7c4c0": {
                                "create": 900000000000,
                                "delete": 900000000000,
                                "update": 900000000000
                            }
                        },
                        "tainted": false
                    },
                    "deposed": [],
                    "provider": "provider.oci"
                },
                "oci_core_security_list.DBSecList": {
                    "type": "oci_core_security_list",
                    "depends_on": [
                        "local.anywhere",
                        "local.db_port",
                        "local.ssh_port",
                        "local.tcp_protocol",
                        "module.create_vcn"
                    ],
                    "primary": {
                        "id": "ocid1.securitylist.oc1.iad.aaaaaaaappz7flcf4zjvkmf5qkjogearcoqhhaqlivucpsnqxeznrjrvwz4a",
                        "attributes": {
                            "compartment_id": "ocid1.compartment.oc1..aaaaaaaavw46jg2q6xawn7fxuexuog7n7iqtlbch3aywiyynfhmh6zfbyp7a",
                            "defined_tags.%": "0",
                            "display_name": "DBSecList",
                            "egress_security_rules.#": "1",
                            "egress_security_rules.1420396200.destination": "0.0.0.0/0",
                            "egress_security_rules.1420396200.destination_type": "CIDR_BLOCK",
                            "egress_security_rules.1420396200.icmp_options.#": "0",
                            "egress_security_rules.1420396200.protocol": "6",
                            "egress_security_rules.1420396200.stateless": "false",
                            "egress_security_rules.1420396200.tcp_options.#": "0",
                            "egress_security_rules.1420396200.udp_options.#": "0",
                            "freeform_tags.%": "0",
                            "id": "ocid1.securitylist.oc1.iad.aaaaaaaappz7flcf4zjvkmf5qkjogearcoqhhaqlivucpsnqxeznrjrvwz4a",
                            "ingress_security_rules.#": "2",
                            "ingress_security_rules.2353706552.icmp_options.#": "0",
                            "ingress_security_rules.2353706552.protocol": "6",
                            "ingress_security_rules.2353706552.source": "172.16.0.0/16",
                            "ingress_security_rules.2353706552.source_type": "CIDR_BLOCK",
                            "ingress_security_rules.2353706552.stateless": "false",
                            "ingress_security_rules.2353706552.tcp_options.#": "1",
                            "ingress_security_rules.2353706552.tcp_options.0.max": "1521",
                            "ingress_security_rules.2353706552.tcp_options.0.min": "1521",
                            "ingress_security_rules.2353706552.tcp_options.0.source_port_range.#": "0",
                            "ingress_security_rules.2353706552.udp_options.#": "0",
                            "ingress_security_rules.3291565597.icmp_options.#": "0",
                            "ingress_security_rules.3291565597.protocol": "6",
                            "ingress_security_rules.3291565597.source": "172.16.0.0/16",
                            "ingress_security_rules.3291565597.source_type": "CIDR_BLOCK",
                            "ingress_security_rules.3291565597.stateless": "false",
                            "ingress_security_rules.3291565597.tcp_options.#": "1",
                            "ingress_security_rules.3291565597.tcp_options.0.max": "22",
                            "ingress_security_rules.3291565597.tcp_options.0.min": "22",
                            "ingress_security_rules.3291565597.tcp_options.0.source_port_range.#": "0",
                            "ingress_security_rules.3291565597.udp_options.#": "0",
                            "state": "AVAILABLE",
                            "time_created": "2019-05-23 20:57:58.269 +0000 UTC",
                            "vcn_id": "ocid1.vcn.oc1.iad.aaaaaaaaizo3mlaboiek475cttnx23ci6vlcgxtfhogfenm7dmcaik6xxwha"
                        },
                        "meta": {
                            "e2bfb730-ecaa-11e6-8f88-34363bc7c4c0": {
                                "create": 900000000000,
                                "delete": 900000000000,
                                "update": 900000000000
                            }
                        },
                        "tainted": false
                    },
                    "deposed": [],
                    "provider": "provider.oci"
                },
                "oci_core_security_list.LBSecList": {
                    "type": "oci_core_security_list",
                    "depends_on": [
                        "local.anywhere",
                        "local.tcp_protocol",
                        "module.create_vcn"
                    ],
                    "primary": {
                        "id": "ocid1.securitylist.oc1.iad.aaaaaaaaotveu4fmixzdyaqbys6gzpvkwb722kczdayfgi32gzudvp67uhdq",
                        "attributes": {
                            "compartment_id": "ocid1.compartment.oc1..aaaaaaaavw46jg2q6xawn7fxuexuog7n7iqtlbch3aywiyynfhmh6zfbyp7a",
                            "defined_tags.%": "0",
                            "display_name": "LBSecList",
                            "egress_security_rules.#": "1",
                            "egress_security_rules.1420396200.destination": "0.0.0.0/0",
                            "egress_security_rules.1420396200.destination_type": "CIDR_BLOCK",
                            "egress_security_rules.1420396200.icmp_options.#": "0",
                            "egress_security_rules.1420396200.protocol": "6",
                            "egress_security_rules.1420396200.stateless": "false",
                            "egress_security_rules.1420396200.tcp_options.#": "0",
                            "egress_security_rules.1420396200.udp_options.#": "0",
                            "freeform_tags.%": "0",
                            "id": "ocid1.securitylist.oc1.iad.aaaaaaaaotveu4fmixzdyaqbys6gzpvkwb722kczdayfgi32gzudvp67uhdq",
                            "ingress_security_rules.#": "1",
                            "ingress_security_rules.746707399.icmp_options.#": "0",
                            "ingress_security_rules.746707399.protocol": "6",
                            "ingress_security_rules.746707399.source": "0.0.0.0/0",
                            "ingress_security_rules.746707399.source_type": "CIDR_BLOCK",
                            "ingress_security_rules.746707399.stateless": "false",
                            "ingress_security_rules.746707399.tcp_options.#": "1",
                            "ingress_security_rules.746707399.tcp_options.0.max": "8888",
                            "ingress_security_rules.746707399.tcp_options.0.min": "8888",
                            "ingress_security_rules.746707399.tcp_options.0.source_port_range.#": "0",
                            "ingress_security_rules.746707399.udp_options.#": "0",
                            "state": "AVAILABLE",
                            "time_created": "2019-05-23 20:57:58.288 +0000 UTC",
                            "vcn_id": "ocid1.vcn.oc1.iad.aaaaaaaaizo3mlaboiek475cttnx23ci6vlcgxtfhogfenm7dmcaik6xxwha"
                        },
                        "meta": {
                            "e2bfb730-ecaa-11e6-8f88-34363bc7c4c0": {
                                "create": 900000000000,
                                "delete": 900000000000,
                                "update": 900000000000
                            }
                        },
                        "tainted": false
                    },
                    "deposed": [],
                    "provider": "provider.oci"
                }
            },
            "depends_on": []
        },
        {
            "path": [
                "root",
                "app_subnet"
            ],
            "outputs": {
                "cidr_block": {
                    "sensitive": false,
                    "type": "list",
                    "value": [
                        "172.16.8.0/24"
                    ]
                },
                "subnetid": {
                    "sensitive": false,
                    "type": "list",
                    "value": [
                        "ocid1.subnet.oc1.iad.aaaaaaaaivo444mni36efbdis4iy6ec6v4yhgzcxpczgaznet3bghr7idmnq"
                    ]
                }
            },
            "resources": {
                "oci_core_subnet.subnet": {
                    "type": "oci_core_subnet",
                    "depends_on": [],
                    "primary": {
                        "id": "ocid1.subnet.oc1.iad.aaaaaaaaivo444mni36efbdis4iy6ec6v4yhgzcxpczgaznet3bghr7idmnq",
                        "attributes": {
                            "availability_domain": "pNsu:US-ASHBURN-AD-1",
                            "cidr_block": "172.16.8.0/24",
                            "compartment_id": "ocid1.compartment.oc1..aaaaaaaavw46jg2q6xawn7fxuexuog7n7iqtlbch3aywiyynfhmh6zfbyp7a",
                            "defined_tags.%": "0",
                            "dhcp_options_id": "ocid1.dhcpoptions.oc1.iad.aaaaaaaa7y5febhzia5agnpddfaxgjvfnrvbey3l56jba4g6eoz232fzvwdq",
                            "display_name": "appsubad1",
                            "dns_label": "appsubad1",
                            "freeform_tags.%": "0",
                            "id": "ocid1.subnet.oc1.iad.aaaaaaaaivo444mni36efbdis4iy6ec6v4yhgzcxpczgaznet3bghr7idmnq",
                            "prohibit_public_ip_on_vnic": "true",
                            "route_table_id": "ocid1.routetable.oc1.iad.aaaaaaaatm4ofl4gjity3v3mmv5kbuwfys3tl44bhwiws2ctyvv5gib7rulq",
                            "security_list_ids.#": "1",
                            "security_list_ids.1070444094": "ocid1.securitylist.oc1.iad.aaaaaaaaap6t6o33gd7gdyno5uinfz3p3iapfryi4xwxxmcth23ryvcqeyea",
                            "state": "AVAILABLE",
                            "subnet_domain_name": "appsubad1.ebsvcn.oraclevcn.com",
                            "time_created": "2019-05-23 20:58:03.04 +0000 UTC",
                            "vcn_id": "ocid1.vcn.oc1.iad.aaaaaaaaizo3mlaboiek475cttnx23ci6vlcgxtfhogfenm7dmcaik6xxwha",
                            "virtual_router_ip": "172.16.8.1",
                            "virtual_router_mac": "00:00:17:FB:43:49"
                        },
                        "meta": {
                            "e2bfb730-ecaa-11e6-8f88-34363bc7c4c0": {
                                "create": 900000000000,
                                "delete": 900000000000,
                                "update": 900000000000
                            }
                        },
                        "tainted": false
                    },
                    "deposed": [],
                    "provider": "provider.oci"
                }
            },
            "depends_on": []
        },
        {
            "path": [
                "root",
                "bastion_subnet"
            ],
            "outputs": {
                "cidr_block": {
                    "sensitive": false,
                    "type": "list",
                    "value": [
                        "172.16.0.0/24"
                    ]
                },
                "subnetid": {
                    "sensitive": false,
                    "type": "list",
                    "value": [
                        "ocid1.subnet.oc1.iad.aaaaaaaasd7klxkjxwr34wcgz4aump2p65qz7amjqy3migbx6kd7y6652bja"
                    ]
                }
            },
            "resources": {
                "oci_core_subnet.subnet": {
                    "type": "oci_core_subnet",
                    "depends_on": [],
                    "primary": {
                        "id": "ocid1.subnet.oc1.iad.aaaaaaaasd7klxkjxwr34wcgz4aump2p65qz7amjqy3migbx6kd7y6652bja",
                        "attributes": {
                            "availability_domain": "pNsu:US-ASHBURN-AD-1",
                            "cidr_block": "172.16.0.0/24",
                            "compartment_id": "ocid1.compartment.oc1..aaaaaaaavw46jg2q6xawn7fxuexuog7n7iqtlbch3aywiyynfhmh6zfbyp7a",
                            "defined_tags.%": "0",
                            "dhcp_options_id": "ocid1.dhcpoptions.oc1.iad.aaaaaaaa7y5febhzia5agnpddfaxgjvfnrvbey3l56jba4g6eoz232fzvwdq",
                            "display_name": "bassubad1",
                            "dns_label": "bassubad1",
                            "freeform_tags.%": "0",
                            "id": "ocid1.subnet.oc1.iad.aaaaaaaasd7klxkjxwr34wcgz4aump2p65qz7amjqy3migbx6kd7y6652bja",
                            "prohibit_public_ip_on_vnic": "false",
                            "route_table_id": "ocid1.routetable.oc1.iad.aaaaaaaaeqqg66ac4cqohbmkemtbeyrkgmia3s4fwcc6exc65d226sbcsl6a",
                            "security_list_ids.#": "1",
                            "security_list_ids.2824539329": "ocid1.securitylist.oc1.iad.aaaaaaaaajkow23hqhhynubtozlglxzkmi3hhrd3gnpgpt33d7ui62hd3uha",
                            "state": "AVAILABLE",
                            "subnet_domain_name": "bassubad1.ebsvcn.oraclevcn.com",
                            "time_created": "2019-05-23 20:57:59.236 +0000 UTC",
                            "vcn_id": "ocid1.vcn.oc1.iad.aaaaaaaaizo3mlaboiek475cttnx23ci6vlcgxtfhogfenm7dmcaik6xxwha",
                            "virtual_router_ip": "172.16.0.1",
                            "virtual_router_mac": "00:00:17:FB:43:49"
                        },
                        "meta": {
                            "e2bfb730-ecaa-11e6-8f88-34363bc7c4c0": {
                                "create": 900000000000,
                                "delete": 900000000000,
                                "update": 900000000000
                            }
                        },
                        "tainted": false
                    },
                    "deposed": [],
                    "provider": "provider.oci"
                }
            },
            "depends_on": []
        },
        {
            "path": [
                "root",
                "create_app"
            ],
            "outputs": {
                "AppsPrvIPs": {
                    "sensitive": false,
                    "type": "list",
                    "value": [
                        "172.16.8.4",
                        "172.16.8.5"
                    ]
                },
                "FSSFstabs": {
                    "sensitive": false,
                    "type": "list",
                    "value": [
                        "172.16.8.3:/ebsdemofssash1"
                    ]
                }
            },
            "resources": {
                "data.oci_core_private_ips.ip_mount_target": {
                    "type": "oci_core_private_ips",
                    "depends_on": [
                        "oci_file_storage_mount_target.fss_mt.*"
                    ],
                    "primary": {
                        "id": "2019-05-23 20:58:14.4172584 +0000 UTC",
                        "attributes": {
                            "filter.#": "1",
                            "filter.516391575.name": "id",
                            "filter.516391575.regex": "false",
                            "filter.516391575.values.#": "1",
                            "filter.516391575.values.0": "ocid1.privateip.oc1.iad.abuwcljszugw2yziywejnhkoav6s3zynine2o7zf744rwmiybocdajpdd2rq",
                            "id": "2019-05-23 20:58:14.4172584 +0000 UTC",
                            "private_ips.#": "1",
                            "private_ips.0.availability_domain": "pNsu:US-ASHBURN-AD-1",
                            "private_ips.0.compartment_id": "ocid1.compartment.oc1..aaaaaaaavw46jg2q6xawn7fxuexuog7n7iqtlbch3aywiyynfhmh6zfbyp7a",
                            "private_ips.0.defined_tags.%": "0",
                            "private_ips.0.display_name": "privateip20190523205811",
                            "private_ips.0.freeform_tags.%": "0",
                            "private_ips.0.hostname_label": "ebsdemofssash1",
                            "private_ips.0.id": "ocid1.privateip.oc1.iad.abuwcljszugw2yziywejnhkoav6s3zynine2o7zf744rwmiybocdajpdd2rq",
                            "private_ips.0.ip_address": "172.16.8.3",
                            "private_ips.0.is_primary": "false",
                            "private_ips.0.subnet_id": "ocid1.subnet.oc1.iad.aaaaaaaaivo444mni36efbdis4iy6ec6v4yhgzcxpczgaznet3bghr7idmnq",
                            "private_ips.0.time_created": "2019-05-23 20:58:11.155 +0000 UTC",
                            "private_ips.0.vnic_id": "ocid1.vnic.oc1.iad.abuwcljs6d5vnpj2xkdh57nfxicnrjmx6zkv4yarerd24hwk7terznhrwtcq",
                            "subnet_id": "ocid1.subnet.oc1.iad.aaaaaaaaivo444mni36efbdis4iy6ec6v4yhgzcxpczgaznet3bghr7idmnq"
                        },
                        "meta": {},
                        "tainted": false
                    },
                    "deposed": [],
                    "provider": "provider.oci"
                },
                "data.template_file.bootstrap": {
                    "type": "template_file",
                    "depends_on": [
                        "data.template_file.ebsfss_ips.*",
                        "oci_file_storage_export.fss_exp.*"
                    ],
                    "primary": {
                        "id": "15976f6c1fa84906fdc6d279ff8d5286fdca89722fe8f67be07f5e6d599a2dcb",
                        "attributes": {
                            "id": "15976f6c1fa84906fdc6d279ff8d5286fdca89722fe8f67be07f5e6d599a2dcb",
                            "rendered": "#cloud-config\r\ntimezone: \"America/New_York\"\r\n\r\npackages:\r\n  - rsync\r\n  - nfs-utils\r\n  - ntp\r\n  - oracle-ebs-server-R12-preinstall\r\n\r\nruncmd:\r\n  - sudo mkdir -p /u01/install/APPS/\r\n  - sudo mount -t nfs -o rw,bg,hard,timeo=600,nfsvers=3,tcp 172.16.8.3:/ebsdemofssash1 /u01/install/APPS/\r\n  - sudo chown oracle:oinstall /u01/install/APPS/\r\n  - echo 172.16.8.3:/ebsdemofssash1 /u01/install/APPS/ nfs rw,bg,hard,timeo=600,nfsvers=3 0 0 \u003e\u003e /etc/fstab\r\n  # Run firewall command to enable to open ports\r\n  - firewall-offline-cmd --port=8000:tcp\r\n  - /bin/systemctl restart firewalld\r\n",
                            "template": "#cloud-config\r\ntimezone: \"${timezone}\"\r\n\r\npackages:\r\n  - rsync\r\n  - nfs-utils\r\n  - ntp\r\n  - oracle-ebs-server-R12-preinstall\r\n\r\nruncmd:\r\n  - sudo mkdir -p ${src_mount_path}\r\n  - sudo mount -t nfs -o rw,bg,hard,timeo=600,nfsvers=3,tcp ${src_mount_target_private_ip}:${src_export_path} ${src_mount_path}\r\n  - sudo chown oracle:oinstall ${src_mount_path}\r\n  - echo ${src_mount_target_private_ip}:${src_export_path} ${src_mount_path} nfs rw,bg,hard,timeo=600,nfsvers=3 0 0 \u003e\u003e /etc/fstab\r\n  # Run firewall command to enable to open ports\r\n  - firewall-offline-cmd --port=${app_instance_listen_port}:tcp\r\n  - /bin/systemctl restart firewalld\r\n",
                            "vars.%": "5",
                            "vars.app_instance_listen_port": "8000",
                            "vars.src_export_path": "/ebsdemofssash1",
                            "vars.src_mount_path": "/u01/install/APPS/",
                            "vars.src_mount_target_private_ip": "172.16.8.3",
                            "vars.timezone": "America/New_York"
                        },
                        "meta": {},
                        "tainted": false
                    },
                    "deposed": [],
                    "provider": "provider.template"
                },
                "data.template_file.ebsfss_ips": {
                    "type": "template_file",
                    "depends_on": [
                        "local.ebsfss_private_ips"
                    ],
                    "primary": {
                        "id": "6f44ef48b62748de549f4992f1de818375ad2f7d3f716d084dca5d48eafc3a40",
                        "attributes": {
                            "id": "6f44ef48b62748de549f4992f1de818375ad2f7d3f716d084dca5d48eafc3a40",
                            "rendered": "172.16.8.3",
                            "template": "${ip_address}",
                            "vars.%": "1",
                            "vars.ip_address": "172.16.8.3"
                        },
                        "meta": {},
                        "tainted": false
                    },
                    "deposed": [],
                    "provider": "provider.template"
                },
                "oci_core_instance.compute.0": {
                    "type": "oci_core_instance",
                    "depends_on": [
                        "data.template_file.bootstrap"
                    ],
                    "primary": {
                        "id": "ocid1.instance.oc1.iad.abuwcljshpi5ydkwehzaokpq56kv5q2xmjfsh2ibgnog2eozj7bvmeqpbocq",
                        "attributes": {
                            "availability_domain": "pNsu:US-ASHBURN-AD-1",
                            "boot_volume_id": "ocid1.bootvolume.oc1.iad.abuwcljsdbugfylyzxtcaaw75b3swf3t4ydo6fr66jm3nef2txikr57eouja",
                            "compartment_id": "ocid1.compartment.oc1..aaaaaaaavw46jg2q6xawn7fxuexuog7n7iqtlbch3aywiyynfhmh6zfbyp7a",
                            "create_vnic_details.#": "1",
                            "create_vnic_details.0.assign_public_ip": "false",
                            "create_vnic_details.0.defined_tags.%": "0",
                            "create_vnic_details.0.display_name": "ebsdemoappash11",
                            "create_vnic_details.0.freeform_tags.%": "0",
                            "create_vnic_details.0.hostname_label": "ebsdemoappash11",
                            "create_vnic_details.0.private_ip": "172.16.8.4",
                            "create_vnic_details.0.skip_source_dest_check": "false",
                            "create_vnic_details.0.subnet_id": "ocid1.subnet.oc1.iad.aaaaaaaaivo444mni36efbdis4iy6ec6v4yhgzcxpczgaznet3bghr7idmnq",
                            "defined_tags.%": "0",
                            "display_name": "ebsdemoappash11",
                            "fault_domain": "FAULT-DOMAIN-1",
                            "freeform_tags.%": "0",
                            "hostname_label": "ebsdemoappash11",
                            "id": "ocid1.instance.oc1.iad.abuwcljshpi5ydkwehzaokpq56kv5q2xmjfsh2ibgnog2eozj7bvmeqpbocq",
                            "image": "ocid1.image.oc1.iad.aaaaaaaa4bfsnhv2cd766tiw5oraw2as7g27upxzvu7ynqwipnqfcfwqskla",
                            "launch_mode": "NATIVE",
                            "launch_options.#": "1",
                            "launch_options.0.boot_volume_type": "PARAVIRTUALIZED",
                            "launch_options.0.firmware": "UEFI_64",
                            "launch_options.0.network_type": "VFIO",
                            "launch_options.0.remote_data_volume_type": "PARAVIRTUALIZED",
                            "metadata.%": "2",
                            "metadata.ssh_authorized_keys": "ssh-rsa AAAAB3NzaC1yc2EAAAADAQABAAABAQDIsDcgsR4ZrbvO5VfGHAYCfF/vK0IUOUDgL0BNXB+U8UZeaHXvkC3Zx+9e09Sa38fAvwAO7UThSX1EmEKo4TrMkw8wZImHARuviiQH+qGGKvAdtM8bUGELJd80GABlE9hD+VobaCufQ4IldkQh5bFIott61H07wV4k12aSYD4m/6KBjAqmMNYB+g/A8I0NzN7hUggKR0hyfinwTiTQjM2tDOAFpLAuz+ZvmUiAgxGU82GKRy86tWJ0cpeMa91VAcHjtrbJCCw4PHLbpfhbP34WI1KSenRqzVapBqzcaDtOGCqQHAqSTYkzb5SqL8QLWRPTXfrq/TbqbtsnNbYU1/Wf talemos@TALEMOS-BR",
                            "metadata.user_data": "I2Nsb3VkLWNvbmZpZw0KdGltZXpvbmU6ICJBbWVyaWNhL05ld19Zb3JrIg0KDQpwYWNrYWdlczoNCiAgLSByc3luYw0KICAtIG5mcy11dGlscw0KICAtIG50cA0KICAtIG9yYWNsZS1lYnMtc2VydmVyLVIxMi1wcmVpbnN0YWxsDQoNCnJ1bmNtZDoNCiAgLSBzdWRvIG1rZGlyIC1wIC91MDEvaW5zdGFsbC9BUFBTLw0KICAtIHN1ZG8gbW91bnQgLXQgbmZzIC1vIHJ3LGJnLGhhcmQsdGltZW89NjAwLG5mc3ZlcnM9Myx0Y3AgMTcyLjE2LjguMzovZWJzZGVtb2Zzc2FzaDEgL3UwMS9pbnN0YWxsL0FQUFMvDQogIC0gc3VkbyBjaG93biBvcmFjbGU6b2luc3RhbGwgL3UwMS9pbnN0YWxsL0FQUFMvDQogIC0gZWNobyAxNzIuMTYuOC4zOi9lYnNkZW1vZnNzYXNoMSAvdTAxL2luc3RhbGwvQVBQUy8gbmZzIHJ3LGJnLGhhcmQsdGltZW89NjAwLG5mc3ZlcnM9MyAwIDAgPj4gL2V0Yy9mc3RhYg0KICAjIFJ1biBmaXJld2FsbCBjb21tYW5kIHRvIGVuYWJsZSB0byBvcGVuIHBvcnRzDQogIC0gZmlyZXdhbGwtb2ZmbGluZS1jbWQgLS1wb3J0PTgwMDA6dGNwDQogIC0gL2Jpbi9zeXN0ZW1jdGwgcmVzdGFydCBmaXJld2FsbGQNCg==",
                            "private_ip": "172.16.8.4",
                            "public_ip": "",
                            "region": "iad",
                            "shape": "VM.Standard2.2",
                            "source_details.#": "1",
                            "source_details.0.boot_volume_size_in_gbs": "100",
                            "source_details.0.source_id": "ocid1.image.oc1.iad.aaaaaaaa4bfsnhv2cd766tiw5oraw2as7g27upxzvu7ynqwipnqfcfwqskla",
                            "source_details.0.source_type": "image",
                            "state": "RUNNING",
                            "subnet_id": "ocid1.subnet.oc1.iad.aaaaaaaaivo444mni36efbdis4iy6ec6v4yhgzcxpczgaznet3bghr7idmnq",
                            "time_created": "2019-05-23 20:58:15.474 +0000 UTC"
                        },
                        "meta": {
                            "e2bfb730-ecaa-11e6-8f88-34363bc7c4c0": {
                                "create": 1200000000000,
                                "delete": 7200000000000,
                                "update": 7200000000000
                            }
                        },
                        "tainted": false
                    },
                    "deposed": [],
                    "provider": "provider.oci"
                },
                "oci_core_instance.compute.1": {
                    "type": "oci_core_instance",
                    "depends_on": [
                        "data.template_file.bootstrap"
                    ],
                    "primary": {
                        "id": "ocid1.instance.oc1.iad.abuwcljsayqpvv5uoohrp6wj24jisjcaabf567pdxsxttidrdzq5v4z5k4sa",
                        "attributes": {
                            "availability_domain": "pNsu:US-ASHBURN-AD-1",
                            "boot_volume_id": "ocid1.bootvolume.oc1.iad.abuwcljs5omosuu2smtsgu6rhbacpdw6d65rsn6yxiaykfoiul7lttnxrspq",
                            "compartment_id": "ocid1.compartment.oc1..aaaaaaaavw46jg2q6xawn7fxuexuog7n7iqtlbch3aywiyynfhmh6zfbyp7a",
                            "create_vnic_details.#": "1",
                            "create_vnic_details.0.assign_public_ip": "false",
                            "create_vnic_details.0.defined_tags.%": "0",
                            "create_vnic_details.0.display_name": "ebsdemoappash12",
                            "create_vnic_details.0.freeform_tags.%": "0",
                            "create_vnic_details.0.hostname_label": "ebsdemoappash12",
                            "create_vnic_details.0.private_ip": "172.16.8.5",
                            "create_vnic_details.0.skip_source_dest_check": "false",
                            "create_vnic_details.0.subnet_id": "ocid1.subnet.oc1.iad.aaaaaaaaivo444mni36efbdis4iy6ec6v4yhgzcxpczgaznet3bghr7idmnq",
                            "defined_tags.%": "0",
                            "display_name": "ebsdemoappash12",
                            "fault_domain": "FAULT-DOMAIN-2",
                            "freeform_tags.%": "0",
                            "hostname_label": "ebsdemoappash12",
                            "id": "ocid1.instance.oc1.iad.abuwcljsayqpvv5uoohrp6wj24jisjcaabf567pdxsxttidrdzq5v4z5k4sa",
                            "image": "ocid1.image.oc1.iad.aaaaaaaa4bfsnhv2cd766tiw5oraw2as7g27upxzvu7ynqwipnqfcfwqskla",
                            "launch_mode": "NATIVE",
                            "launch_options.#": "1",
                            "launch_options.0.boot_volume_type": "PARAVIRTUALIZED",
                            "launch_options.0.firmware": "UEFI_64",
                            "launch_options.0.network_type": "VFIO",
                            "launch_options.0.remote_data_volume_type": "PARAVIRTUALIZED",
                            "metadata.%": "2",
                            "metadata.ssh_authorized_keys": "ssh-rsa AAAAB3NzaC1yc2EAAAADAQABAAABAQDIsDcgsR4ZrbvO5VfGHAYCfF/vK0IUOUDgL0BNXB+U8UZeaHXvkC3Zx+9e09Sa38fAvwAO7UThSX1EmEKo4TrMkw8wZImHARuviiQH+qGGKvAdtM8bUGELJd80GABlE9hD+VobaCufQ4IldkQh5bFIott61H07wV4k12aSYD4m/6KBjAqmMNYB+g/A8I0NzN7hUggKR0hyfinwTiTQjM2tDOAFpLAuz+ZvmUiAgxGU82GKRy86tWJ0cpeMa91VAcHjtrbJCCw4PHLbpfhbP34WI1KSenRqzVapBqzcaDtOGCqQHAqSTYkzb5SqL8QLWRPTXfrq/TbqbtsnNbYU1/Wf talemos@TALEMOS-BR",
                            "metadata.user_data": "I2Nsb3VkLWNvbmZpZw0KdGltZXpvbmU6ICJBbWVyaWNhL05ld19Zb3JrIg0KDQpwYWNrYWdlczoNCiAgLSByc3luYw0KICAtIG5mcy11dGlscw0KICAtIG50cA0KICAtIG9yYWNsZS1lYnMtc2VydmVyLVIxMi1wcmVpbnN0YWxsDQoNCnJ1bmNtZDoNCiAgLSBzdWRvIG1rZGlyIC1wIC91MDEvaW5zdGFsbC9BUFBTLw0KICAtIHN1ZG8gbW91bnQgLXQgbmZzIC1vIHJ3LGJnLGhhcmQsdGltZW89NjAwLG5mc3ZlcnM9Myx0Y3AgMTcyLjE2LjguMzovZWJzZGVtb2Zzc2FzaDEgL3UwMS9pbnN0YWxsL0FQUFMvDQogIC0gc3VkbyBjaG93biBvcmFjbGU6b2luc3RhbGwgL3UwMS9pbnN0YWxsL0FQUFMvDQogIC0gZWNobyAxNzIuMTYuOC4zOi9lYnNkZW1vZnNzYXNoMSAvdTAxL2luc3RhbGwvQVBQUy8gbmZzIHJ3LGJnLGhhcmQsdGltZW89NjAwLG5mc3ZlcnM9MyAwIDAgPj4gL2V0Yy9mc3RhYg0KICAjIFJ1biBmaXJld2FsbCBjb21tYW5kIHRvIGVuYWJsZSB0byBvcGVuIHBvcnRzDQogIC0gZmlyZXdhbGwtb2ZmbGluZS1jbWQgLS1wb3J0PTgwMDA6dGNwDQogIC0gL2Jpbi9zeXN0ZW1jdGwgcmVzdGFydCBmaXJld2FsbGQNCg==",
                            "private_ip": "172.16.8.5",
                            "public_ip": "",
                            "region": "iad",
                            "shape": "VM.Standard2.2",
                            "source_details.#": "1",
                            "source_details.0.boot_volume_size_in_gbs": "100",
                            "source_details.0.source_id": "ocid1.image.oc1.iad.aaaaaaaa4bfsnhv2cd766tiw5oraw2as7g27upxzvu7ynqwipnqfcfwqskla",
                            "source_details.0.source_type": "image",
                            "state": "RUNNING",
                            "subnet_id": "ocid1.subnet.oc1.iad.aaaaaaaaivo444mni36efbdis4iy6ec6v4yhgzcxpczgaznet3bghr7idmnq",
                            "time_created": "2019-05-23 20:58:15.286 +0000 UTC"
                        },
                        "meta": {
                            "e2bfb730-ecaa-11e6-8f88-34363bc7c4c0": {
                                "create": 1200000000000,
                                "delete": 7200000000000,
                                "update": 7200000000000
                            }
                        },
                        "tainted": false
                    },
                    "deposed": [],
                    "provider": "provider.oci"
                },
                "oci_file_storage_export.fss_exp": {
                    "type": "oci_file_storage_export",
                    "depends_on": [
                        "oci_file_storage_file_system.fss",
                        "oci_file_storage_file_system.fss.*",
                        "oci_file_storage_mount_target.fss_mt",
                        "oci_file_storage_mount_target.fss_mt.*"
                    ],
                    "primary": {
                        "id": "ocid1.export.oc1.iad.aaaaaby27ve27mkxnfqwillqojxwiotjmfsc2ylefuzaaaaa",
                        "attributes": {
                            "export_options.#": "1",
                            "export_options.0.access": "READ_WRITE",
                            "export_options.0.anonymous_gid": "65534",
                            "export_options.0.anonymous_uid": "65534",
                            "export_options.0.identity_squash": "NONE",
                            "export_options.0.require_privileged_source_port": "false",
                            "export_options.0.source": "0.0.0.0/0",
                            "export_set_id": "ocid1.exportset.oc1.iad.aaaaaa4np2sosl6mnfqwillqojxwiotjmfsc2ylefuzaaaaa",
                            "file_system_id": "ocid1.filesystem.oc1.iad.aaaaaaaaaaaamovlnfqwillqojxwiotjmfsc2ylefuzaaaaa",
                            "id": "ocid1.export.oc1.iad.aaaaaby27ve27mkxnfqwillqojxwiotjmfsc2ylefuzaaaaa",
                            "path": "/ebsdemofssash1",
                            "state": "ACTIVE",
                            "time_created": "2019-05-23 20:58:14.124 +0000 UTC"
                        },
                        "meta": {
                            "e2bfb730-ecaa-11e6-8f88-34363bc7c4c0": {
                                "create": 900000000000,
                                "delete": 900000000000,
                                "update": 900000000000
                            }
                        },
                        "tainted": false
                    },
                    "deposed": [],
                    "provider": "provider.oci"
                },
                "oci_file_storage_export_set.fss_expset": {
                    "type": "oci_file_storage_export_set",
                    "depends_on": [
                        "oci_file_storage_file_system.fss",
                        "oci_file_storage_mount_target.fss_mt",
                        "oci_file_storage_mount_target.fss_mt.*"
                    ],
                    "primary": {
                        "id": "ocid1.exportset.oc1.iad.aaaaaa4np2sosl6mnfqwillqojxwiotjmfsc2ylefuzaaaaa",
                        "attributes": {
                            "availability_domain": "pNsu:US-ASHBURN-AD-1",
                            "compartment_id": "ocid1.compartment.oc1..aaaaaaaavw46jg2q6xawn7fxuexuog7n7iqtlbch3aywiyynfhmh6zfbyp7a",
                            "display_name": "ebsdemofssash1_mt - export set",
                            "id": "ocid1.exportset.oc1.iad.aaaaaa4np2sosl6mnfqwillqojxwiotjmfsc2ylefuzaaaaa",
                            "max_fs_stat_bytes": "536870912000",
                            "max_fs_stat_files": "9223372036854775807",
                            "mount_target_id": "ocid1.mounttarget.oc1.iad.aaaaaa4np2sosl6nnfqwillqojxwiotjmfsc2ylefuzaaaaa",
                            "state": "ACTIVE",
                            "time_created": "2019-05-23 20:58:04.447 +0000 UTC",
                            "vcn_id": "ocid1.vcn.oc1.iad.aaaaaaaaizo3mlaboiek475cttnx23ci6vlcgxtfhogfenm7dmcaik6xxwha"
                        },
                        "meta": {
                            "e2bfb730-ecaa-11e6-8f88-34363bc7c4c0": {
                                "create": 900000000000,
                                "delete": 900000000000,
                                "update": 900000000000
                            }
                        },
                        "tainted": false
                    },
                    "deposed": [],
                    "provider": "provider.oci"
                },
                "oci_file_storage_file_system.fss": {
                    "type": "oci_file_storage_file_system",
                    "depends_on": [],
                    "primary": {
                        "id": "ocid1.filesystem.oc1.iad.aaaaaaaaaaaamovlnfqwillqojxwiotjmfsc2ylefuzaaaaa",
                        "attributes": {
                            "availability_domain": "pNsu:US-ASHBURN-AD-1",
                            "compartment_id": "ocid1.compartment.oc1..aaaaaaaavw46jg2q6xawn7fxuexuog7n7iqtlbch3aywiyynfhmh6zfbyp7a",
                            "display_name": "ebsdemofssash1",
                            "id": "ocid1.filesystem.oc1.iad.aaaaaaaaaaaamovlnfqwillqojxwiotjmfsc2ylefuzaaaaa",
                            "metered_bytes": "0",
                            "state": "ACTIVE",
                            "time_created": "2019-05-23 20:57:57.696 +0000 UTC"
                        },
                        "meta": {
                            "e2bfb730-ecaa-11e6-8f88-34363bc7c4c0": {
                                "create": 900000000000,
                                "delete": 900000000000,
                                "update": 900000000000
                            }
                        },
                        "tainted": false
                    },
                    "deposed": [],
                    "provider": "provider.oci"
                },
                "oci_file_storage_mount_target.fss_mt": {
                    "type": "oci_file_storage_mount_target",
                    "depends_on": [
                        "oci_file_storage_file_system.fss"
                    ],
                    "primary": {
                        "id": "ocid1.mounttarget.oc1.iad.aaaaaa4np2sosl6nnfqwillqojxwiotjmfsc2ylefuzaaaaa",
                        "attributes": {
                            "availability_domain": "pNsu:US-ASHBURN-AD-1",
                            "compartment_id": "ocid1.compartment.oc1..aaaaaaaavw46jg2q6xawn7fxuexuog7n7iqtlbch3aywiyynfhmh6zfbyp7a",
                            "display_name": "ebsdemofssash1_mt",
                            "export_set_id": "ocid1.exportset.oc1.iad.aaaaaa4np2sosl6mnfqwillqojxwiotjmfsc2ylefuzaaaaa",
                            "hostname_label": "ebsdemofssash1",
                            "id": "ocid1.mounttarget.oc1.iad.aaaaaa4np2sosl6nnfqwillqojxwiotjmfsc2ylefuzaaaaa",
                            "lifecycle_details": "",
                            "private_ip_ids.#": "1",
                            "private_ip_ids.0": "ocid1.privateip.oc1.iad.abuwcljszugw2yziywejnhkoav6s3zynine2o7zf744rwmiybocdajpdd2rq",
                            "state": "ACTIVE",
                            "subnet_id": "ocid1.subnet.oc1.iad.aaaaaaaaivo444mni36efbdis4iy6ec6v4yhgzcxpczgaznet3bghr7idmnq",
                            "time_created": "2019-05-23 20:58:04.447 +0000 UTC"
                        },
                        "meta": {
                            "e2bfb730-ecaa-11e6-8f88-34363bc7c4c0": {
                                "create": 900000000000,
                                "delete": 900000000000,
                                "update": 900000000000
                            }
                        },
                        "tainted": false
                    },
                    "deposed": [],
                    "provider": "provider.oci"
                },
                "random_integer.rand": {
                    "type": "random_integer",
                    "depends_on": [],
                    "primary": {
                        "id": "9032754200",
                        "attributes": {
                            "id": "9032754200",
                            "max": "9999999999",
                            "min": "1000000000",
                            "result": "9032754200"
                        },
                        "meta": {},
                        "tainted": false
                    },
                    "deposed": [],
                    "provider": "provider.random"
                }
            },
            "depends_on": []
        },
        {
            "path": [
                "root",
                "create_bastion"
            ],
            "outputs": {
                "Bastion_Public_IPs": {
                    "sensitive": false,
                    "type": "list",
                    "value": [
                        "129.213.152.149"
                    ]
                }
            },
            "resources": {
                "oci_core_instance.bastion": {
                    "type": "oci_core_instance",
                    "depends_on": [],
                    "primary": {
                        "id": "ocid1.instance.oc1.iad.abuwcljs56yt6yqfy5gvgw2r77ndw7eu65do2a27rfql574sxal3oio42nna",
                        "attributes": {
                            "availability_domain": "pNsu:US-ASHBURN-AD-1",
                            "boot_volume_id": "ocid1.bootvolume.oc1.iad.abuwcljshqs7cpv4xz66mqmmxkk5rzc7twngaxv4lienlb577574lrkacjha",
                            "compartment_id": "ocid1.compartment.oc1..aaaaaaaavw46jg2q6xawn7fxuexuog7n7iqtlbch3aywiyynfhmh6zfbyp7a",
                            "create_vnic_details.#": "1",
                            "create_vnic_details.0.assign_public_ip": "true",
                            "create_vnic_details.0.defined_tags.%": "0",
                            "create_vnic_details.0.display_name": "ebsdemobasash11",
                            "create_vnic_details.0.freeform_tags.%": "0",
                            "create_vnic_details.0.hostname_label": "ebsdemobasash11",
                            "create_vnic_details.0.private_ip": "172.16.0.2",
                            "create_vnic_details.0.skip_source_dest_check": "false",
                            "create_vnic_details.0.subnet_id": "ocid1.subnet.oc1.iad.aaaaaaaasd7klxkjxwr34wcgz4aump2p65qz7amjqy3migbx6kd7y6652bja",
                            "defined_tags.%": "0",
                            "display_name": "ebsdemobasash11",
                            "fault_domain": "FAULT-DOMAIN-3",
                            "freeform_tags.%": "0",
                            "hostname_label": "ebsdemobasash11",
                            "id": "ocid1.instance.oc1.iad.abuwcljs56yt6yqfy5gvgw2r77ndw7eu65do2a27rfql574sxal3oio42nna",
                            "image": "ocid1.image.oc1.iad.aaaaaaaa4bfsnhv2cd766tiw5oraw2as7g27upxzvu7ynqwipnqfcfwqskla",
                            "launch_mode": "NATIVE",
                            "launch_options.#": "1",
                            "launch_options.0.boot_volume_type": "PARAVIRTUALIZED",
                            "launch_options.0.firmware": "UEFI_64",
                            "launch_options.0.network_type": "VFIO",
                            "launch_options.0.remote_data_volume_type": "PARAVIRTUALIZED",
                            "metadata.%": "1",
                            "metadata.ssh_authorized_keys": "ssh-rsa AAAAB3NzaC1yc2EAAAADAQABAAABAQDIsDcgsR4ZrbvO5VfGHAYCfF/vK0IUOUDgL0BNXB+U8UZeaHXvkC3Zx+9e09Sa38fAvwAO7UThSX1EmEKo4TrMkw8wZImHARuviiQH+qGGKvAdtM8bUGELJd80GABlE9hD+VobaCufQ4IldkQh5bFIott61H07wV4k12aSYD4m/6KBjAqmMNYB+g/A8I0NzN7hUggKR0hyfinwTiTQjM2tDOAFpLAuz+ZvmUiAgxGU82GKRy86tWJ0cpeMa91VAcHjtrbJCCw4PHLbpfhbP34WI1KSenRqzVapBqzcaDtOGCqQHAqSTYkzb5SqL8QLWRPTXfrq/TbqbtsnNbYU1/Wf talemos@TALEMOS-BR",
                            "private_ip": "172.16.0.2",
                            "public_ip": "129.213.152.149",
                            "region": "iad",
                            "shape": "VM.Standard2.1",
                            "source_details.#": "1",
                            "source_details.0.boot_volume_size_in_gbs": "60",
                            "source_details.0.source_id": "ocid1.image.oc1.iad.aaaaaaaa4bfsnhv2cd766tiw5oraw2as7g27upxzvu7ynqwipnqfcfwqskla",
                            "source_details.0.source_type": "image",
                            "state": "RUNNING",
                            "subnet_id": "ocid1.subnet.oc1.iad.aaaaaaaasd7klxkjxwr34wcgz4aump2p65qz7amjqy3migbx6kd7y6652bja",
                            "time_created": "2019-05-23 20:58:00.818 +0000 UTC"
                        },
                        "meta": {
                            "e2bfb730-ecaa-11e6-8f88-34363bc7c4c0": {
                                "create": 7200000000000,
                                "delete": 7200000000000,
                                "update": 7200000000000
                            }
                        },
                        "tainted": false
                    },
                    "deposed": [],
                    "provider": "provider.oci"
                }
            },
            "depends_on": []
        },
        {
            "path": [
                "root",
                "create_db"
            ],
            "outputs": {},
            "resources": {
                "data.oci_database_db_system_shapes.db_system_shapes": {
                    "type": "oci_database_db_system_shapes",
                    "depends_on": [],
                    "primary": {
                        "id": "2019-05-23 20:57:53.8324512 +0000 UTC",
                        "attributes": {
                            "availability_domain": "pNsu:US-ASHBURN-AD-1",
                            "compartment_id": "ocid1.compartment.oc1..aaaaaaaavw46jg2q6xawn7fxuexuog7n7iqtlbch3aywiyynfhmh6zfbyp7a",
                            "db_system_shapes.#": "1",
                            "db_system_shapes.0.available_core_count": "1",
                            "db_system_shapes.0.core_count_increment": "0",
                            "db_system_shapes.0.maximum_node_count": "1",
                            "db_system_shapes.0.minimum_core_count": "1",
                            "db_system_shapes.0.minimum_node_count": "1",
                            "db_system_shapes.0.name": "VM.Standard2.1",
                            "db_system_shapes.0.shape": "VM.Standard2.1",
                            "filter.#": "1",
                            "filter.2224112190.name": "name",
                            "filter.2224112190.regex": "false",
                            "filter.2224112190.values.#": "1",
                            "filter.2224112190.values.0": "VM.Standard2.1",
                            "id": "2019-05-23 20:57:53.8324512 +0000 UTC"
                        },
                        "meta": {},
                        "tainted": false
                    },
                    "deposed": [],
                    "provider": "provider.oci"
                },
                "oci_database_db_system.database": {
                    "type": "oci_database_db_system",
                    "depends_on": [
                        "data.oci_database_db_system_shapes.db_system_shapes"
                    ],
                    "primary": {
                        "id": "ocid1.dbsystem.oc1.iad.abuwcljsudnxuvhr2uvkfcbnvenwkyqvxjbmooz6l3mawfaa4yywgxvyopjq",
                        "attributes": {
                            "availability_domain": "pNsu:US-ASHBURN-AD-1",
                            "compartment_id": "ocid1.compartment.oc1..aaaaaaaavw46jg2q6xawn7fxuexuog7n7iqtlbch3aywiyynfhmh6zfbyp7a",
                            "cpu_core_count": "1",
                            "data_storage_percentage": "80",
                            "data_storage_size_in_gb": "256",
                            "database_edition": "ENTERPRISE_EDITION_EXTREME_PERFORMANCE",
                            "db_home.#": "1",
                            "db_home.0.database.#": "1",
                            "db_home.0.database.0.admin_password": "QAed12_sd#1AS",
                            "db_home.0.database.0.backup_id": "",
                            "db_home.0.database.0.backup_tde_password": "",
                            "db_home.0.database.0.character_set": "AL32UTF8",
                            "db_home.0.database.0.db_backup_config.#": "0",
                            "db_home.0.database.0.db_name": "EBSCDB",
                            "db_home.0.database.0.db_workload": "OLTP",
                            "db_home.0.database.0.ncharacter_set": "AL16UTF16",
                            "db_home.0.database.0.pdb_name": "DUMMYPDB",
                            "db_home.0.db_version": "12.1.0.2",
                            "db_home.0.display_name": "EBSCDB",
                            "defined_tags.%": "0",
                            "disk_redundancy": "NORMAL",
                            "display_name": "ebsdemodbash11",
                            "domain": "dbsubad1.ebsvcn.oraclevcn.com",
                            "freeform_tags.%": "0",
                            "hostname": "ebsdemodbash11",
                            "id": "ocid1.dbsystem.oc1.iad.abuwcljsudnxuvhr2uvkfcbnvenwkyqvxjbmooz6l3mawfaa4yywgxvyopjq",
                            "license_model": "LICENSE_INCLUDED",
                            "listener_port": "1521",
                            "node_count": "1",
                            "reco_storage_size_in_gb": "256",
                            "scan_dns_record_id": "ocid1.vcndnsrecord.oc1.iad.abuwcljshyoywoc2yd2oiljldtdvulz6wooca22qwdonxrjsv7eq2hruqdcq",
                            "scan_ip_ids.#": "0",
                            "shape": "VM.Standard2.1",
                            "ssh_public_keys.#": "1",
                            "ssh_public_keys.0": "ssh-rsa AAAAB3NzaC1yc2EAAAADAQABAAABAQDIsDcgsR4ZrbvO5VfGHAYCfF/vK0IUOUDgL0BNXB+U8UZeaHXvkC3Zx+9e09Sa38fAvwAO7UThSX1EmEKo4TrMkw8wZImHARuviiQH+qGGKvAdtM8bUGELJd80GABlE9hD+VobaCufQ4IldkQh5bFIott61H07wV4k12aSYD4m/6KBjAqmMNYB+g/A8I0NzN7hUggKR0hyfinwTiTQjM2tDOAFpLAuz+ZvmUiAgxGU82GKRy86tWJ0cpeMa91VAcHjtrbJCCw4PHLbpfhbP34WI1KSenRqzVapBqzcaDtOGCqQHAqSTYkzb5SqL8QLWRPTXfrq/TbqbtsnNbYU1/Wf talemos@TALEMOS-BR",
                            "state": "PROVISIONING",
                            "subnet_id": "ocid1.subnet.oc1.iad.aaaaaaaatatexnjj3bntivzugw6bhf5stbuajns53vofwi46k2mh75hub2ta",
                            "time_created": "2019-05-23 20:58:04.957 +0000 UTC",
                            "vip_ids.#": "0"
                        },
                        "meta": {
                            "e2bfb730-ecaa-11e6-8f88-34363bc7c4c0": {
                                "create": 0,
                                "delete": 7200000000000,
                                "update": 7200000000000
                            }
                        },
                        "tainted": false
                    },
                    "deposed": [],
                    "provider": "provider.oci"
                }
            },
            "depends_on": []
        },
        {
            "path": [
                "root",
                "create_lb"
            ],
            "outputs": {},
            "resources": {
                "oci_load_balancer.lb": {
                    "type": "oci_load_balancer",
                    "depends_on": [],
                    "primary": {
                        "id": "ocid1.loadbalancer.oc1.iad.aaaaaaaa2t6qojxekmsjxdgde2aosymgukicul4ou4h42zkob2yvg2qqu2da",
                        "attributes": {
                            "compartment_id": "ocid1.compartment.oc1..aaaaaaaavw46jg2q6xawn7fxuexuog7n7iqtlbch3aywiyynfhmh6zfbyp7a",
                            "defined_tags.%": "0",
                            "display_name": "ebsdemolbash11",
                            "freeform_tags.%": "0",
                            "id": "ocid1.loadbalancer.oc1.iad.aaaaaaaa2t6qojxekmsjxdgde2aosymgukicul4ou4h42zkob2yvg2qqu2da",
                            "ip_addresses.#": "1",
                            "ip_addresses.0": "172.16.4.4",
                            "is_private": "true",
                            "shape": "100Mbps",
                            "state": "ACTIVE",
                            "subnet_ids.#": "1",
                            "subnet_ids.0": "ocid1.subnet.oc1.iad.aaaaaaaael656a2n3hb337bdd5ccsel55c6i5m5ue3mo4dkzx2ygc37sohia",
                            "time_created": "2019-05-23 20:58:03.587 +0000 UTC"
                        },
                        "meta": {},
                        "tainted": false
                    },
                    "deposed": [],
                    "provider": "provider.oci"
                },
                "oci_load_balancer_backend.lb-bset-be.0": {
                    "type": "oci_load_balancer_backend",
                    "depends_on": [
                        "oci_load_balancer.lb",
                        "oci_load_balancer.lb.*",
                        "oci_load_balancer_backend_set.lb-bset",
                        "oci_load_balancer_backend_set.lb-bset.*"
                    ],
                    "primary": {
                        "id": "loadBalancers/ocid1.loadbalancer.oc1.iad.aaaaaaaa2t6qojxekmsjxdgde2aosymgukicul4ou4h42zkob2yvg2qqu2da/backendSets/ebsdemolbash1-bes1/backends/172.16.8.4:8000",
                        "attributes": {
                            "backendset_name": "ebsdemolbash1-bes1",
                            "backup": "false",
                            "drain": "false",
                            "id": "loadBalancers/ocid1.loadbalancer.oc1.iad.aaaaaaaa2t6qojxekmsjxdgde2aosymgukicul4ou4h42zkob2yvg2qqu2da/backendSets/ebsdemolbash1-bes1/backends/172.16.8.4:8000",
                            "ip_address": "172.16.8.4",
                            "load_balancer_id": "ocid1.loadbalancer.oc1.iad.aaaaaaaa2t6qojxekmsjxdgde2aosymgukicul4ou4h42zkob2yvg2qqu2da",
                            "name": "172.16.8.4:8000",
                            "offline": "false",
                            "port": "8000",
                            "state": "SUCCEEDED",
                            "weight": "1"
                        },
                        "meta": {
                            "e2bfb730-ecaa-11e6-8f88-34363bc7c4c0": {
                                "create": 900000000000,
                                "delete": 900000000000,
                                "update": 900000000000
                            }
                        },
                        "tainted": false
                    },
                    "deposed": [],
                    "provider": "provider.oci"
                },
                "oci_load_balancer_backend.lb-bset-be.1": {
                    "type": "oci_load_balancer_backend",
                    "depends_on": [
                        "oci_load_balancer.lb",
                        "oci_load_balancer.lb.*",
                        "oci_load_balancer_backend_set.lb-bset",
                        "oci_load_balancer_backend_set.lb-bset.*"
                    ],
                    "primary": {
                        "id": "loadBalancers/ocid1.loadbalancer.oc1.iad.aaaaaaaa2t6qojxekmsjxdgde2aosymgukicul4ou4h42zkob2yvg2qqu2da/backendSets/ebsdemolbash1-bes1/backends/172.16.8.5:8000",
                        "attributes": {
                            "backendset_name": "ebsdemolbash1-bes1",
                            "backup": "false",
                            "drain": "false",
                            "id": "loadBalancers/ocid1.loadbalancer.oc1.iad.aaaaaaaa2t6qojxekmsjxdgde2aosymgukicul4ou4h42zkob2yvg2qqu2da/backendSets/ebsdemolbash1-bes1/backends/172.16.8.5:8000",
                            "ip_address": "172.16.8.5",
                            "load_balancer_id": "ocid1.loadbalancer.oc1.iad.aaaaaaaa2t6qojxekmsjxdgde2aosymgukicul4ou4h42zkob2yvg2qqu2da",
                            "name": "172.16.8.5:8000",
                            "offline": "false",
                            "port": "8000",
                            "state": "SUCCEEDED",
                            "weight": "1"
                        },
                        "meta": {
                            "e2bfb730-ecaa-11e6-8f88-34363bc7c4c0": {
                                "create": 900000000000,
                                "delete": 900000000000,
                                "update": 900000000000
                            }
                        },
                        "tainted": false
                    },
                    "deposed": [],
                    "provider": "provider.oci"
                },
                "oci_load_balancer_backend_set.lb-bset": {
                    "type": "oci_load_balancer_backend_set",
                    "depends_on": [
                        "oci_load_balancer.lb",
                        "oci_load_balancer.lb.*"
                    ],
                    "primary": {
                        "id": "loadBalancers/ocid1.loadbalancer.oc1.iad.aaaaaaaa2t6qojxekmsjxdgde2aosymgukicul4ou4h42zkob2yvg2qqu2da/backendSets/ebsdemolbash1-bes1",
                        "attributes": {
                            "backend.#": "0",
                            "health_checker.#": "1",
                            "health_checker.0.interval_ms": "30000",
                            "health_checker.0.port": "8000",
                            "health_checker.0.protocol": "HTTP",
                            "health_checker.0.response_body_regex": ".*",
                            "health_checker.0.retries": "3",
                            "health_checker.0.return_code": "200",
                            "health_checker.0.timeout_in_millis": "3000",
                            "health_checker.0.url_path": "/",
                            "id": "loadBalancers/ocid1.loadbalancer.oc1.iad.aaaaaaaa2t6qojxekmsjxdgde2aosymgukicul4ou4h42zkob2yvg2qqu2da/backendSets/ebsdemolbash1-bes1",
                            "load_balancer_id": "ocid1.loadbalancer.oc1.iad.aaaaaaaa2t6qojxekmsjxdgde2aosymgukicul4ou4h42zkob2yvg2qqu2da",
                            "name": "ebsdemolbash1-bes1",
                            "policy": "ROUND_ROBIN",
                            "session_persistence_configuration.#": "1",
                            "session_persistence_configuration.0.cookie_name": "lb-sessprs",
                            "session_persistence_configuration.0.disable_fallback": "true",
                            "ssl_configuration.#": "0",
                            "state": "SUCCEEDED"
                        },
                        "meta": {
                            "e2bfb730-ecaa-11e6-8f88-34363bc7c4c0": {
                                "create": 900000000000,
                                "delete": 900000000000,
                                "update": 900000000000
                            }
                        },
                        "tainted": false
                    },
                    "deposed": [],
                    "provider": "provider.oci"
                },
                "oci_load_balancer_hostname.hostname": {
                    "type": "oci_load_balancer_hostname",
                    "depends_on": [
                        "oci_load_balancer.lb",
                        "oci_load_balancer.lb.*"
                    ],
                    "primary": {
                        "id": "loadBalancers/ocid1.loadbalancer.oc1.iad.aaaaaaaa2t6qojxekmsjxdgde2aosymgukicul4ou4h42zkob2yvg2qqu2da/hostnames/hostname1",
                        "attributes": {
                            "hostname": "ebs.example.com",
                            "id": "loadBalancers/ocid1.loadbalancer.oc1.iad.aaaaaaaa2t6qojxekmsjxdgde2aosymgukicul4ou4h42zkob2yvg2qqu2da/hostnames/hostname1",
                            "load_balancer_id": "ocid1.loadbalancer.oc1.iad.aaaaaaaa2t6qojxekmsjxdgde2aosymgukicul4ou4h42zkob2yvg2qqu2da",
                            "name": "hostname1",
                            "state": "SUCCEEDED"
                        },
                        "meta": {
                            "e2bfb730-ecaa-11e6-8f88-34363bc7c4c0": {
                                "create": 900000000000,
                                "delete": 900000000000,
                                "update": 900000000000
                            }
                        },
                        "tainted": false
                    },
                    "deposed": [],
                    "provider": "provider.oci"
                },
                "oci_load_balancer_listener.lb-listener": {
                    "type": "oci_load_balancer_listener",
                    "depends_on": [
                        "oci_load_balancer.lb",
                        "oci_load_balancer.lb.*",
                        "oci_load_balancer_backend_set.lb-bset",
                        "oci_load_balancer_backend_set.lb-bset.*",
                        "oci_load_balancer_hostname.hostname",
                        "oci_load_balancer_hostname.hostname.*"
                    ],
                    "primary": {
                        "id": "loadBalancers/ocid1.loadbalancer.oc1.iad.aaaaaaaa2t6qojxekmsjxdgde2aosymgukicul4ou4h42zkob2yvg2qqu2da/listeners/ebsdemolbash1-lsnr1",
                        "attributes": {
                            "connection_configuration.#": "1",
                            "connection_configuration.0.idle_timeout_in_seconds": "2",
                            "default_backend_set_name": "ebsdemolbash1-bes1",
                            "hostname_names.#": "1",
                            "hostname_names.0": "hostname1",
                            "id": "loadBalancers/ocid1.loadbalancer.oc1.iad.aaaaaaaa2t6qojxekmsjxdgde2aosymgukicul4ou4h42zkob2yvg2qqu2da/listeners/ebsdemolbash1-lsnr1",
                            "load_balancer_id": "ocid1.loadbalancer.oc1.iad.aaaaaaaa2t6qojxekmsjxdgde2aosymgukicul4ou4h42zkob2yvg2qqu2da",
                            "name": "ebsdemolbash1-lsnr1",
                            "port": "8888",
                            "protocol": "HTTP",
                            "ssl_configuration.#": "0",
                            "state": "SUCCEEDED"
                        },
                        "meta": {
                            "e2bfb730-ecaa-11e6-8f88-34363bc7c4c0": {
                                "create": 900000000000,
                                "delete": 900000000000,
                                "update": 900000000000
                            }
                        },
                        "tainted": false
                    },
                    "deposed": [],
                    "provider": "provider.oci"
                }
            },
            "depends_on": []
        },
        {
            "path": [
                "root",
                "create_vcn"
            ],
            "outputs": {
                "default_dhcp_id": {
                    "sensitive": false,
                    "type": "string",
                    "value": "ocid1.dhcpoptions.oc1.iad.aaaaaaaa7y5febhzia5agnpddfaxgjvfnrvbey3l56jba4g6eoz232fzvwdq"
                },
                "igw_id": {
                    "sensitive": false,
                    "type": "string",
                    "value": "ocid1.internetgateway.oc1.iad.aaaaaaaatjj5uq7xetibx3xoqr2nn6zi3ag63b6xolgu7tggfipu4kmmlvya"
                },
                "natgtw_id": {
                    "sensitive": false,
                    "type": "string",
                    "value": "ocid1.natgateway.oc1.iad.aaaaaaaap6eqr4zfm5kcjfwpvwhqvbr4rx2ubdzsao56pomsfc73fmpdltga"
                },
                "svcgtw_id": {
                    "sensitive": false,
                    "type": "string",
                    "value": "ocid1.servicegateway.oc1.iad.aaaaaaaaunihchvgcujnjsogpahjs6ndrii4cn4qwgufyapzaxz4ka53ipvq"
                },
                "vcnid": {
                    "sensitive": false,
                    "type": "string",
                    "value": "ocid1.vcn.oc1.iad.aaaaaaaaizo3mlaboiek475cttnx23ci6vlcgxtfhogfenm7dmcaik6xxwha"
                }
            },
            "resources": {
                "data.oci_core_services.svcgtw_services": {
                    "type": "oci_core_services",
                    "depends_on": [],
                    "primary": {
                        "id": "2019-05-23 20:57:53.1712122 +0000 UTC",
                        "attributes": {
                            "filter.#": "1",
                            "filter.2841581091.name": "name",
                            "filter.2841581091.regex": "true",
                            "filter.2841581091.values.#": "1",
                            "filter.2841581091.values.0": ".*Object.*Storage",
                            "id": "2019-05-23 20:57:53.1712122 +0000 UTC",
                            "services.#": "1",
                            "services.0.cidr_block": "oci-iad-objectstorage",
                            "services.0.description": "OCI IAD Object Storage",
                            "services.0.id": "ocid1.service.oc1.iad.aaaaaaaa74z6sqsezqf6znyomdp5jkvfwb4j2ol33abgosvnhxcqphyl3eaq",
                            "services.0.name": "OCI IAD Object Storage"
                        },
                        "meta": {},
                        "tainted": false
                    },
                    "deposed": [],
                    "provider": "provider.oci"
                },
                "oci_core_drg.drg": {
                    "type": "oci_core_drg",
                    "depends_on": [],
                    "primary": {
                        "id": "ocid1.drg.oc1.iad.aaaaaaaah37tdq4qqgd5o7tagtv26v6ncsza4o5adbu7rvn67ncsxl7qpdjq",
                        "attributes": {
                            "compartment_id": "ocid1.compartment.oc1..aaaaaaaavw46jg2q6xawn7fxuexuog7n7iqtlbch3aywiyynfhmh6zfbyp7a",
                            "defined_tags.%": "0",
                            "display_name": "ebsvcndrg",
                            "freeform_tags.%": "0",
                            "id": "ocid1.drg.oc1.iad.aaaaaaaah37tdq4qqgd5o7tagtv26v6ncsza4o5adbu7rvn67ncsxl7qpdjq",
                            "state": "AVAILABLE",
                            "time_created": "2019-05-23 20:57:57.28 +0000 UTC"
                        },
                        "meta": {
                            "e2bfb730-ecaa-11e6-8f88-34363bc7c4c0": {
                                "create": 900000000000,
                                "delete": 900000000000,
                                "update": 900000000000
                            }
                        },
                        "tainted": false
                    },
                    "deposed": [],
                    "provider": "provider.oci"
                },
                "oci_core_drg_attachment.drg_attachment": {
                    "type": "oci_core_drg_attachment",
                    "depends_on": [
                        "oci_core_drg.drg",
                        "oci_core_virtual_network.vcn"
                    ],
                    "primary": {
                        "id": "ocid1.drgattachment.oc1.iad.aaaaaaaaik6nodojzjn5tlsvjox73ud5qrcbl5kajsdd37ijrvnxmttuudaa",
                        "attributes": {
                            "compartment_id": "ocid1.compartment.oc1..aaaaaaaavw46jg2q6xawn7fxuexuog7n7iqtlbch3aywiyynfhmh6zfbyp7a",
                            "display_name": "ebsvcndrgattchmt",
                            "drg_id": "ocid1.drg.oc1.iad.aaaaaaaah37tdq4qqgd5o7tagtv26v6ncsza4o5adbu7rvn67ncsxl7qpdjq",
                            "id": "ocid1.drgattachment.oc1.iad.aaaaaaaaik6nodojzjn5tlsvjox73ud5qrcbl5kajsdd37ijrvnxmttuudaa",
                            "state": "ATTACHED",
                            "time_created": "2019-05-23 20:58:11.722 +0000 UTC",
                            "vcn_id": "ocid1.vcn.oc1.iad.aaaaaaaaizo3mlaboiek475cttnx23ci6vlcgxtfhogfenm7dmcaik6xxwha"
                        },
                        "meta": {
                            "e2bfb730-ecaa-11e6-8f88-34363bc7c4c0": {
                                "create": 900000000000,
                                "delete": 900000000000,
                                "update": 900000000000
                            }
                        },
                        "tainted": false
                    },
                    "deposed": [],
                    "provider": "provider.oci"
                },
                "oci_core_internet_gateway.igw": {
                    "type": "oci_core_internet_gateway",
                    "depends_on": [
                        "oci_core_virtual_network.vcn"
                    ],
                    "primary": {
                        "id": "ocid1.internetgateway.oc1.iad.aaaaaaaatjj5uq7xetibx3xoqr2nn6zi3ag63b6xolgu7tggfipu4kmmlvya",
                        "attributes": {
                            "compartment_id": "ocid1.compartment.oc1..aaaaaaaavw46jg2q6xawn7fxuexuog7n7iqtlbch3aywiyynfhmh6zfbyp7a",
                            "defined_tags.%": "0",
                            "display_name": "ebsvcnigw",
                            "enabled": "true",
                            "freeform_tags.%": "0",
                            "id": "ocid1.internetgateway.oc1.iad.aaaaaaaatjj5uq7xetibx3xoqr2nn6zi3ag63b6xolgu7tggfipu4kmmlvya",
                            "state": "AVAILABLE",
                            "time_created": "2019-05-23 20:57:57.852 +0000 UTC",
                            "vcn_id": "ocid1.vcn.oc1.iad.aaaaaaaaizo3mlaboiek475cttnx23ci6vlcgxtfhogfenm7dmcaik6xxwha"
                        },
                        "meta": {
                            "e2bfb730-ecaa-11e6-8f88-34363bc7c4c0": {
                                "create": 900000000000,
                                "delete": 900000000000,
                                "update": 900000000000
                            }
                        },
                        "tainted": false
                    },
                    "deposed": [],
                    "provider": "provider.oci"
                },
                "oci_core_nat_gateway.natgtw": {
                    "type": "oci_core_nat_gateway",
                    "depends_on": [
                        "oci_core_virtual_network.vcn"
                    ],
                    "primary": {
                        "id": "ocid1.natgateway.oc1.iad.aaaaaaaap6eqr4zfm5kcjfwpvwhqvbr4rx2ubdzsao56pomsfc73fmpdltga",
                        "attributes": {
                            "block_traffic": "false",
                            "compartment_id": "ocid1.compartment.oc1..aaaaaaaavw46jg2q6xawn7fxuexuog7n7iqtlbch3aywiyynfhmh6zfbyp7a",
                            "defined_tags.%": "0",
                            "display_name": "ebsvcnnatgtw",
                            "freeform_tags.%": "0",
                            "id": "ocid1.natgateway.oc1.iad.aaaaaaaap6eqr4zfm5kcjfwpvwhqvbr4rx2ubdzsao56pomsfc73fmpdltga",
                            "nat_ip": "129.213.78.231",
                            "state": "AVAILABLE",
                            "time_created": "2019-05-23 20:57:58.437 +0000 UTC",
                            "vcn_id": "ocid1.vcn.oc1.iad.aaaaaaaaizo3mlaboiek475cttnx23ci6vlcgxtfhogfenm7dmcaik6xxwha"
                        },
                        "meta": {
                            "e2bfb730-ecaa-11e6-8f88-34363bc7c4c0": {
                                "create": 900000000000,
                                "delete": 900000000000,
                                "update": 900000000000
                            }
                        },
                        "tainted": false
                    },
                    "deposed": [],
                    "provider": "provider.oci"
                },
                "oci_core_service_gateway.svcgtw": {
                    "type": "oci_core_service_gateway",
                    "depends_on": [
                        "data.oci_core_services.svcgtw_services",
                        "oci_core_virtual_network.vcn"
                    ],
                    "primary": {
                        "id": "ocid1.servicegateway.oc1.iad.aaaaaaaaunihchvgcujnjsogpahjs6ndrii4cn4qwgufyapzaxz4ka53ipvq",
                        "attributes": {
                            "block_traffic": "false",
                            "compartment_id": "ocid1.compartment.oc1..aaaaaaaavw46jg2q6xawn7fxuexuog7n7iqtlbch3aywiyynfhmh6zfbyp7a",
                            "defined_tags.%": "0",
                            "display_name": "ebsvcnsvcgtw",
                            "freeform_tags.%": "0",
                            "id": "ocid1.servicegateway.oc1.iad.aaaaaaaaunihchvgcujnjsogpahjs6ndrii4cn4qwgufyapzaxz4ka53ipvq",
                            "services.#": "1",
                            "services.2114898299.service_id": "ocid1.service.oc1.iad.aaaaaaaa74z6sqsezqf6znyomdp5jkvfwb4j2ol33abgosvnhxcqphyl3eaq",
                            "services.2114898299.service_name": "OCI IAD Object Storage",
                            "state": "AVAILABLE",
                            "time_created": "2019-05-23 20:57:57.95 +0000 UTC",
                            "vcn_id": "ocid1.vcn.oc1.iad.aaaaaaaaizo3mlaboiek475cttnx23ci6vlcgxtfhogfenm7dmcaik6xxwha"
                        },
                        "meta": {
                            "e2bfb730-ecaa-11e6-8f88-34363bc7c4c0": {
                                "create": 900000000000,
                                "delete": 900000000000,
                                "update": 900000000000
                            }
                        },
                        "tainted": false
                    },
                    "deposed": [],
                    "provider": "provider.oci"
                },
                "oci_core_virtual_network.vcn": {
                    "type": "oci_core_virtual_network",
                    "depends_on": [],
                    "primary": {
                        "id": "ocid1.vcn.oc1.iad.aaaaaaaaizo3mlaboiek475cttnx23ci6vlcgxtfhogfenm7dmcaik6xxwha",
                        "attributes": {
                            "cidr_block": "172.16.0.0/16",
                            "compartment_id": "ocid1.compartment.oc1..aaaaaaaavw46jg2q6xawn7fxuexuog7n7iqtlbch3aywiyynfhmh6zfbyp7a",
                            "default_dhcp_options_id": "ocid1.dhcpoptions.oc1.iad.aaaaaaaa7y5febhzia5agnpddfaxgjvfnrvbey3l56jba4g6eoz232fzvwdq",
                            "default_route_table_id": "ocid1.routetable.oc1.iad.aaaaaaaajnphuagnll2k65ic5rz67crbpij2klvvoah5pwfg6u2hq43xu7da",
                            "default_security_list_id": "ocid1.securitylist.oc1.iad.aaaaaaaa3ribdvddl62zcx3cxeje7gv4wvk5utsyiegx5gbho4oujomvhjkq",
                            "defined_tags.%": "0",
                            "display_name": "ebsvcn",
                            "dns_label": "ebsvcn",
                            "freeform_tags.%": "0",
                            "id": "ocid1.vcn.oc1.iad.aaaaaaaaizo3mlaboiek475cttnx23ci6vlcgxtfhogfenm7dmcaik6xxwha",
                            "state": "AVAILABLE",
                            "time_created": "2019-05-23 20:57:57.311 +0000 UTC",
                            "vcn_domain_name": "ebsvcn.oraclevcn.com"
                        },
                        "meta": {
                            "e2bfb730-ecaa-11e6-8f88-34363bc7c4c0": {
                                "create": 900000000000,
                                "delete": 900000000000,
                                "update": 900000000000
                            }
                        },
                        "tainted": false
                    },
                    "deposed": [],
                    "provider": "provider.oci"
                }
            },
            "depends_on": []
        },
        {
            "path": [
                "root",
                "db_subnet"
            ],
            "outputs": {
                "cidr_block": {
                    "sensitive": false,
                    "type": "list",
                    "value": [
                        "172.16.12.0/24"
                    ]
                },
                "subnetid": {
                    "sensitive": false,
                    "type": "list",
                    "value": [
                        "ocid1.subnet.oc1.iad.aaaaaaaatatexnjj3bntivzugw6bhf5stbuajns53vofwi46k2mh75hub2ta"
                    ]
                }
            },
            "resources": {
                "oci_core_subnet.subnet": {
                    "type": "oci_core_subnet",
                    "depends_on": [],
                    "primary": {
                        "id": "ocid1.subnet.oc1.iad.aaaaaaaatatexnjj3bntivzugw6bhf5stbuajns53vofwi46k2mh75hub2ta",
                        "attributes": {
                            "availability_domain": "pNsu:US-ASHBURN-AD-1",
                            "cidr_block": "172.16.12.0/24",
                            "compartment_id": "ocid1.compartment.oc1..aaaaaaaavw46jg2q6xawn7fxuexuog7n7iqtlbch3aywiyynfhmh6zfbyp7a",
                            "defined_tags.%": "0",
                            "dhcp_options_id": "ocid1.dhcpoptions.oc1.iad.aaaaaaaa7y5febhzia5agnpddfaxgjvfnrvbey3l56jba4g6eoz232fzvwdq",
                            "display_name": "dbsubad1",
                            "dns_label": "dbsubad1",
                            "freeform_tags.%": "0",
                            "id": "ocid1.subnet.oc1.iad.aaaaaaaatatexnjj3bntivzugw6bhf5stbuajns53vofwi46k2mh75hub2ta",
                            "prohibit_public_ip_on_vnic": "true",
                            "route_table_id": "ocid1.routetable.oc1.iad.aaaaaaaatm4ofl4gjity3v3mmv5kbuwfys3tl44bhwiws2ctyvv5gib7rulq",
                            "security_list_ids.#": "1",
                            "security_list_ids.1537634258": "ocid1.securitylist.oc1.iad.aaaaaaaappz7flcf4zjvkmf5qkjogearcoqhhaqlivucpsnqxeznrjrvwz4a",
                            "state": "AVAILABLE",
                            "subnet_domain_name": "dbsubad1.ebsvcn.oraclevcn.com",
                            "time_created": "2019-05-23 20:58:03.257 +0000 UTC",
                            "vcn_id": "ocid1.vcn.oc1.iad.aaaaaaaaizo3mlaboiek475cttnx23ci6vlcgxtfhogfenm7dmcaik6xxwha",
                            "virtual_router_ip": "172.16.12.1",
                            "virtual_router_mac": "00:00:17:FB:43:49"
                        },
                        "meta": {
                            "e2bfb730-ecaa-11e6-8f88-34363bc7c4c0": {
                                "create": 900000000000,
                                "delete": 900000000000,
                                "update": 900000000000
                            }
                        },
                        "tainted": false
                    },
                    "deposed": [],
                    "provider": "provider.oci"
                }
            },
            "depends_on": []
        },
        {
            "path": [
                "root",
                "lb_subnet"
            ],
            "outputs": {
                "cidr_block": {
                    "sensitive": false,
                    "type": "list",
                    "value": [
                        "172.16.4.0/24"
                    ]
                },
                "subnetid": {
                    "sensitive": false,
                    "type": "list",
                    "value": [
                        "ocid1.subnet.oc1.iad.aaaaaaaael656a2n3hb337bdd5ccsel55c6i5m5ue3mo4dkzx2ygc37sohia"
                    ]
                }
            },
            "resources": {
                "oci_core_subnet.subnet": {
                    "type": "oci_core_subnet",
                    "depends_on": [],
                    "primary": {
                        "id": "ocid1.subnet.oc1.iad.aaaaaaaael656a2n3hb337bdd5ccsel55c6i5m5ue3mo4dkzx2ygc37sohia",
                        "attributes": {
                            "availability_domain": "pNsu:US-ASHBURN-AD-1",
                            "cidr_block": "172.16.4.0/24",
                            "compartment_id": "ocid1.compartment.oc1..aaaaaaaavw46jg2q6xawn7fxuexuog7n7iqtlbch3aywiyynfhmh6zfbyp7a",
                            "defined_tags.%": "0",
                            "dhcp_options_id": "ocid1.dhcpoptions.oc1.iad.aaaaaaaa7y5febhzia5agnpddfaxgjvfnrvbey3l56jba4g6eoz232fzvwdq",
                            "display_name": "lbsubad1",
                            "dns_label": "lbsubad1",
                            "freeform_tags.%": "0",
                            "id": "ocid1.subnet.oc1.iad.aaaaaaaael656a2n3hb337bdd5ccsel55c6i5m5ue3mo4dkzx2ygc37sohia",
                            "prohibit_public_ip_on_vnic": "true",
                            "route_table_id": "ocid1.routetable.oc1.iad.aaaaaaaatm4ofl4gjity3v3mmv5kbuwfys3tl44bhwiws2ctyvv5gib7rulq",
                            "security_list_ids.#": "1",
                            "security_list_ids.273023114": "ocid1.securitylist.oc1.iad.aaaaaaaaotveu4fmixzdyaqbys6gzpvkwb722kczdayfgi32gzudvp67uhdq",
                            "state": "AVAILABLE",
                            "subnet_domain_name": "lbsubad1.ebsvcn.oraclevcn.com",
                            "time_created": "2019-05-23 20:58:02.882 +0000 UTC",
                            "vcn_id": "ocid1.vcn.oc1.iad.aaaaaaaaizo3mlaboiek475cttnx23ci6vlcgxtfhogfenm7dmcaik6xxwha",
                            "virtual_router_ip": "172.16.4.1",
                            "virtual_router_mac": "00:00:17:FB:43:49"
                        },
                        "meta": {
                            "e2bfb730-ecaa-11e6-8f88-34363bc7c4c0": {
                                "create": 900000000000,
                                "delete": 900000000000,
                                "update": 900000000000
                            }
                        },
                        "tainted": false
                    },
                    "deposed": [],
                    "provider": "provider.oci"
                }
            },
            "depends_on": []
        }
    ]
}
