{
    "version": 3,
    "terraform_version": "0.11.11",
    "serial": 2,
    "lineage": "3c550207-0a26-ccf8-fd20-f096e0e1f501",
    "modules": [
        {
            "path": [
                "root"
            ],
            "outputs": {},
            "resources": {
                "data.oci_core_images.InstanceImageOCID": {
                    "type": "oci_core_images",
                    "depends_on": [],
                    "primary": {
                        "id": "2019-06-11 12:20:54.5341726 +0000 UTC",
                        "attributes": {
                            "compartment_id": "ocid1.tenancy.oc1..aaaaaaaawoup473jm2scqcs6x2q2hmypzgqkew6rs3ygc2hgwszbxgjx2fxq",
                            "filter.#": "1",
                            "filter.2575874011.name": "display_name",
                            "filter.2575874011.regex": "true",
                            "filter.2575874011.values.#": "1",
                            "filter.2575874011.values.0": "^.*Oracle[^G]*$",
                            "id": "2019-06-11 12:20:54.5341726 +0000 UTC",
                            "images.#": "4",
                            "images.0.agent_features.#": "0",
                            "images.0.base_image_id": "",
                            "images.0.compartment_id": "",
                            "images.0.create_image_allowed": "true",
                            "images.0.defined_tags.%": "0",
                            "images.0.display_name": "Oracle-Linux-7.6-2019.05.28-0",
                            "images.0.freeform_tags.%": "0",
                            "images.0.id": "ocid1.image.oc1.iad.aaaaaaaaj6pcmnh6y3hdi3ibyxhhflvp3mj2qad4nspojrnxc6pzgn2w3k5q",
                            "images.0.image_source_details.#": "0",
                            "images.0.instance_id": "",
                            "images.0.launch_mode": "NATIVE",
                            "images.0.launch_options.#": "1",
                            "images.0.launch_options.0.boot_volume_type": "PARAVIRTUALIZED",
                            "images.0.launch_options.0.firmware": "UEFI_64",
                            "images.0.launch_options.0.is_consistent_volume_naming_enabled": "true",
                            "images.0.launch_options.0.is_pv_encryption_in_transit_enabled": "true",
                            "images.0.launch_options.0.network_type": "PARAVIRTUALIZED",
                            "images.0.launch_options.0.remote_data_volume_type": "PARAVIRTUALIZED",
                            "images.0.operating_system": "Oracle Linux",
                            "images.0.operating_system_version": "7.6",
                            "images.0.size_in_mbs": "47694",
                            "images.0.state": "AVAILABLE",
                            "images.0.time_created": "2019-05-29 13:47:24.533 +0000 UTC",
                            "images.1.agent_features.#": "0",
                            "images.1.base_image_id": "",
                            "images.1.compartment_id": "",
                            "images.1.create_image_allowed": "true",
                            "images.1.defined_tags.%": "0",
                            "images.1.display_name": "Oracle-Linux-7.6-2019.05.14-0",
                            "images.1.freeform_tags.%": "0",
                            "images.1.id": "ocid1.image.oc1.iad.aaaaaaaa4bfsnhv2cd766tiw5oraw2as7g27upxzvu7ynqwipnqfcfwqskla",
                            "images.1.image_source_details.#": "0",
                            "images.1.instance_id": "",
                            "images.1.launch_mode": "NATIVE",
                            "images.1.launch_options.#": "1",
                            "images.1.launch_options.0.boot_volume_type": "PARAVIRTUALIZED",
                            "images.1.launch_options.0.firmware": "UEFI_64",
                            "images.1.launch_options.0.is_consistent_volume_naming_enabled": "true",
                            "images.1.launch_options.0.is_pv_encryption_in_transit_enabled": "true",
                            "images.1.launch_options.0.network_type": "PARAVIRTUALIZED",
                            "images.1.launch_options.0.remote_data_volume_type": "PARAVIRTUALIZED",
                            "images.1.operating_system": "Oracle Linux",
                            "images.1.operating_system_version": "7.6",
                            "images.1.size_in_mbs": "47694",
                            "images.1.state": "AVAILABLE",
                            "images.1.time_created": "2019-05-11 02:03:40.921 +0000 UTC",
                            "images.2.agent_features.#": "0",
                            "images.2.base_image_id": "",
                            "images.2.compartment_id": "",
                            "images.2.create_image_allowed": "true",
                            "images.2.defined_tags.%": "0",
                            "images.2.display_name": "Oracle-Linux-7.6-2019.04.18-0",
                            "images.2.freeform_tags.%": "0",
                            "images.2.id": "ocid1.image.oc1.iad.aaaaaaaajnvrzitemn2k5gfkfq2hwfs4bid577u2jbrzla42wxo2qc77gwxa",
                            "images.2.image_source_details.#": "0",
                            "images.2.instance_id": "",
                            "images.2.launch_mode": "NATIVE",
                            "images.2.launch_options.#": "1",
                            "images.2.launch_options.0.boot_volume_type": "PARAVIRTUALIZED",
                            "images.2.launch_options.0.firmware": "UEFI_64",
                            "images.2.launch_options.0.is_consistent_volume_naming_enabled": "true",
                            "images.2.launch_options.0.is_pv_encryption_in_transit_enabled": "true",
                            "images.2.launch_options.0.network_type": "PARAVIRTUALIZED",
                            "images.2.launch_options.0.remote_data_volume_type": "PARAVIRTUALIZED",
                            "images.2.operating_system": "Oracle Linux",
                            "images.2.operating_system_version": "7.6",
                            "images.2.size_in_mbs": "47694",
                            "images.2.state": "AVAILABLE",
                            "images.2.time_created": "2019-04-22 19:59:46.359 +0000 UTC",
                            "images.3.agent_features.#": "0",
                            "images.3.base_image_id": "",
                            "images.3.compartment_id": "",
                            "images.3.create_image_allowed": "true",
                            "images.3.defined_tags.%": "0",
                            "images.3.display_name": "Oracle-Linux-7.6-2019.03.22-1",
                            "images.3.freeform_tags.%": "0",
                            "images.3.id": "ocid1.image.oc1.iad.aaaaaaaavxqdkuyamlnrdo3q7qa7q3tsd6vnyrxjy3nmdbpv7fs7um53zh5q",
                            "images.3.image_source_details.#": "0",
                            "images.3.instance_id": "",
                            "images.3.launch_mode": "NATIVE",
                            "images.3.launch_options.#": "1",
                            "images.3.launch_options.0.boot_volume_type": "PARAVIRTUALIZED",
                            "images.3.launch_options.0.firmware": "UEFI_64",
                            "images.3.launch_options.0.is_consistent_volume_naming_enabled": "true",
                            "images.3.launch_options.0.is_pv_encryption_in_transit_enabled": "true",
                            "images.3.launch_options.0.network_type": "PARAVIRTUALIZED",
                            "images.3.launch_options.0.remote_data_volume_type": "PARAVIRTUALIZED",
                            "images.3.operating_system": "Oracle Linux",
                            "images.3.operating_system_version": "7.6",
                            "images.3.size_in_mbs": "47694",
                            "images.3.state": "AVAILABLE",
                            "images.3.time_created": "2019-04-04 21:13:02.377 +0000 UTC",
                            "operating_system": "Oracle Linux",
                            "operating_system_version": "7.6"
                        },
                        "meta": {},
                        "tainted": false
                    },
                    "deposed": [],
                    "provider": "provider.oci"
                },
                "data.oci_core_services.object_storage": {
                    "type": "oci_core_services",
                    "depends_on": [],
                    "primary": {
                        "id": "2019-06-11 12:20:54.5980035 +0000 UTC",
                        "attributes": {
                            "filter.#": "1",
                            "filter.2841581091.name": "name",
                            "filter.2841581091.regex": "true",
                            "filter.2841581091.values.#": "1",
                            "filter.2841581091.values.0": ".*Object.*Storage",
                            "id": "2019-06-11 12:20:54.5980035 +0000 UTC",
                            "services.#": "1",
                            "services.0.cidr_block": "oci-iad-objectstorage",
                            "services.0.description": "OCI IAD Object Storage",
                            "services.0.id": "ocid1.service.oc1.iad.aaaaaaaa74z6sqsezqf6znyomdp5jkvfwb4j2ol33abgosvnhxcqphyl3eaq",
                            "services.0.name": "OCI IAD Object Storage"
                        },
                        "meta": {},
                        "tainted": false
                    },
                    "deposed": [],
                    "provider": "provider.oci"
                },
                "data.oci_core_services.servicegateway_services": {
                    "type": "oci_core_services",
                    "depends_on": [],
                    "primary": {
                        "id": "2019-06-11 12:20:54.7057229 +0000 UTC",
                        "attributes": {
                            "filter.#": "1",
                            "filter.2841581091.name": "name",
                            "filter.2841581091.regex": "true",
                            "filter.2841581091.values.#": "1",
                            "filter.2841581091.values.0": ".*Object.*Storage",
                            "id": "2019-06-11 12:20:54.7057229 +0000 UTC",
                            "services.#": "1",
                            "services.0.cidr_block": "oci-iad-objectstorage",
                            "services.0.description": "OCI IAD Object Storage",
                            "services.0.id": "ocid1.service.oc1.iad.aaaaaaaa74z6sqsezqf6znyomdp5jkvfwb4j2ol33abgosvnhxcqphyl3eaq",
                            "services.0.name": "OCI IAD Object Storage"
                        },
                        "meta": {},
                        "tainted": false
                    },
                    "deposed": [],
                    "provider": "provider.oci"
                },
                "data.oci_identity_availability_domains.ADs": {
                    "type": "oci_identity_availability_domains",
                    "depends_on": [],
                    "primary": {
                        "id": "2019-06-11 12:20:54.4922845 +0000 UTC",
                        "attributes": {
                            "availability_domains.#": "3",
                            "availability_domains.0.compartment_id": "ocid1.tenancy.oc1..aaaaaaaawoup473jm2scqcs6x2q2hmypzgqkew6rs3ygc2hgwszbxgjx2fxq",
                            "availability_domains.0.id": "ocid1.availabilitydomain.oc1..aaaaaaaaztunlny6ae4yw2vghp5go2zceaonwp6wiioe3tnh2vlaxjjl2n3a",
                            "availability_domains.0.name": "pNsu:US-ASHBURN-AD-1",
                            "availability_domains.1.compartment_id": "ocid1.tenancy.oc1..aaaaaaaawoup473jm2scqcs6x2q2hmypzgqkew6rs3ygc2hgwszbxgjx2fxq",
                            "availability_domains.1.id": "ocid1.availabilitydomain.oc1..aaaaaaaatrwxaogr7dl4yschqtrmqrdv6uzis3mgbnomiagqrfhcb7mxsfdq",
                            "availability_domains.1.name": "pNsu:US-ASHBURN-AD-2",
                            "availability_domains.2.compartment_id": "ocid1.tenancy.oc1..aaaaaaaawoup473jm2scqcs6x2q2hmypzgqkew6rs3ygc2hgwszbxgjx2fxq",
                            "availability_domains.2.id": "ocid1.availabilitydomain.oc1..aaaaaaaauvt2n7pijol7uqgdnnsoojcukrijtmcltvfwxazmitk235wyohta",
                            "availability_domains.2.name": "pNsu:US-ASHBURN-AD-3",
                            "compartment_id": "ocid1.tenancy.oc1..aaaaaaaawoup473jm2scqcs6x2q2hmypzgqkew6rs3ygc2hgwszbxgjx2fxq",
                            "id": "2019-06-11 12:20:54.4922845 +0000 UTC"
                        },
                        "meta": {},
                        "tainted": false
                    },
                    "deposed": [],
                    "provider": "provider.oci"
                },
                "data.oci_identity_fault_domains.fds.0": {
                    "type": "oci_identity_fault_domains",
                    "depends_on": [
                        "data.template_file.deployment_ad.*"
                    ],
                    "primary": {
                        "id": "2019-06-11 12:20:54.8752644 +0000 UTC",
                        "attributes": {
                            "availability_domain": "pNsu:US-ASHBURN-AD-1",
                            "compartment_id": "ocid1.compartment.oc1..aaaaaaaavw46jg2q6xawn7fxuexuog7n7iqtlbch3aywiyynfhmh6zfbyp7a",
                            "fault_domains.#": "3",
                            "fault_domains.0.availability_domain": "pNsu:US-ASHBURN-AD-1",
                            "fault_domains.0.compartment_id": "ocid1.compartment.oc1..aaaaaaaavw46jg2q6xawn7fxuexuog7n7iqtlbch3aywiyynfhmh6zfbyp7a",
                            "fault_domains.0.id": "ocid1.faultdomain.oc1..aaaaaaaadckrk4cwlk5gwobyaefqkr6i74xwieqx7p5ww77jbvdxg7hrhwha",
                            "fault_domains.0.name": "FAULT-DOMAIN-1",
                            "fault_domains.1.availability_domain": "pNsu:US-ASHBURN-AD-1",
                            "fault_domains.1.compartment_id": "ocid1.compartment.oc1..aaaaaaaavw46jg2q6xawn7fxuexuog7n7iqtlbch3aywiyynfhmh6zfbyp7a",
                            "fault_domains.1.id": "ocid1.faultdomain.oc1..aaaaaaaaqf2tvrulzb7ii3rxe7jkbgvph2ydvyq54akybpt2hayjtc3s4t6a",
                            "fault_domains.1.name": "FAULT-DOMAIN-2",
                            "fault_domains.2.availability_domain": "pNsu:US-ASHBURN-AD-1",
                            "fault_domains.2.compartment_id": "ocid1.compartment.oc1..aaaaaaaavw46jg2q6xawn7fxuexuog7n7iqtlbch3aywiyynfhmh6zfbyp7a",
                            "fault_domains.2.id": "ocid1.faultdomain.oc1..aaaaaaaanzhfgivqrgogu2fakbz3vjcknu4xpw45yryxpgpovfm77e4dnw3a",
                            "fault_domains.2.name": "FAULT-DOMAIN-3",
                            "id": "2019-06-11 12:20:54.8752644 +0000 UTC"
                        },
                        "meta": {},
                        "tainted": false
                    },
                    "deposed": [],
                    "provider": "provider.oci"
                },
                "data.oci_identity_fault_domains.fds.1": {
                    "type": "oci_identity_fault_domains",
                    "depends_on": [
                        "data.template_file.deployment_ad.*"
                    ],
                    "primary": {
                        "id": "2019-06-11 12:20:54.6897629 +0000 UTC",
                        "attributes": {
                            "availability_domain": "pNsu:US-ASHBURN-AD-2",
                            "compartment_id": "ocid1.compartment.oc1..aaaaaaaavw46jg2q6xawn7fxuexuog7n7iqtlbch3aywiyynfhmh6zfbyp7a",
                            "fault_domains.#": "3",
                            "fault_domains.0.availability_domain": "pNsu:US-ASHBURN-AD-2",
                            "fault_domains.0.compartment_id": "ocid1.compartment.oc1..aaaaaaaavw46jg2q6xawn7fxuexuog7n7iqtlbch3aywiyynfhmh6zfbyp7a",
                            "fault_domains.0.id": "ocid1.faultdomain.oc1..aaaaaaaas353hxflqhph55cjgxhyjdzjbfrfaeonsyirrgqflgyfdlyw5ydq",
                            "fault_domains.0.name": "FAULT-DOMAIN-1",
                            "fault_domains.1.availability_domain": "pNsu:US-ASHBURN-AD-2",
                            "fault_domains.1.compartment_id": "ocid1.compartment.oc1..aaaaaaaavw46jg2q6xawn7fxuexuog7n7iqtlbch3aywiyynfhmh6zfbyp7a",
                            "fault_domains.1.id": "ocid1.faultdomain.oc1..aaaaaaaasd6ysbecx5b3c2djgw7rdwwp23ukysrz23up4cigvqzcgty3dn6q",
                            "fault_domains.1.name": "FAULT-DOMAIN-2",
                            "fault_domains.2.availability_domain": "pNsu:US-ASHBURN-AD-2",
                            "fault_domains.2.compartment_id": "ocid1.compartment.oc1..aaaaaaaavw46jg2q6xawn7fxuexuog7n7iqtlbch3aywiyynfhmh6zfbyp7a",
                            "fault_domains.2.id": "ocid1.faultdomain.oc1..aaaaaaaawfg5jr244hhqfrvhw6sjgdak2pqmzv7nxniqkqxfvukczxnd3iba",
                            "fault_domains.2.name": "FAULT-DOMAIN-3",
                            "id": "2019-06-11 12:20:54.6897629 +0000 UTC"
                        },
                        "meta": {},
                        "tainted": false
                    },
                    "deposed": [],
                    "provider": "provider.oci"
                },
                "data.template_file.deployment_ad.0": {
                    "type": "template_file",
                    "depends_on": [
                        "data.oci_identity_availability_domains.ADs"
                    ],
                    "primary": {
                        "id": "38e77d0c70c3a41136edbe0abac2bc7c83890f79a5b1c1bceb814018d268823b",
                        "attributes": {
                            "id": "38e77d0c70c3a41136edbe0abac2bc7c83890f79a5b1c1bceb814018d268823b",
                            "rendered": "pNsu:US-ASHBURN-AD-1",
                            "template": "pNsu:US-ASHBURN-AD-1"
                        },
                        "meta": {},
                        "tainted": false
                    },
                    "deposed": [],
                    "provider": "provider.template"
                },
                "data.template_file.deployment_ad.1": {
                    "type": "template_file",
                    "depends_on": [
                        "data.oci_identity_availability_domains.ADs"
                    ],
                    "primary": {
                        "id": "3de7e0402b557ca9889579113fbf8657405af0d0aebf966525dae412128ef63b",
                        "attributes": {
                            "id": "3de7e0402b557ca9889579113fbf8657405af0d0aebf966525dae412128ef63b",
                            "rendered": "pNsu:US-ASHBURN-AD-2",
                            "template": "pNsu:US-ASHBURN-AD-2"
                        },
                        "meta": {},
                        "tainted": false
                    },
                    "deposed": [],
                    "provider": "provider.template"
                },
                "data.template_file.deployment_fd.0": {
                    "type": "template_file",
                    "depends_on": [
                        "local.faultdomains_per_ad",
                        "local.fds"
                    ],
                    "primary": {
                        "id": "1189a5f9d583e0cc0dd3d092ab9960a6b84ef96426fc50b633826bcd01c2ffba",
                        "attributes": {
                            "id": "1189a5f9d583e0cc0dd3d092ab9960a6b84ef96426fc50b633826bcd01c2ffba",
                            "rendered": "FAULT-DOMAIN-1",
                            "template": "${name}",
                            "vars.%": "1",
                            "vars.name": "FAULT-DOMAIN-1"
                        },
                        "meta": {},
                        "tainted": false
                    },
                    "deposed": [],
                    "provider": "provider.template"
                },
                "data.template_file.deployment_fd.1": {
                    "type": "template_file",
                    "depends_on": [
                        "local.faultdomains_per_ad",
                        "local.fds"
                    ],
                    "primary": {
                        "id": "c4d100a1f0dd0089df39d852ec77ad2ac5f5e75be794d07eaf7d0eb7079e8fde",
                        "attributes": {
                            "id": "c4d100a1f0dd0089df39d852ec77ad2ac5f5e75be794d07eaf7d0eb7079e8fde",
                            "rendered": "FAULT-DOMAIN-2",
                            "template": "${name}",
                            "vars.%": "1",
                            "vars.name": "FAULT-DOMAIN-2"
                        },
                        "meta": {},
                        "tainted": false
                    },
                    "deposed": [],
                    "provider": "provider.template"
                },
                "data.template_file.deployment_fd.2": {
                    "type": "template_file",
                    "depends_on": [
                        "local.faultdomains_per_ad",
                        "local.fds"
                    ],
                    "primary": {
                        "id": "e804b02d82eadeab15b78a26dd7a7e13871339b3895ff9395f2596c50fdc03ef",
                        "attributes": {
                            "id": "e804b02d82eadeab15b78a26dd7a7e13871339b3895ff9395f2596c50fdc03ef",
                            "rendered": "FAULT-DOMAIN-3",
                            "template": "${name}",
                            "vars.%": "1",
                            "vars.name": "FAULT-DOMAIN-3"
                        },
                        "meta": {},
                        "tainted": false
                    },
                    "deposed": [],
                    "provider": "provider.template"
                },
                "data.template_file.deployment_fd.3": {
                    "type": "template_file",
                    "depends_on": [
                        "local.faultdomains_per_ad",
                        "local.fds"
                    ],
                    "primary": {
                        "id": "1189a5f9d583e0cc0dd3d092ab9960a6b84ef96426fc50b633826bcd01c2ffba",
                        "attributes": {
                            "id": "1189a5f9d583e0cc0dd3d092ab9960a6b84ef96426fc50b633826bcd01c2ffba",
                            "rendered": "FAULT-DOMAIN-1",
                            "template": "${name}",
                            "vars.%": "1",
                            "vars.name": "FAULT-DOMAIN-1"
                        },
                        "meta": {},
                        "tainted": false
                    },
                    "deposed": [],
                    "provider": "provider.template"
                },
                "data.template_file.deployment_fd.4": {
                    "type": "template_file",
                    "depends_on": [
                        "local.faultdomains_per_ad",
                        "local.fds"
                    ],
                    "primary": {
                        "id": "c4d100a1f0dd0089df39d852ec77ad2ac5f5e75be794d07eaf7d0eb7079e8fde",
                        "attributes": {
                            "id": "c4d100a1f0dd0089df39d852ec77ad2ac5f5e75be794d07eaf7d0eb7079e8fde",
                            "rendered": "FAULT-DOMAIN-2",
                            "template": "${name}",
                            "vars.%": "1",
                            "vars.name": "FAULT-DOMAIN-2"
                        },
                        "meta": {},
                        "tainted": false
                    },
                    "deposed": [],
                    "provider": "provider.template"
                },
                "data.template_file.deployment_fd.5": {
                    "type": "template_file",
                    "depends_on": [
                        "local.faultdomains_per_ad",
                        "local.fds"
                    ],
                    "primary": {
                        "id": "e804b02d82eadeab15b78a26dd7a7e13871339b3895ff9395f2596c50fdc03ef",
                        "attributes": {
                            "id": "e804b02d82eadeab15b78a26dd7a7e13871339b3895ff9395f2596c50fdc03ef",
                            "rendered": "FAULT-DOMAIN-3",
                            "template": "${name}",
                            "vars.%": "1",
                            "vars.name": "FAULT-DOMAIN-3"
                        },
                        "meta": {},
                        "tainted": false
                    },
                    "deposed": [],
                    "provider": "provider.template"
                },
                "oci_core_drg.drg": {
                    "type": "oci_core_drg",
                    "depends_on": [],
                    "primary": {
                        "id": "ocid1.drg.oc1.iad.aaaaaaaa7zfa2azdbswfvux7vsvi7oamcnz27twi2wziwp3nykypzzyxn73a",
                        "attributes": {
                            "compartment_id": "ocid1.compartment.oc1..aaaaaaaavw46jg2q6xawn7fxuexuog7n7iqtlbch3aywiyynfhmh6zfbyp7a",
                            "defined_tags.%": "0",
                            "display_name": "drg",
                            "freeform_tags.%": "0",
                            "id": "ocid1.drg.oc1.iad.aaaaaaaa7zfa2azdbswfvux7vsvi7oamcnz27twi2wziwp3nykypzzyxn73a",
                            "state": "AVAILABLE",
                            "time_created": "2019-06-11 12:20:59.615 +0000 UTC"
                        },
                        "meta": {
                            "e2bfb730-ecaa-11e6-8f88-34363bc7c4c0": {
                                "create": 900000000000,
                                "delete": 900000000000,
                                "update": 900000000000
                            }
                        },
                        "tainted": false
                    },
                    "deposed": [],
                    "provider": "provider.oci"
                },
                "oci_core_drg_attachment.drg_attachment": {
                    "type": "oci_core_drg_attachment",
                    "depends_on": [
                        "oci_core_drg.drg",
                        "oci_core_vcn.ebsvcn"
                    ],
                    "primary": {
                        "id": "ocid1.drgattachment.oc1.iad.aaaaaaaai6nvefgv4klzj367ejwxhazhcr5ukbkfe7onepcsxqmhxrrsegla",
                        "attributes": {
                            "compartment_id": "ocid1.compartment.oc1..aaaaaaaavw46jg2q6xawn7fxuexuog7n7iqtlbch3aywiyynfhmh6zfbyp7a",
                            "display_name": "drgatt",
                            "drg_id": "ocid1.drg.oc1.iad.aaaaaaaa7zfa2azdbswfvux7vsvi7oamcnz27twi2wziwp3nykypzzyxn73a",
                            "id": "ocid1.drgattachment.oc1.iad.aaaaaaaai6nvefgv4klzj367ejwxhazhcr5ukbkfe7onepcsxqmhxrrsegla",
                            "state": "ATTACHED",
                            "time_created": "2019-06-11 12:21:24.075 +0000 UTC",
                            "vcn_id": "ocid1.vcn.oc1.iad.aaaaaaaaqj6dryf3txpkbcuxpa5osmfrmuhc4lfpqy2h4gnxa5ootqxjjrpa"
                        },
                        "meta": {
                            "e2bfb730-ecaa-11e6-8f88-34363bc7c4c0": {
                                "create": 900000000000,
                                "delete": 900000000000,
                                "update": 900000000000
                            }
                        },
                        "tainted": false
                    },
                    "deposed": [],
                    "provider": "provider.oci"
                },
                "oci_core_internet_gateway.igateway": {
                    "type": "oci_core_internet_gateway",
                    "depends_on": [
                        "oci_core_vcn.ebsvcn"
                    ],
                    "primary": {
                        "id": "ocid1.internetgateway.oc1.iad.aaaaaaaaojtqbkm55cwgn2nyozocnm55jtjqrcmg2dnl3bfaf5pquvpgjh7a",
                        "attributes": {
                            "compartment_id": "ocid1.compartment.oc1..aaaaaaaavw46jg2q6xawn7fxuexuog7n7iqtlbch3aywiyynfhmh6zfbyp7a",
                            "defined_tags.%": "0",
                            "display_name": "igateway",
                            "enabled": "true",
                            "freeform_tags.%": "0",
                            "id": "ocid1.internetgateway.oc1.iad.aaaaaaaaojtqbkm55cwgn2nyozocnm55jtjqrcmg2dnl3bfaf5pquvpgjh7a",
                            "state": "AVAILABLE",
                            "time_created": "2019-06-11 12:21:00.481 +0000 UTC",
                            "vcn_id": "ocid1.vcn.oc1.iad.aaaaaaaaqj6dryf3txpkbcuxpa5osmfrmuhc4lfpqy2h4gnxa5ootqxjjrpa"
                        },
                        "meta": {
                            "e2bfb730-ecaa-11e6-8f88-34363bc7c4c0": {
                                "create": 900000000000,
                                "delete": 900000000000,
                                "update": 900000000000
                            }
                        },
                        "tainted": false
                    },
                    "deposed": [],
                    "provider": "provider.oci"
                },
                "oci_core_nat_gateway.natgateway": {
                    "type": "oci_core_nat_gateway",
                    "depends_on": [
                        "oci_core_vcn.ebsvcn"
                    ],
                    "primary": {
                        "id": "ocid1.natgateway.oc1.iad.aaaaaaaafb74omsff575rmgpnhqnbqu7fcuvdhgs4g5ixz4cehe3q7f4qeea",
                        "attributes": {
                            "block_traffic": "false",
                            "compartment_id": "ocid1.compartment.oc1..aaaaaaaavw46jg2q6xawn7fxuexuog7n7iqtlbch3aywiyynfhmh6zfbyp7a",
                            "defined_tags.%": "0",
                            "display_name": "natgateway",
                            "freeform_tags.%": "0",
                            "id": "ocid1.natgateway.oc1.iad.aaaaaaaafb74omsff575rmgpnhqnbqu7fcuvdhgs4g5ixz4cehe3q7f4qeea",
                            "nat_ip": "129.213.188.79",
                            "state": "AVAILABLE",
                            "time_created": "2019-06-11 12:21:01.604 +0000 UTC",
                            "vcn_id": "ocid1.vcn.oc1.iad.aaaaaaaaqj6dryf3txpkbcuxpa5osmfrmuhc4lfpqy2h4gnxa5ootqxjjrpa"
                        },
                        "meta": {
                            "e2bfb730-ecaa-11e6-8f88-34363bc7c4c0": {
                                "create": 900000000000,
                                "delete": 900000000000,
                                "update": 900000000000
                            }
                        },
                        "tainted": false
                    },
                    "deposed": [],
                    "provider": "provider.oci"
                },
                "oci_core_route_table.app_rt": {
                    "type": "oci_core_route_table",
                    "depends_on": [
                        "oci_core_nat_gateway.natgateway",
                        "oci_core_vcn.ebsvcn"
                    ],
                    "primary": {
                        "id": "ocid1.routetable.oc1.iad.aaaaaaaanpj562boa3dhj2nhsx7a4cdwty32wu53swukvjjfnc5ou6j4pdqq",
                        "attributes": {
                            "compartment_id": "ocid1.compartment.oc1..aaaaaaaavw46jg2q6xawn7fxuexuog7n7iqtlbch3aywiyynfhmh6zfbyp7a",
                            "defined_tags.%": "0",
                            "display_name": "ebsapproute",
                            "freeform_tags.%": "0",
                            "id": "ocid1.routetable.oc1.iad.aaaaaaaanpj562boa3dhj2nhsx7a4cdwty32wu53swukvjjfnc5ou6j4pdqq",
                            "route_rules.#": "1",
                            "route_rules.2596529175.cidr_block": "",
                            "route_rules.2596529175.destination": "0.0.0.0/0",
                            "route_rules.2596529175.destination_type": "CIDR_BLOCK",
                            "route_rules.2596529175.network_entity_id": "ocid1.natgateway.oc1.iad.aaaaaaaafb74omsff575rmgpnhqnbqu7fcuvdhgs4g5ixz4cehe3q7f4qeea",
                            "state": "AVAILABLE",
                            "time_created": "2019-06-11 12:21:02.861 +0000 UTC",
                            "vcn_id": "ocid1.vcn.oc1.iad.aaaaaaaaqj6dryf3txpkbcuxpa5osmfrmuhc4lfpqy2h4gnxa5ootqxjjrpa"
                        },
                        "meta": {
                            "e2bfb730-ecaa-11e6-8f88-34363bc7c4c0": {
                                "create": 900000000000,
                                "delete": 900000000000,
                                "update": 900000000000
                            }
                        },
                        "tainted": false
                    },
                    "deposed": [],
                    "provider": "provider.oci"
                },
                "oci_core_route_table.bastion_rt": {
                    "type": "oci_core_route_table",
                    "depends_on": [
                        "oci_core_internet_gateway.igateway",
                        "oci_core_vcn.ebsvcn"
                    ],
                    "primary": {
                        "id": "ocid1.routetable.oc1.iad.aaaaaaaakgmwomftzuezo2frgcser2kouyi7evt6bf464zalghr3fdox64nq",
                        "attributes": {
                            "compartment_id": "ocid1.compartment.oc1..aaaaaaaavw46jg2q6xawn7fxuexuog7n7iqtlbch3aywiyynfhmh6zfbyp7a",
                            "defined_tags.%": "0",
                            "display_name": "ebsbastionrt",
                            "freeform_tags.%": "0",
                            "id": "ocid1.routetable.oc1.iad.aaaaaaaakgmwomftzuezo2frgcser2kouyi7evt6bf464zalghr3fdox64nq",
                            "route_rules.#": "1",
                            "route_rules.1811986172.cidr_block": "",
                            "route_rules.1811986172.destination": "0.0.0.0/0",
                            "route_rules.1811986172.destination_type": "CIDR_BLOCK",
                            "route_rules.1811986172.network_entity_id": "ocid1.internetgateway.oc1.iad.aaaaaaaaojtqbkm55cwgn2nyozocnm55jtjqrcmg2dnl3bfaf5pquvpgjh7a",
                            "state": "AVAILABLE",
                            "time_created": "2019-06-11 12:21:01.605 +0000 UTC",
                            "vcn_id": "ocid1.vcn.oc1.iad.aaaaaaaaqj6dryf3txpkbcuxpa5osmfrmuhc4lfpqy2h4gnxa5ootqxjjrpa"
                        },
                        "meta": {
                            "e2bfb730-ecaa-11e6-8f88-34363bc7c4c0": {
                                "create": 900000000000,
                                "delete": 900000000000,
                                "update": 900000000000
                            }
                        },
                        "tainted": false
                    },
                    "deposed": [],
                    "provider": "provider.oci"
                },
                "oci_core_route_table.database_rt": {
                    "type": "oci_core_route_table",
                    "depends_on": [
                        "data.oci_core_services.object_storage",
                        "oci_core_nat_gateway.natgateway",
                        "oci_core_service_gateway.servicegateway",
                        "oci_core_vcn.ebsvcn"
                    ],
                    "primary": {
                        "id": "ocid1.routetable.oc1.iad.aaaaaaaaqcfgxouuf3zrclqqntjjhx2eyt6nuyeilusj7pyfjoe5cywozaiq",
                        "attributes": {
                            "compartment_id": "ocid1.compartment.oc1..aaaaaaaavw46jg2q6xawn7fxuexuog7n7iqtlbch3aywiyynfhmh6zfbyp7a",
                            "defined_tags.%": "0",
                            "display_name": "ebsdbroute",
                            "freeform_tags.%": "0",
                            "id": "ocid1.routetable.oc1.iad.aaaaaaaaqcfgxouuf3zrclqqntjjhx2eyt6nuyeilusj7pyfjoe5cywozaiq",
                            "route_rules.#": "2",
                            "route_rules.1252500153.cidr_block": "",
                            "route_rules.1252500153.destination": "oci-iad-objectstorage",
                            "route_rules.1252500153.destination_type": "SERVICE_CIDR_BLOCK",
                            "route_rules.1252500153.network_entity_id": "ocid1.servicegateway.oc1.iad.aaaaaaaalaq3bszbulxt54zwjigj7eykjhhtqpjuoasvyu62shkfzmjqo37q",
                            "route_rules.2596529175.cidr_block": "",
                            "route_rules.2596529175.destination": "0.0.0.0/0",
                            "route_rules.2596529175.destination_type": "CIDR_BLOCK",
                            "route_rules.2596529175.network_entity_id": "ocid1.natgateway.oc1.iad.aaaaaaaafb74omsff575rmgpnhqnbqu7fcuvdhgs4g5ixz4cehe3q7f4qeea",
                            "state": "AVAILABLE",
                            "time_created": "2019-06-11 12:21:05.379 +0000 UTC",
                            "vcn_id": "ocid1.vcn.oc1.iad.aaaaaaaaqj6dryf3txpkbcuxpa5osmfrmuhc4lfpqy2h4gnxa5ootqxjjrpa"
                        },
                        "meta": {
                            "e2bfb730-ecaa-11e6-8f88-34363bc7c4c0": {
                                "create": 900000000000,
                                "delete": 900000000000,
                                "update": 900000000000
                            }
                        },
                        "tainted": false
                    },
                    "deposed": [],
                    "provider": "provider.oci"
                },
                "oci_core_route_table.drg_rt": {
                    "type": "oci_core_route_table",
                    "depends_on": [
                        "oci_core_drg.drg",
                        "oci_core_vcn.ebsvcn"
                    ],
                    "primary": {
                        "id": "ocid1.routetable.oc1.iad.aaaaaaaaqgop2doxkfgg2lu6p62aspzjajukaazry37nmhv55enqqfcwg4na",
                        "attributes": {
                            "compartment_id": "ocid1.compartment.oc1..aaaaaaaavw46jg2q6xawn7fxuexuog7n7iqtlbch3aywiyynfhmh6zfbyp7a",
                            "defined_tags.%": "0",
                            "display_name": "drgroute",
                            "freeform_tags.%": "0",
                            "id": "ocid1.routetable.oc1.iad.aaaaaaaaqgop2doxkfgg2lu6p62aspzjajukaazry37nmhv55enqqfcwg4na",
                            "route_rules.#": "1",
                            "route_rules.2913508538.cidr_block": "",
                            "route_rules.2913508538.destination": "192.168.10.0/24",
                            "route_rules.2913508538.destination_type": "CIDR_BLOCK",
                            "route_rules.2913508538.network_entity_id": "ocid1.drg.oc1.iad.aaaaaaaa7zfa2azdbswfvux7vsvi7oamcnz27twi2wziwp3nykypzzyxn73a",
                            "state": "AVAILABLE",
                            "time_created": "2019-06-11 12:21:48.995 +0000 UTC",
                            "vcn_id": "ocid1.vcn.oc1.iad.aaaaaaaaqj6dryf3txpkbcuxpa5osmfrmuhc4lfpqy2h4gnxa5ootqxjjrpa"
                        },
                        "meta": {
                            "e2bfb730-ecaa-11e6-8f88-34363bc7c4c0": {
                                "create": 900000000000,
                                "delete": 900000000000,
                                "update": 900000000000
                            }
                        },
                        "tainted": false
                    },
                    "deposed": [],
                    "provider": "provider.oci"
                },
                "oci_core_route_table.fss_rt": {
                    "type": "oci_core_route_table",
                    "depends_on": [
                        "oci_core_nat_gateway.natgateway",
                        "oci_core_vcn.ebsvcn"
                    ],
                    "primary": {
                        "id": "ocid1.routetable.oc1.iad.aaaaaaaa7zwlv772ugfgcs3nnkzavmmztcbppobjfpk4fvsnsthqpvmblmcq",
                        "attributes": {
                            "compartment_id": "ocid1.compartment.oc1..aaaaaaaavw46jg2q6xawn7fxuexuog7n7iqtlbch3aywiyynfhmh6zfbyp7a",
                            "defined_tags.%": "0",
                            "display_name": "fssroute",
                            "freeform_tags.%": "0",
                            "id": "ocid1.routetable.oc1.iad.aaaaaaaa7zwlv772ugfgcs3nnkzavmmztcbppobjfpk4fvsnsthqpvmblmcq",
                            "route_rules.#": "1",
                            "route_rules.2596529175.cidr_block": "",
                            "route_rules.2596529175.destination": "0.0.0.0/0",
                            "route_rules.2596529175.destination_type": "CIDR_BLOCK",
                            "route_rules.2596529175.network_entity_id": "ocid1.natgateway.oc1.iad.aaaaaaaafb74omsff575rmgpnhqnbqu7fcuvdhgs4g5ixz4cehe3q7f4qeea",
                            "state": "AVAILABLE",
                            "time_created": "2019-06-11 12:21:03.002 +0000 UTC",
                            "vcn_id": "ocid1.vcn.oc1.iad.aaaaaaaaqj6dryf3txpkbcuxpa5osmfrmuhc4lfpqy2h4gnxa5ootqxjjrpa"
                        },
                        "meta": {
                            "e2bfb730-ecaa-11e6-8f88-34363bc7c4c0": {
                                "create": 900000000000,
                                "delete": 900000000000,
                                "update": 900000000000
                            }
                        },
                        "tainted": false
                    },
                    "deposed": [],
                    "provider": "provider.oci"
                },
                "oci_core_security_list.appseclist": {
                    "type": "oci_core_security_list",
                    "depends_on": [
                        "oci_core_vcn.ebsvcn"
                    ],
                    "primary": {
                        "id": "ocid1.securitylist.oc1.iad.aaaaaaaamvtdgdwe557y6jwtd52py342pluvibbrj5pkipqtksa7rpr7dueq",
                        "attributes": {
                            "compartment_id": "ocid1.compartment.oc1..aaaaaaaavw46jg2q6xawn7fxuexuog7n7iqtlbch3aywiyynfhmh6zfbyp7a",
                            "defined_tags.%": "0",
                            "display_name": "appseclist",
                            "egress_security_rules.#": "1",
                            "egress_security_rules.1420396200.destination": "0.0.0.0/0",
                            "egress_security_rules.1420396200.destination_type": "CIDR_BLOCK",
                            "egress_security_rules.1420396200.icmp_options.#": "0",
                            "egress_security_rules.1420396200.protocol": "6",
                            "egress_security_rules.1420396200.stateless": "false",
                            "egress_security_rules.1420396200.tcp_options.#": "0",
                            "egress_security_rules.1420396200.udp_options.#": "0",
                            "freeform_tags.%": "0",
                            "id": "ocid1.securitylist.oc1.iad.aaaaaaaamvtdgdwe557y6jwtd52py342pluvibbrj5pkipqtksa7rpr7dueq",
                            "ingress_security_rules.#": "7",
                            "ingress_security_rules.1233141554.icmp_options.#": "0",
                            "ingress_security_rules.1233141554.protocol": "6",
                            "ingress_security_rules.1233141554.source": "10.0.5.0/24",
                            "ingress_security_rules.1233141554.source_type": "CIDR_BLOCK",
                            "ingress_security_rules.1233141554.stateless": "false",
                            "ingress_security_rules.1233141554.tcp_options.#": "1",
                            "ingress_security_rules.1233141554.tcp_options.0.max": "8000",
                            "ingress_security_rules.1233141554.tcp_options.0.min": "8000",
                            "ingress_security_rules.1233141554.tcp_options.0.source_port_range.#": "0",
                            "ingress_security_rules.1233141554.udp_options.#": "0",
                            "ingress_security_rules.1872464941.icmp_options.#": "0",
                            "ingress_security_rules.1872464941.protocol": "6",
                            "ingress_security_rules.1872464941.source": "10.0.3.0/24",
                            "ingress_security_rules.1872464941.source_type": "CIDR_BLOCK",
                            "ingress_security_rules.1872464941.stateless": "false",
                            "ingress_security_rules.1872464941.tcp_options.#": "1",
                            "ingress_security_rules.1872464941.tcp_options.0.max": "7002",
                            "ingress_security_rules.1872464941.tcp_options.0.min": "7001",
                            "ingress_security_rules.1872464941.tcp_options.0.source_port_range.#": "0",
                            "ingress_security_rules.1872464941.udp_options.#": "0",
                            "ingress_security_rules.3172289142.icmp_options.#": "0",
                            "ingress_security_rules.3172289142.protocol": "6",
                            "ingress_security_rules.3172289142.source": "10.0.3.0/24",
                            "ingress_security_rules.3172289142.source_type": "CIDR_BLOCK",
                            "ingress_security_rules.3172289142.stateless": "false",
                            "ingress_security_rules.3172289142.tcp_options.#": "1",
                            "ingress_security_rules.3172289142.tcp_options.0.max": "7402",
                            "ingress_security_rules.3172289142.tcp_options.0.min": "7401",
                            "ingress_security_rules.3172289142.tcp_options.0.source_port_range.#": "0",
                            "ingress_security_rules.3172289142.udp_options.#": "0",
                            "ingress_security_rules.3386545031.icmp_options.#": "0",
                            "ingress_security_rules.3386545031.protocol": "6",
                            "ingress_security_rules.3386545031.source": "10.0.6.0/24",
                            "ingress_security_rules.3386545031.source_type": "CIDR_BLOCK",
                            "ingress_security_rules.3386545031.stateless": "false",
                            "ingress_security_rules.3386545031.tcp_options.#": "1",
                            "ingress_security_rules.3386545031.tcp_options.0.max": "8000",
                            "ingress_security_rules.3386545031.tcp_options.0.min": "8000",
                            "ingress_security_rules.3386545031.tcp_options.0.source_port_range.#": "0",
                            "ingress_security_rules.3386545031.udp_options.#": "0",
                            "ingress_security_rules.3949227040.icmp_options.#": "0",
                            "ingress_security_rules.3949227040.protocol": "6",
                            "ingress_security_rules.3949227040.source": "10.0.3.0/24",
                            "ingress_security_rules.3949227040.source_type": "CIDR_BLOCK",
                            "ingress_security_rules.3949227040.stateless": "false",
                            "ingress_security_rules.3949227040.tcp_options.#": "1",
                            "ingress_security_rules.3949227040.tcp_options.0.max": "7202",
                            "ingress_security_rules.3949227040.tcp_options.0.min": "7201",
                            "ingress_security_rules.3949227040.tcp_options.0.source_port_range.#": "0",
                            "ingress_security_rules.3949227040.udp_options.#": "0",
                            "ingress_security_rules.4132437046.icmp_options.#": "0",
                            "ingress_security_rules.4132437046.protocol": "6",
                            "ingress_security_rules.4132437046.source": "10.0.4.0/24",
                            "ingress_security_rules.4132437046.source_type": "CIDR_BLOCK",
                            "ingress_security_rules.4132437046.stateless": "false",
                            "ingress_security_rules.4132437046.tcp_options.#": "1",
                            "ingress_security_rules.4132437046.tcp_options.0.max": "22",
                            "ingress_security_rules.4132437046.tcp_options.0.min": "22",
                            "ingress_security_rules.4132437046.tcp_options.0.source_port_range.#": "0",
                            "ingress_security_rules.4132437046.udp_options.#": "0",
                            "ingress_security_rules.893434695.icmp_options.#": "0",
                            "ingress_security_rules.893434695.protocol": "6",
                            "ingress_security_rules.893434695.source": "10.0.3.0/24",
                            "ingress_security_rules.893434695.source_type": "CIDR_BLOCK",
                            "ingress_security_rules.893434695.stateless": "false",
                            "ingress_security_rules.893434695.tcp_options.#": "0",
                            "ingress_security_rules.893434695.udp_options.#": "0",
                            "state": "AVAILABLE",
                            "time_created": "2019-06-11 12:21:01.9 +0000 UTC",
                            "vcn_id": "ocid1.vcn.oc1.iad.aaaaaaaaqj6dryf3txpkbcuxpa5osmfrmuhc4lfpqy2h4gnxa5ootqxjjrpa"
                        },
                        "meta": {
                            "e2bfb730-ecaa-11e6-8f88-34363bc7c4c0": {
                                "create": 900000000000,
                                "delete": 900000000000,
                                "update": 900000000000
                            }
                        },
                        "tainted": false
                    },
                    "deposed": [],
                    "provider": "provider.oci"
                },
                "oci_core_security_list.backupseclist": {
                    "type": "oci_core_security_list",
                    "depends_on": [
                        "data.oci_core_services.object_storage",
                        "oci_core_vcn.ebsvcn"
                    ],
                    "primary": {
                        "id": "ocid1.securitylist.oc1.iad.aaaaaaaaasfsmop2ck3bh56tc5frdej56feuqn2j5qzxbbjhxmsaiewe3n4a",
                        "attributes": {
                            "compartment_id": "ocid1.compartment.oc1..aaaaaaaavw46jg2q6xawn7fxuexuog7n7iqtlbch3aywiyynfhmh6zfbyp7a",
                            "defined_tags.%": "0",
                            "display_name": "backupseclist",
                            "egress_security_rules.#": "1",
                            "egress_security_rules.1228519057.destination": "oci-iad-objectstorage",
                            "egress_security_rules.1228519057.destination_type": "SERVICE_CIDR_BLOCK",
                            "egress_security_rules.1228519057.icmp_options.#": "0",
                            "egress_security_rules.1228519057.protocol": "6",
                            "egress_security_rules.1228519057.stateless": "false",
                            "egress_security_rules.1228519057.tcp_options.#": "1",
                            "egress_security_rules.1228519057.tcp_options.0.max": "443",
                            "egress_security_rules.1228519057.tcp_options.0.min": "443",
                            "egress_security_rules.1228519057.tcp_options.0.source_port_range.#": "0",
                            "egress_security_rules.1228519057.udp_options.#": "0",
                            "freeform_tags.%": "0",
                            "id": "ocid1.securitylist.oc1.iad.aaaaaaaaasfsmop2ck3bh56tc5frdej56feuqn2j5qzxbbjhxmsaiewe3n4a",
                            "ingress_security_rules.#": "0",
                            "state": "AVAILABLE",
                            "time_created": "2019-06-11 12:21:00.955 +0000 UTC",
                            "vcn_id": "ocid1.vcn.oc1.iad.aaaaaaaaqj6dryf3txpkbcuxpa5osmfrmuhc4lfpqy2h4gnxa5ootqxjjrpa"
                        },
                        "meta": {
                            "e2bfb730-ecaa-11e6-8f88-34363bc7c4c0": {
                                "create": 900000000000,
                                "delete": 900000000000,
                                "update": 900000000000
                            }
                        },
                        "tainted": false
                    },
                    "deposed": [],
                    "provider": "provider.oci"
                },
                "oci_core_security_list.bastionseclist": {
                    "type": "oci_core_security_list",
                    "depends_on": [
                        "oci_core_vcn.ebsvcn"
                    ],
                    "primary": {
                        "id": "ocid1.securitylist.oc1.iad.aaaaaaaacmmiqxdqud32skvc4zejrvcvzk7vklzoigmmgwvtabbcw572hi5a",
                        "attributes": {
                            "compartment_id": "ocid1.compartment.oc1..aaaaaaaavw46jg2q6xawn7fxuexuog7n7iqtlbch3aywiyynfhmh6zfbyp7a",
                            "defined_tags.%": "0",
                            "display_name": "bastionseclist",
                            "egress_security_rules.#": "1",
                            "egress_security_rules.1582479153.destination": "0.0.0.0/0",
                            "egress_security_rules.1582479153.destination_type": "CIDR_BLOCK",
                            "egress_security_rules.1582479153.icmp_options.#": "0",
                            "egress_security_rules.1582479153.protocol": "all",
                            "egress_security_rules.1582479153.stateless": "false",
                            "egress_security_rules.1582479153.tcp_options.#": "0",
                            "egress_security_rules.1582479153.udp_options.#": "0",
                            "freeform_tags.%": "0",
                            "id": "ocid1.securitylist.oc1.iad.aaaaaaaacmmiqxdqud32skvc4zejrvcvzk7vklzoigmmgwvtabbcw572hi5a",
                            "ingress_security_rules.#": "1",
                            "ingress_security_rules.47193274.icmp_options.#": "0",
                            "ingress_security_rules.47193274.protocol": "6",
                            "ingress_security_rules.47193274.source": "0.0.0.0/0",
                            "ingress_security_rules.47193274.source_type": "CIDR_BLOCK",
                            "ingress_security_rules.47193274.stateless": "false",
                            "ingress_security_rules.47193274.tcp_options.#": "1",
                            "ingress_security_rules.47193274.tcp_options.0.max": "22",
                            "ingress_security_rules.47193274.tcp_options.0.min": "22",
                            "ingress_security_rules.47193274.tcp_options.0.source_port_range.#": "0",
                            "ingress_security_rules.47193274.udp_options.#": "0",
                            "state": "AVAILABLE",
                            "time_created": "2019-06-11 12:21:00.553 +0000 UTC",
                            "vcn_id": "ocid1.vcn.oc1.iad.aaaaaaaaqj6dryf3txpkbcuxpa5osmfrmuhc4lfpqy2h4gnxa5ootqxjjrpa"
                        },
                        "meta": {
                            "e2bfb730-ecaa-11e6-8f88-34363bc7c4c0": {
                                "create": 900000000000,
                                "delete": 900000000000,
                                "update": 900000000000
                            }
                        },
                        "tainted": false
                    },
                    "deposed": [],
                    "provider": "provider.oci"
                },
                "oci_core_security_list.dbseclist": {
                    "type": "oci_core_security_list",
                    "depends_on": [
                        "oci_core_vcn.ebsvcn"
                    ],
                    "primary": {
                        "id": "ocid1.securitylist.oc1.iad.aaaaaaaatqwlzv5dm32vpl5x3ek6fezktu3cozudst5u3pxlsvl7y56v4isa",
                        "attributes": {
                            "compartment_id": "ocid1.compartment.oc1..aaaaaaaavw46jg2q6xawn7fxuexuog7n7iqtlbch3aywiyynfhmh6zfbyp7a",
                            "defined_tags.%": "0",
                            "display_name": "dbseclist",
                            "egress_security_rules.#": "3",
                            "egress_security_rules.1420396200.destination": "0.0.0.0/0",
                            "egress_security_rules.1420396200.destination_type": "CIDR_BLOCK",
                            "egress_security_rules.1420396200.icmp_options.#": "0",
                            "egress_security_rules.1420396200.protocol": "6",
                            "egress_security_rules.1420396200.stateless": "false",
                            "egress_security_rules.1420396200.tcp_options.#": "0",
                            "egress_security_rules.1420396200.udp_options.#": "0",
                            "egress_security_rules.1584172977.destination": "0.0.0.0/0",
                            "egress_security_rules.1584172977.destination_type": "CIDR_BLOCK",
                            "egress_security_rules.1584172977.icmp_options.#": "0",
                            "egress_security_rules.1584172977.protocol": "1",
                            "egress_security_rules.1584172977.stateless": "false",
                            "egress_security_rules.1584172977.tcp_options.#": "0",
                            "egress_security_rules.1584172977.udp_options.#": "0",
                            "egress_security_rules.3298496535.destination": "10.0.3.0/24",
                            "egress_security_rules.3298496535.destination_type": "CIDR_BLOCK",
                            "egress_security_rules.3298496535.icmp_options.#": "0",
                            "egress_security_rules.3298496535.protocol": "6",
                            "egress_security_rules.3298496535.stateless": "false",
                            "egress_security_rules.3298496535.tcp_options.#": "0",
                            "egress_security_rules.3298496535.udp_options.#": "0",
                            "freeform_tags.%": "0",
                            "id": "ocid1.securitylist.oc1.iad.aaaaaaaatqwlzv5dm32vpl5x3ek6fezktu3cozudst5u3pxlsvl7y56v4isa",
                            "ingress_security_rules.#": "5",
                            "ingress_security_rules.3301764479.icmp_options.#": "0",
                            "ingress_security_rules.3301764479.protocol": "1",
                            "ingress_security_rules.3301764479.source": "10.0.1.0/24",
                            "ingress_security_rules.3301764479.source_type": "CIDR_BLOCK",
                            "ingress_security_rules.3301764479.stateless": "false",
                            "ingress_security_rules.3301764479.tcp_options.#": "0",
                            "ingress_security_rules.3301764479.udp_options.#": "0",
                            "ingress_security_rules.3771036985.icmp_options.#": "0",
                            "ingress_security_rules.3771036985.protocol": "6",
                            "ingress_security_rules.3771036985.source": "10.0.3.0/24",
                            "ingress_security_rules.3771036985.source_type": "CIDR_BLOCK",
                            "ingress_security_rules.3771036985.stateless": "false",
                            "ingress_security_rules.3771036985.tcp_options.#": "1",
                            "ingress_security_rules.3771036985.tcp_options.0.max": "1521",
                            "ingress_security_rules.3771036985.tcp_options.0.min": "1521",
                            "ingress_security_rules.3771036985.tcp_options.0.source_port_range.#": "0",
                            "ingress_security_rules.3771036985.udp_options.#": "0",
                            "ingress_security_rules.3967514440.icmp_options.#": "0",
                            "ingress_security_rules.3967514440.protocol": "6",
                            "ingress_security_rules.3967514440.source": "10.0.1.0/24",
                            "ingress_security_rules.3967514440.source_type": "CIDR_BLOCK",
                            "ingress_security_rules.3967514440.stateless": "false",
                            "ingress_security_rules.3967514440.tcp_options.#": "0",
                            "ingress_security_rules.3967514440.udp_options.#": "0",
                            "ingress_security_rules.4132437046.icmp_options.#": "0",
                            "ingress_security_rules.4132437046.protocol": "6",
                            "ingress_security_rules.4132437046.source": "10.0.4.0/24",
                            "ingress_security_rules.4132437046.source_type": "CIDR_BLOCK",
                            "ingress_security_rules.4132437046.stateless": "false",
                            "ingress_security_rules.4132437046.tcp_options.#": "1",
                            "ingress_security_rules.4132437046.tcp_options.0.max": "22",
                            "ingress_security_rules.4132437046.tcp_options.0.min": "22",
                            "ingress_security_rules.4132437046.tcp_options.0.source_port_range.#": "0",
                            "ingress_security_rules.4132437046.udp_options.#": "0",
                            "ingress_security_rules.525746719.icmp_options.#": "0",
                            "ingress_security_rules.525746719.protocol": "6",
                            "ingress_security_rules.525746719.source": "10.0.1.0/24",
                            "ingress_security_rules.525746719.source_type": "CIDR_BLOCK",
                            "ingress_security_rules.525746719.stateless": "false",
                            "ingress_security_rules.525746719.tcp_options.#": "1",
                            "ingress_security_rules.525746719.tcp_options.0.max": "1521",
                            "ingress_security_rules.525746719.tcp_options.0.min": "1521",
                            "ingress_security_rules.525746719.tcp_options.0.source_port_range.#": "0",
                            "ingress_security_rules.525746719.udp_options.#": "0",
                            "state": "AVAILABLE",
                            "time_created": "2019-06-11 12:21:00.901 +0000 UTC",
                            "vcn_id": "ocid1.vcn.oc1.iad.aaaaaaaaqj6dryf3txpkbcuxpa5osmfrmuhc4lfpqy2h4gnxa5ootqxjjrpa"
                        },
                        "meta": {
                            "e2bfb730-ecaa-11e6-8f88-34363bc7c4c0": {
                                "create": 900000000000,
                                "delete": 900000000000,
                                "update": 900000000000
                            }
                        },
                        "tainted": false
                    },
                    "deposed": [],
                    "provider": "provider.oci"
                },
                "oci_core_security_list.fssseclist": {
                    "type": "oci_core_security_list",
                    "depends_on": [
                        "oci_core_vcn.ebsvcn"
                    ],
                    "primary": {
                        "id": "ocid1.securitylist.oc1.iad.aaaaaaaab6fzw555vmerqs2mslpsjp6zyqqwx5kejerxki32zeubkvwoobda",
                        "attributes": {
                            "compartment_id": "ocid1.compartment.oc1..aaaaaaaavw46jg2q6xawn7fxuexuog7n7iqtlbch3aywiyynfhmh6zfbyp7a",
                            "defined_tags.%": "0",
                            "display_name": "fssseclist",
                            "egress_security_rules.#": "3",
                            "egress_security_rules.2012040093.destination": "10.0.0.0/16",
                            "egress_security_rules.2012040093.destination_type": "CIDR_BLOCK",
                            "egress_security_rules.2012040093.icmp_options.#": "0",
                            "egress_security_rules.2012040093.protocol": "17",
                            "egress_security_rules.2012040093.stateless": "false",
                            "egress_security_rules.2012040093.tcp_options.#": "0",
                            "egress_security_rules.2012040093.udp_options.#": "1",
                            "egress_security_rules.2012040093.udp_options.0.max": "111",
                            "egress_security_rules.2012040093.udp_options.0.min": "111",
                            "egress_security_rules.2012040093.udp_options.0.source_port_range.#": "0",
                            "egress_security_rules.3754239940.destination": "10.0.0.0/16",
                            "egress_security_rules.3754239940.destination_type": "CIDR_BLOCK",
                            "egress_security_rules.3754239940.icmp_options.#": "0",
                            "egress_security_rules.3754239940.protocol": "6",
                            "egress_security_rules.3754239940.stateless": "false",
                            "egress_security_rules.3754239940.tcp_options.#": "1",
                            "egress_security_rules.3754239940.tcp_options.0.max": "2050",
                            "egress_security_rules.3754239940.tcp_options.0.min": "2048",
                            "egress_security_rules.3754239940.tcp_options.0.source_port_range.#": "0",
                            "egress_security_rules.3754239940.udp_options.#": "0",
                            "egress_security_rules.3920714493.destination": "10.0.0.0/16",
                            "egress_security_rules.3920714493.destination_type": "CIDR_BLOCK",
                            "egress_security_rules.3920714493.icmp_options.#": "0",
                            "egress_security_rules.3920714493.protocol": "6",
                            "egress_security_rules.3920714493.stateless": "false",
                            "egress_security_rules.3920714493.tcp_options.#": "1",
                            "egress_security_rules.3920714493.tcp_options.0.max": "111",
                            "egress_security_rules.3920714493.tcp_options.0.min": "111",
                            "egress_security_rules.3920714493.tcp_options.0.source_port_range.#": "0",
                            "egress_security_rules.3920714493.udp_options.#": "0",
                            "freeform_tags.%": "0",
                            "id": "ocid1.securitylist.oc1.iad.aaaaaaaab6fzw555vmerqs2mslpsjp6zyqqwx5kejerxki32zeubkvwoobda",
                            "ingress_security_rules.#": "4",
                            "ingress_security_rules.130926273.icmp_options.#": "0",
                            "ingress_security_rules.130926273.protocol": "17",
                            "ingress_security_rules.130926273.source": "10.0.0.0/16",
                            "ingress_security_rules.130926273.source_type": "CIDR_BLOCK",
                            "ingress_security_rules.130926273.stateless": "false",
                            "ingress_security_rules.130926273.tcp_options.#": "0",
                            "ingress_security_rules.130926273.udp_options.#": "1",
                            "ingress_security_rules.130926273.udp_options.0.max": "2048",
                            "ingress_security_rules.130926273.udp_options.0.min": "2048",
                            "ingress_security_rules.130926273.udp_options.0.source_port_range.#": "0",
                            "ingress_security_rules.3456695376.icmp_options.#": "0",
                            "ingress_security_rules.3456695376.protocol": "6",
                            "ingress_security_rules.3456695376.source": "10.0.0.0/16",
                            "ingress_security_rules.3456695376.source_type": "CIDR_BLOCK",
                            "ingress_security_rules.3456695376.stateless": "false",
                            "ingress_security_rules.3456695376.tcp_options.#": "1",
                            "ingress_security_rules.3456695376.tcp_options.0.max": "111",
                            "ingress_security_rules.3456695376.tcp_options.0.min": "111",
                            "ingress_security_rules.3456695376.tcp_options.0.source_port_range.#": "0",
                            "ingress_security_rules.3456695376.udp_options.#": "0",
                            "ingress_security_rules.3625285982.icmp_options.#": "0",
                            "ingress_security_rules.3625285982.protocol": "17",
                            "ingress_security_rules.3625285982.source": "10.0.0.0/16",
                            "ingress_security_rules.3625285982.source_type": "CIDR_BLOCK",
                            "ingress_security_rules.3625285982.stateless": "false",
                            "ingress_security_rules.3625285982.tcp_options.#": "0",
                            "ingress_security_rules.3625285982.udp_options.#": "1",
                            "ingress_security_rules.3625285982.udp_options.0.max": "111",
                            "ingress_security_rules.3625285982.udp_options.0.min": "111",
                            "ingress_security_rules.3625285982.udp_options.0.source_port_range.#": "0",
                            "ingress_security_rules.4225352708.icmp_options.#": "0",
                            "ingress_security_rules.4225352708.protocol": "6",
                            "ingress_security_rules.4225352708.source": "10.0.0.0/16",
                            "ingress_security_rules.4225352708.source_type": "CIDR_BLOCK",
                            "ingress_security_rules.4225352708.stateless": "false",
                            "ingress_security_rules.4225352708.tcp_options.#": "1",
                            "ingress_security_rules.4225352708.tcp_options.0.max": "2050",
                            "ingress_security_rules.4225352708.tcp_options.0.min": "2048",
                            "ingress_security_rules.4225352708.tcp_options.0.source_port_range.#": "0",
                            "ingress_security_rules.4225352708.udp_options.#": "0",
                            "state": "AVAILABLE",
                            "time_created": "2019-06-11 12:21:01.156 +0000 UTC",
                            "vcn_id": "ocid1.vcn.oc1.iad.aaaaaaaaqj6dryf3txpkbcuxpa5osmfrmuhc4lfpqy2h4gnxa5ootqxjjrpa"
                        },
                        "meta": {
                            "e2bfb730-ecaa-11e6-8f88-34363bc7c4c0": {
                                "create": 900000000000,
                                "delete": 900000000000,
                                "update": 900000000000
                            }
                        },
                        "tainted": false
                    },
                    "deposed": [],
                    "provider": "provider.oci"
                },
                "oci_core_security_list.privlbseclist": {
                    "type": "oci_core_security_list",
                    "depends_on": [
                        "oci_core_vcn.ebsvcn"
                    ],
                    "primary": {
                        "id": "ocid1.securitylist.oc1.iad.aaaaaaaaoixbhu2qzfkwiphshmos3k6somes4e4mpckuqjqt3ocv2ne5oamq",
                        "attributes": {
                            "compartment_id": "ocid1.compartment.oc1..aaaaaaaavw46jg2q6xawn7fxuexuog7n7iqtlbch3aywiyynfhmh6zfbyp7a",
                            "defined_tags.%": "0",
                            "display_name": "privlbseclist",
                            "egress_security_rules.#": "1",
                            "egress_security_rules.3018461992.destination": "10.0.3.0/24",
                            "egress_security_rules.3018461992.destination_type": "CIDR_BLOCK",
                            "egress_security_rules.3018461992.icmp_options.#": "0",
                            "egress_security_rules.3018461992.protocol": "6",
                            "egress_security_rules.3018461992.stateless": "false",
                            "egress_security_rules.3018461992.tcp_options.#": "1",
                            "egress_security_rules.3018461992.tcp_options.0.max": "8000",
                            "egress_security_rules.3018461992.tcp_options.0.min": "8000",
                            "egress_security_rules.3018461992.tcp_options.0.source_port_range.#": "0",
                            "egress_security_rules.3018461992.udp_options.#": "0",
                            "freeform_tags.%": "0",
                            "id": "ocid1.securitylist.oc1.iad.aaaaaaaaoixbhu2qzfkwiphshmos3k6somes4e4mpckuqjqt3ocv2ne5oamq",
                            "ingress_security_rules.#": "1",
                            "ingress_security_rules.3365435201.icmp_options.#": "0",
                            "ingress_security_rules.3365435201.protocol": "6",
                            "ingress_security_rules.3365435201.source": "192.168.10.0/24",
                            "ingress_security_rules.3365435201.source_type": "CIDR_BLOCK",
                            "ingress_security_rules.3365435201.stateless": "false",
                            "ingress_security_rules.3365435201.tcp_options.#": "1",
                            "ingress_security_rules.3365435201.tcp_options.0.max": "443",
                            "ingress_security_rules.3365435201.tcp_options.0.min": "443",
                            "ingress_security_rules.3365435201.tcp_options.0.source_port_range.#": "0",
                            "ingress_security_rules.3365435201.udp_options.#": "0",
                            "state": "AVAILABLE",
                            "time_created": "2019-06-11 12:21:01.433 +0000 UTC",
                            "vcn_id": "ocid1.vcn.oc1.iad.aaaaaaaaqj6dryf3txpkbcuxpa5osmfrmuhc4lfpqy2h4gnxa5ootqxjjrpa"
                        },
                        "meta": {
                            "e2bfb730-ecaa-11e6-8f88-34363bc7c4c0": {
                                "create": 900000000000,
                                "delete": 900000000000,
                                "update": 900000000000
                            }
                        },
                        "tainted": false
                    },
                    "deposed": [],
                    "provider": "provider.oci"
                },
                "oci_core_security_list.publbseclist": {
                    "type": "oci_core_security_list",
                    "depends_on": [
                        "oci_core_vcn.ebsvcn"
                    ],
                    "primary": {
                        "id": "ocid1.securitylist.oc1.iad.aaaaaaaa4t2y7vukn2uckxo7kh5nxyuq47l36vgtkftqjx3ehuhme75mfdca",
                        "attributes": {
                            "compartment_id": "ocid1.compartment.oc1..aaaaaaaavw46jg2q6xawn7fxuexuog7n7iqtlbch3aywiyynfhmh6zfbyp7a",
                            "defined_tags.%": "0",
                            "display_name": "publbseclist",
                            "egress_security_rules.#": "1",
                            "egress_security_rules.3018461992.destination": "10.0.3.0/24",
                            "egress_security_rules.3018461992.destination_type": "CIDR_BLOCK",
                            "egress_security_rules.3018461992.icmp_options.#": "0",
                            "egress_security_rules.3018461992.protocol": "6",
                            "egress_security_rules.3018461992.stateless": "false",
                            "egress_security_rules.3018461992.tcp_options.#": "1",
                            "egress_security_rules.3018461992.tcp_options.0.max": "8000",
                            "egress_security_rules.3018461992.tcp_options.0.min": "8000",
                            "egress_security_rules.3018461992.tcp_options.0.source_port_range.#": "0",
                            "egress_security_rules.3018461992.udp_options.#": "0",
                            "freeform_tags.%": "0",
                            "id": "ocid1.securitylist.oc1.iad.aaaaaaaa4t2y7vukn2uckxo7kh5nxyuq47l36vgtkftqjx3ehuhme75mfdca",
                            "ingress_security_rules.#": "1",
                            "ingress_security_rules.2986978097.icmp_options.#": "0",
                            "ingress_security_rules.2986978097.protocol": "6",
                            "ingress_security_rules.2986978097.source": "0.0.0.0/0",
                            "ingress_security_rules.2986978097.source_type": "CIDR_BLOCK",
                            "ingress_security_rules.2986978097.stateless": "false",
                            "ingress_security_rules.2986978097.tcp_options.#": "1",
                            "ingress_security_rules.2986978097.tcp_options.0.max": "443",
                            "ingress_security_rules.2986978097.tcp_options.0.min": "443",
                            "ingress_security_rules.2986978097.tcp_options.0.source_port_range.#": "0",
                            "ingress_security_rules.2986978097.udp_options.#": "0",
                            "state": "AVAILABLE",
                            "time_created": "2019-06-11 12:21:01.586 +0000 UTC",
                            "vcn_id": "ocid1.vcn.oc1.iad.aaaaaaaaqj6dryf3txpkbcuxpa5osmfrmuhc4lfpqy2h4gnxa5ootqxjjrpa"
                        },
                        "meta": {
                            "e2bfb730-ecaa-11e6-8f88-34363bc7c4c0": {
                                "create": 900000000000,
                                "delete": 900000000000,
                                "update": 900000000000
                            }
                        },
                        "tainted": false
                    },
                    "deposed": [],
                    "provider": "provider.oci"
                },
                "oci_core_service_gateway.servicegateway": {
                    "type": "oci_core_service_gateway",
                    "depends_on": [
                        "data.oci_core_services.object_storage",
                        "oci_core_vcn.ebsvcn"
                    ],
                    "primary": {
                        "id": "ocid1.servicegateway.oc1.iad.aaaaaaaalaq3bszbulxt54zwjigj7eykjhhtqpjuoasvyu62shkfzmjqo37q",
                        "attributes": {
                            "block_traffic": "false",
                            "compartment_id": "ocid1.compartment.oc1..aaaaaaaavw46jg2q6xawn7fxuexuog7n7iqtlbch3aywiyynfhmh6zfbyp7a",
                            "defined_tags.%": "0",
                            "display_name": "servicegateway",
                            "freeform_tags.%": "0",
                            "id": "ocid1.servicegateway.oc1.iad.aaaaaaaalaq3bszbulxt54zwjigj7eykjhhtqpjuoasvyu62shkfzmjqo37q",
                            "services.#": "1",
                            "services.2114898299.service_id": "ocid1.service.oc1.iad.aaaaaaaa74z6sqsezqf6znyomdp5jkvfwb4j2ol33abgosvnhxcqphyl3eaq",
                            "services.2114898299.service_name": "OCI IAD Object Storage",
                            "state": "AVAILABLE",
                            "time_created": "2019-06-11 12:21:01.031 +0000 UTC",
                            "vcn_id": "ocid1.vcn.oc1.iad.aaaaaaaaqj6dryf3txpkbcuxpa5osmfrmuhc4lfpqy2h4gnxa5ootqxjjrpa"
                        },
                        "meta": {
                            "e2bfb730-ecaa-11e6-8f88-34363bc7c4c0": {
                                "create": 900000000000,
                                "delete": 900000000000,
                                "update": 900000000000
                            }
                        },
                        "tainted": false
                    },
                    "deposed": [],
                    "provider": "provider.oci"
                },
                "oci_core_subnet.appnet": {
                    "type": "oci_core_subnet",
                    "depends_on": [
                        "oci_core_route_table.app_rt",
                        "oci_core_security_list.appseclist",
                        "oci_core_vcn.ebsvcn"
                    ],
                    "primary": {
                        "id": "ocid1.subnet.oc1.iad.aaaaaaaa5cfntnjj43vgm2bmn4kzyt5ryxr5hox4xmn773cqzs45c7w6koeq",
                        "attributes": {
                            "cidr_block": "10.0.3.0/24",
                            "compartment_id": "ocid1.compartment.oc1..aaaaaaaavw46jg2q6xawn7fxuexuog7n7iqtlbch3aywiyynfhmh6zfbyp7a",
                            "defined_tags.%": "0",
                            "dhcp_options_id": "ocid1.dhcpoptions.oc1.iad.aaaaaaaakq52fnarfhci5pxe3vsbszi5s45nvb3lf2keftvf7tanl46bw6ya",
                            "display_name": "appnet",
                            "dns_label": "appnet",
                            "freeform_tags.%": "0",
                            "id": "ocid1.subnet.oc1.iad.aaaaaaaa5cfntnjj43vgm2bmn4kzyt5ryxr5hox4xmn773cqzs45c7w6koeq",
                            "prohibit_public_ip_on_vnic": "true",
                            "route_table_id": "ocid1.routetable.oc1.iad.aaaaaaaanpj562boa3dhj2nhsx7a4cdwty32wu53swukvjjfnc5ou6j4pdqq",
                            "security_list_ids.#": "1",
                            "security_list_ids.3278749878": "ocid1.securitylist.oc1.iad.aaaaaaaamvtdgdwe557y6jwtd52py342pluvibbrj5pkipqtksa7rpr7dueq",
                            "state": "AVAILABLE",
                            "subnet_domain_name": "appnet.ebsvcn.oraclevcn.com",
                            "time_created": "2019-06-11 12:21:04.427 +0000 UTC",
                            "vcn_id": "ocid1.vcn.oc1.iad.aaaaaaaaqj6dryf3txpkbcuxpa5osmfrmuhc4lfpqy2h4gnxa5ootqxjjrpa",
                            "virtual_router_ip": "10.0.3.1",
                            "virtual_router_mac": "00:00:17:C0:D3:7E"
                        },
                        "meta": {
                            "e2bfb730-ecaa-11e6-8f88-34363bc7c4c0": {
                                "create": 900000000000,
                                "delete": 900000000000,
                                "update": 900000000000
                            }
                        },
                        "tainted": false
                    },
                    "deposed": [],
                    "provider": "provider.oci"
                },
                "oci_core_subnet.backupnet": {
                    "type": "oci_core_subnet",
                    "depends_on": [
                        "oci_core_route_table.database_rt",
                        "oci_core_security_list.backupseclist",
                        "oci_core_vcn.ebsvcn"
                    ],
                    "primary": {
                        "id": "ocid1.subnet.oc1.iad.aaaaaaaa4rf2ogegul7f2fl3lroexvitgligqkehri72jzivaid6evhf6j7q",
                        "attributes": {
                            "cidr_block": "10.0.2.0/24",
                            "compartment_id": "ocid1.compartment.oc1..aaaaaaaavw46jg2q6xawn7fxuexuog7n7iqtlbch3aywiyynfhmh6zfbyp7a",
                            "defined_tags.%": "0",
                            "dhcp_options_id": "ocid1.dhcpoptions.oc1.iad.aaaaaaaakq52fnarfhci5pxe3vsbszi5s45nvb3lf2keftvf7tanl46bw6ya",
                            "display_name": "backupnet",
                            "dns_label": "backupnet",
                            "freeform_tags.%": "0",
                            "id": "ocid1.subnet.oc1.iad.aaaaaaaa4rf2ogegul7f2fl3lroexvitgligqkehri72jzivaid6evhf6j7q",
                            "prohibit_public_ip_on_vnic": "true",
                            "route_table_id": "ocid1.routetable.oc1.iad.aaaaaaaaqcfgxouuf3zrclqqntjjhx2eyt6nuyeilusj7pyfjoe5cywozaiq",
                            "security_list_ids.#": "1",
                            "security_list_ids.1395932255": "ocid1.securitylist.oc1.iad.aaaaaaaaasfsmop2ck3bh56tc5frdej56feuqn2j5qzxbbjhxmsaiewe3n4a",
                            "state": "AVAILABLE",
                            "subnet_domain_name": "backupnet.ebsvcn.oraclevcn.com",
                            "time_created": "2019-06-11 12:21:07.038 +0000 UTC",
                            "vcn_id": "ocid1.vcn.oc1.iad.aaaaaaaaqj6dryf3txpkbcuxpa5osmfrmuhc4lfpqy2h4gnxa5ootqxjjrpa",
                            "virtual_router_ip": "10.0.2.1",
                            "virtual_router_mac": "00:00:17:C0:D3:7E"
                        },
                        "meta": {
                            "e2bfb730-ecaa-11e6-8f88-34363bc7c4c0": {
                                "create": 900000000000,
                                "delete": 900000000000,
                                "update": 900000000000
                            }
                        },
                        "tainted": false
                    },
                    "deposed": [],
                    "provider": "provider.oci"
                },
                "oci_core_subnet.bastionnet": {
                    "type": "oci_core_subnet",
                    "depends_on": [
                        "oci_core_route_table.bastion_rt",
                        "oci_core_security_list.bastionseclist",
                        "oci_core_vcn.ebsvcn"
                    ],
                    "primary": {
                        "id": "ocid1.subnet.oc1.iad.aaaaaaaatsw5xv26khmtwmtikny5mcakaf5tuv6jlosg2io5y5xmpuxbr3nq",
                        "attributes": {
                            "cidr_block": "10.0.4.0/24",
                            "compartment_id": "ocid1.compartment.oc1..aaaaaaaavw46jg2q6xawn7fxuexuog7n7iqtlbch3aywiyynfhmh6zfbyp7a",
                            "defined_tags.%": "0",
                            "dhcp_options_id": "ocid1.dhcpoptions.oc1.iad.aaaaaaaakq52fnarfhci5pxe3vsbszi5s45nvb3lf2keftvf7tanl46bw6ya",
                            "display_name": "bastionnet",
                            "dns_label": "bastionnet",
                            "freeform_tags.%": "0",
                            "id": "ocid1.subnet.oc1.iad.aaaaaaaatsw5xv26khmtwmtikny5mcakaf5tuv6jlosg2io5y5xmpuxbr3nq",
                            "prohibit_public_ip_on_vnic": "false",
                            "route_table_id": "ocid1.routetable.oc1.iad.aaaaaaaakgmwomftzuezo2frgcser2kouyi7evt6bf464zalghr3fdox64nq",
                            "security_list_ids.#": "1",
                            "security_list_ids.3806056658": "ocid1.securitylist.oc1.iad.aaaaaaaacmmiqxdqud32skvc4zejrvcvzk7vklzoigmmgwvtabbcw572hi5a",
                            "state": "AVAILABLE",
                            "subnet_domain_name": "bastionnet.ebsvcn.oraclevcn.com",
                            "time_created": "2019-06-11 12:21:02.239 +0000 UTC",
                            "vcn_id": "ocid1.vcn.oc1.iad.aaaaaaaaqj6dryf3txpkbcuxpa5osmfrmuhc4lfpqy2h4gnxa5ootqxjjrpa",
                            "virtual_router_ip": "10.0.4.1",
                            "virtual_router_mac": "00:00:17:C0:D3:7E"
                        },
                        "meta": {
                            "e2bfb730-ecaa-11e6-8f88-34363bc7c4c0": {
                                "create": 900000000000,
                                "delete": 900000000000,
                                "update": 900000000000
                            }
                        },
                        "tainted": false
                    },
                    "deposed": [],
                    "provider": "provider.oci"
                },
                "oci_core_subnet.dbnet": {
                    "type": "oci_core_subnet",
                    "depends_on": [
                        "oci_core_route_table.database_rt",
                        "oci_core_security_list.dbseclist",
                        "oci_core_vcn.ebsvcn"
                    ],
                    "primary": {
                        "id": "ocid1.subnet.oc1.iad.aaaaaaaaiqapa6u5lzrylk7oe24rdwhqc4ga3x7uow2n46u4tb6e52wgiqzq",
                        "attributes": {
                            "cidr_block": "10.0.1.0/24",
                            "compartment_id": "ocid1.compartment.oc1..aaaaaaaavw46jg2q6xawn7fxuexuog7n7iqtlbch3aywiyynfhmh6zfbyp7a",
                            "defined_tags.%": "0",
                            "dhcp_options_id": "ocid1.dhcpoptions.oc1.iad.aaaaaaaakq52fnarfhci5pxe3vsbszi5s45nvb3lf2keftvf7tanl46bw6ya",
                            "display_name": "dbnet",
                            "dns_label": "dbnet",
                            "freeform_tags.%": "0",
                            "id": "ocid1.subnet.oc1.iad.aaaaaaaaiqapa6u5lzrylk7oe24rdwhqc4ga3x7uow2n46u4tb6e52wgiqzq",
                            "prohibit_public_ip_on_vnic": "true",
                            "route_table_id": "ocid1.routetable.oc1.iad.aaaaaaaaqcfgxouuf3zrclqqntjjhx2eyt6nuyeilusj7pyfjoe5cywozaiq",
                            "security_list_ids.#": "1",
                            "security_list_ids.4203088968": "ocid1.securitylist.oc1.iad.aaaaaaaatqwlzv5dm32vpl5x3ek6fezktu3cozudst5u3pxlsvl7y56v4isa",
                            "state": "AVAILABLE",
                            "subnet_domain_name": "dbnet.ebsvcn.oraclevcn.com",
                            "time_created": "2019-06-11 12:21:06.259 +0000 UTC",
                            "vcn_id": "ocid1.vcn.oc1.iad.aaaaaaaaqj6dryf3txpkbcuxpa5osmfrmuhc4lfpqy2h4gnxa5ootqxjjrpa",
                            "virtual_router_ip": "10.0.1.1",
                            "virtual_router_mac": "00:00:17:C0:D3:7E"
                        },
                        "meta": {
                            "e2bfb730-ecaa-11e6-8f88-34363bc7c4c0": {
                                "create": 900000000000,
                                "delete": 900000000000,
                                "update": 900000000000
                            }
                        },
                        "tainted": false
                    },
                    "deposed": [],
                    "provider": "provider.oci"
                },
                "oci_core_subnet.fssnet": {
                    "type": "oci_core_subnet",
                    "depends_on": [
                        "oci_core_route_table.fss_rt",
                        "oci_core_security_list.fssseclist",
                        "oci_core_vcn.ebsvcn"
                    ],
                    "primary": {
                        "id": "ocid1.subnet.oc1.iad.aaaaaaaaiwohr2czjmnbrkx733okhosqx5dpopkq5swnq6wm4ui4pd7ddnqa",
                        "attributes": {
                            "cidr_block": "10.0.7.0/24",
                            "compartment_id": "ocid1.compartment.oc1..aaaaaaaavw46jg2q6xawn7fxuexuog7n7iqtlbch3aywiyynfhmh6zfbyp7a",
                            "defined_tags.%": "0",
                            "dhcp_options_id": "ocid1.dhcpoptions.oc1.iad.aaaaaaaakq52fnarfhci5pxe3vsbszi5s45nvb3lf2keftvf7tanl46bw6ya",
                            "display_name": "fssnet",
                            "dns_label": "fssnet",
                            "freeform_tags.%": "0",
                            "id": "ocid1.subnet.oc1.iad.aaaaaaaaiwohr2czjmnbrkx733okhosqx5dpopkq5swnq6wm4ui4pd7ddnqa",
                            "prohibit_public_ip_on_vnic": "true",
                            "route_table_id": "ocid1.routetable.oc1.iad.aaaaaaaa7zwlv772ugfgcs3nnkzavmmztcbppobjfpk4fvsnsthqpvmblmcq",
                            "security_list_ids.#": "1",
                            "security_list_ids.2426711770": "ocid1.securitylist.oc1.iad.aaaaaaaab6fzw555vmerqs2mslpsjp6zyqqwx5kejerxki32zeubkvwoobda",
                            "state": "AVAILABLE",
                            "subnet_domain_name": "fssnet.ebsvcn.oraclevcn.com",
                            "time_created": "2019-06-11 12:21:04.817 +0000 UTC",
                            "vcn_id": "ocid1.vcn.oc1.iad.aaaaaaaaqj6dryf3txpkbcuxpa5osmfrmuhc4lfpqy2h4gnxa5ootqxjjrpa",
                            "virtual_router_ip": "10.0.7.1",
                            "virtual_router_mac": "00:00:17:C0:D3:7E"
                        },
                        "meta": {
                            "e2bfb730-ecaa-11e6-8f88-34363bc7c4c0": {
                                "create": 900000000000,
                                "delete": 900000000000,
                                "update": 900000000000
                            }
                        },
                        "tainted": false
                    },
                    "deposed": [],
                    "provider": "provider.oci"
                },
                "oci_core_subnet.lbsubnetpriv": {
                    "type": "oci_core_subnet",
                    "depends_on": [
                        "oci_core_route_table.drg_rt",
                        "oci_core_security_list.privlbseclist",
                        "oci_core_vcn.ebsvcn"
                    ],
                    "primary": {
                        "id": "ocid1.subnet.oc1.iad.aaaaaaaamyduaerxoo3dly34sb4c7wxb4dh7skn45kjdr4u6l33j2qrsgaka",
                        "attributes": {
                            "cidr_block": "10.0.6.0/24",
                            "compartment_id": "ocid1.compartment.oc1..aaaaaaaavw46jg2q6xawn7fxuexuog7n7iqtlbch3aywiyynfhmh6zfbyp7a",
                            "defined_tags.%": "0",
                            "dhcp_options_id": "ocid1.dhcpoptions.oc1.iad.aaaaaaaakq52fnarfhci5pxe3vsbszi5s45nvb3lf2keftvf7tanl46bw6ya",
                            "display_name": "lbsubnetpriv",
                            "dns_label": "lbsubnetpriv",
                            "freeform_tags.%": "0",
                            "id": "ocid1.subnet.oc1.iad.aaaaaaaamyduaerxoo3dly34sb4c7wxb4dh7skn45kjdr4u6l33j2qrsgaka",
                            "prohibit_public_ip_on_vnic": "true",
                            "route_table_id": "ocid1.routetable.oc1.iad.aaaaaaaaqgop2doxkfgg2lu6p62aspzjajukaazry37nmhv55enqqfcwg4na",
                            "security_list_ids.#": "1",
                            "security_list_ids.3374767181": "ocid1.securitylist.oc1.iad.aaaaaaaaoixbhu2qzfkwiphshmos3k6somes4e4mpckuqjqt3ocv2ne5oamq",
                            "state": "AVAILABLE",
                            "subnet_domain_name": "lbsubnetpriv.ebsvcn.oraclevcn.com",
                            "time_created": "2019-06-11 12:21:49.836 +0000 UTC",
                            "vcn_id": "ocid1.vcn.oc1.iad.aaaaaaaaqj6dryf3txpkbcuxpa5osmfrmuhc4lfpqy2h4gnxa5ootqxjjrpa",
                            "virtual_router_ip": "10.0.6.1",
                            "virtual_router_mac": "00:00:17:C0:D3:7E"
                        },
                        "meta": {
                            "e2bfb730-ecaa-11e6-8f88-34363bc7c4c0": {
                                "create": 900000000000,
                                "delete": 900000000000,
                                "update": 900000000000
                            }
                        },
                        "tainted": false
                    },
                    "deposed": [],
                    "provider": "provider.oci"
                },
                "oci_core_subnet.lbsubnetpub": {
                    "type": "oci_core_subnet",
                    "depends_on": [
                        "oci_core_route_table.bastion_rt",
                        "oci_core_security_list.publbseclist",
                        "oci_core_vcn.ebsvcn"
                    ],
                    "primary": {
                        "id": "ocid1.subnet.oc1.iad.aaaaaaaaactztfmu7cj76k5k4dz6aecsjfm4jh6xw6d5z33vtcyfplpui2bq",
                        "attributes": {
                            "cidr_block": "10.0.5.0/24",
                            "compartment_id": "ocid1.compartment.oc1..aaaaaaaavw46jg2q6xawn7fxuexuog7n7iqtlbch3aywiyynfhmh6zfbyp7a",
                            "defined_tags.%": "0",
                            "dhcp_options_id": "ocid1.dhcpoptions.oc1.iad.aaaaaaaakq52fnarfhci5pxe3vsbszi5s45nvb3lf2keftvf7tanl46bw6ya",
                            "display_name": "lbsubnetpub",
                            "dns_label": "lbsubnetpub",
                            "freeform_tags.%": "0",
                            "id": "ocid1.subnet.oc1.iad.aaaaaaaaactztfmu7cj76k5k4dz6aecsjfm4jh6xw6d5z33vtcyfplpui2bq",
                            "prohibit_public_ip_on_vnic": "false",
                            "route_table_id": "ocid1.routetable.oc1.iad.aaaaaaaakgmwomftzuezo2frgcser2kouyi7evt6bf464zalghr3fdox64nq",
                            "security_list_ids.#": "1",
                            "security_list_ids.3654135924": "ocid1.securitylist.oc1.iad.aaaaaaaa4t2y7vukn2uckxo7kh5nxyuq47l36vgtkftqjx3ehuhme75mfdca",
                            "state": "AVAILABLE",
                            "subnet_domain_name": "lbsubnetpub.ebsvcn.oraclevcn.com",
                            "time_created": "2019-06-11 12:21:06.619 +0000 UTC",
                            "vcn_id": "ocid1.vcn.oc1.iad.aaaaaaaaqj6dryf3txpkbcuxpa5osmfrmuhc4lfpqy2h4gnxa5ootqxjjrpa",
                            "virtual_router_ip": "10.0.5.1",
                            "virtual_router_mac": "00:00:17:C0:D3:7E"
                        },
                        "meta": {
                            "e2bfb730-ecaa-11e6-8f88-34363bc7c4c0": {
                                "create": 900000000000,
                                "delete": 900000000000,
                                "update": 900000000000
                            }
                        },
                        "tainted": false
                    },
                    "deposed": [],
                    "provider": "provider.oci"
                },
                "oci_core_vcn.ebsvcn": {
                    "type": "oci_core_vcn",
                    "depends_on": [],
                    "primary": {
                        "id": "ocid1.vcn.oc1.iad.aaaaaaaaqj6dryf3txpkbcuxpa5osmfrmuhc4lfpqy2h4gnxa5ootqxjjrpa",
                        "attributes": {
                            "cidr_block": "10.0.0.0/16",
                            "compartment_id": "ocid1.compartment.oc1..aaaaaaaavw46jg2q6xawn7fxuexuog7n7iqtlbch3aywiyynfhmh6zfbyp7a",
                            "default_dhcp_options_id": "ocid1.dhcpoptions.oc1.iad.aaaaaaaakq52fnarfhci5pxe3vsbszi5s45nvb3lf2keftvf7tanl46bw6ya",
                            "default_route_table_id": "ocid1.routetable.oc1.iad.aaaaaaaaic4smldu2etnt4pnrsczsxsgv7gjp2jeuxt4awu2rtwcs7wlndxa",
                            "default_security_list_id": "ocid1.securitylist.oc1.iad.aaaaaaaadqbb26w4k2pos2mvbj5jkoc6ln5okajboyoks4dv27td4jg7d7qq",
                            "defined_tags.%": "0",
                            "display_name": "ebsvcn",
                            "dns_label": "ebsvcn",
                            "freeform_tags.%": "0",
                            "id": "ocid1.vcn.oc1.iad.aaaaaaaaqj6dryf3txpkbcuxpa5osmfrmuhc4lfpqy2h4gnxa5ootqxjjrpa",
                            "state": "AVAILABLE",
                            "time_created": "2019-06-11 12:20:59.717 +0000 UTC",
                            "vcn_domain_name": "ebsvcn.oraclevcn.com"
                        },
                        "meta": {
                            "e2bfb730-ecaa-11e6-8f88-34363bc7c4c0": {
                                "create": 900000000000,
                                "delete": 900000000000,
                                "update": 900000000000
                            }
                        },
                        "tainted": false
                    },
                    "deposed": [],
                    "provider": "provider.oci"
                }
            },
            "depends_on": []
        },
        {
            "path": [
                "root",
                "create_app"
            ],
            "outputs": {
                "AppsPrvIPs": {
                    "sensitive": false,
                    "type": "list",
                    "value": [
                        "10.0.3.3",
                        "10.0.3.6",
                        "10.0.3.2",
                        "10.0.3.5",
                        "10.0.3.4",
                        "10.0.3.7"
                    ]
                },
                "FSSFstabs": {
                    "sensitive": false,
                    "type": "list",
                    "value": [
                        "10.0.7.4:/ebsenv-fss1",
                        "10.0.7.5:/ebsenv-fss2"
                    ]
                }
            },
            "resources": {
                "data.oci_core_private_ips.ip_mount_target.0": {
                    "type": "oci_core_private_ips",
                    "depends_on": [
                        "oci_file_storage_mount_target.fss_mt.*"
                    ],
                    "primary": {
                        "id": "2019-06-11 12:21:20.2504285 +0000 UTC",
                        "attributes": {
                            "filter.#": "1",
                            "filter.1631084812.name": "id",
                            "filter.1631084812.regex": "false",
                            "filter.1631084812.values.#": "1",
                            "filter.1631084812.values.0": "ocid1.privateip.oc1.iad.aaaaaaaajnmeyvtzne5qtx5mdyiuylfmrlksddvgnpk4jou2xolkx5qwnv4q",
                            "id": "2019-06-11 12:21:20.2504285 +0000 UTC",
                            "private_ips.#": "1",
                            "private_ips.0.availability_domain": "",
                            "private_ips.0.compartment_id": "ocid1.compartment.oc1..aaaaaaaavw46jg2q6xawn7fxuexuog7n7iqtlbch3aywiyynfhmh6zfbyp7a",
                            "private_ips.0.defined_tags.%": "0",
                            "private_ips.0.display_name": "privateip20190611122113",
                            "private_ips.0.freeform_tags.%": "0",
                            "private_ips.0.hostname_label": "ebsenv-fss1",
                            "private_ips.0.id": "ocid1.privateip.oc1.iad.aaaaaaaajnmeyvtzne5qtx5mdyiuylfmrlksddvgnpk4jou2xolkx5qwnv4q",
                            "private_ips.0.ip_address": "10.0.7.4",
                            "private_ips.0.is_primary": "false",
                            "private_ips.0.subnet_id": "ocid1.subnet.oc1.iad.aaaaaaaaiwohr2czjmnbrkx733okhosqx5dpopkq5swnq6wm4ui4pd7ddnqa",
                            "private_ips.0.time_created": "2019-06-11 12:21:13.827 +0000 UTC",
                            "private_ips.0.vnic_id": "ocid1.vnic.oc1.iad.abuwcljs5pmnq5sqeviknxmz5h7mjbaidujwkzhp3ooqae4fy26kidjxtlrq",
                            "subnet_id": "ocid1.subnet.oc1.iad.aaaaaaaaiwohr2czjmnbrkx733okhosqx5dpopkq5swnq6wm4ui4pd7ddnqa"
                        },
                        "meta": {},
                        "tainted": false
                    },
                    "deposed": [],
                    "provider": "provider.oci"
                },
                "data.oci_core_private_ips.ip_mount_target.1": {
                    "type": "oci_core_private_ips",
                    "depends_on": [
                        "oci_file_storage_mount_target.fss_mt.*"
                    ],
                    "primary": {
                        "id": "2019-06-11 12:21:20.3292188 +0000 UTC",
                        "attributes": {
                            "filter.#": "1",
                            "filter.1472532732.name": "id",
                            "filter.1472532732.regex": "false",
                            "filter.1472532732.values.#": "1",
                            "filter.1472532732.values.0": "ocid1.privateip.oc1.iad.aaaaaaaaeerzsbsjyx54lygviegecs5gyhswgoeppomw46z7o5dirbaopzxq",
                            "id": "2019-06-11 12:21:20.3292188 +0000 UTC",
                            "private_ips.#": "1",
                            "private_ips.0.availability_domain": "",
                            "private_ips.0.compartment_id": "ocid1.compartment.oc1..aaaaaaaavw46jg2q6xawn7fxuexuog7n7iqtlbch3aywiyynfhmh6zfbyp7a",
                            "private_ips.0.defined_tags.%": "0",
                            "private_ips.0.display_name": "privateip20190611122114",
                            "private_ips.0.freeform_tags.%": "0",
                            "private_ips.0.hostname_label": "ebsenv-fss2",
                            "private_ips.0.id": "ocid1.privateip.oc1.iad.aaaaaaaaeerzsbsjyx54lygviegecs5gyhswgoeppomw46z7o5dirbaopzxq",
                            "private_ips.0.ip_address": "10.0.7.5",
                            "private_ips.0.is_primary": "false",
                            "private_ips.0.subnet_id": "ocid1.subnet.oc1.iad.aaaaaaaaiwohr2czjmnbrkx733okhosqx5dpopkq5swnq6wm4ui4pd7ddnqa",
                            "private_ips.0.time_created": "2019-06-11 12:21:14.976 +0000 UTC",
                            "private_ips.0.vnic_id": "ocid1.vnic.oc1.iad.abuwcljthyunqvg2fosbyr7wvagpqjtacs5fq5q55tihnfkdh4wj6ru2pwkq",
                            "subnet_id": "ocid1.subnet.oc1.iad.aaaaaaaaiwohr2czjmnbrkx733okhosqx5dpopkq5swnq6wm4ui4pd7ddnqa"
                        },
                        "meta": {},
                        "tainted": false
                    },
                    "deposed": [],
                    "provider": "provider.oci"
                },
                "data.template_file.bootstrap": {
                    "type": "template_file",
                    "depends_on": [
                        "data.template_file.ebsfss_ips.*",
                        "oci_file_storage_export.fss_exp.*"
                    ],
                    "primary": {
                        "id": "53acf2db5974d2ccbe34edf0658dd611c0a7ea4f0a62e92c0c61932178f1ce32",
                        "attributes": {
                            "id": "53acf2db5974d2ccbe34edf0658dd611c0a7ea4f0a62e92c0c61932178f1ce32",
                            "rendered": "#cloud-config\r\ntimezone: \"America/New_York\"\r\n\r\npackages:\r\n  - rsync\r\n  - nfs-utils\r\n  - ntp\r\n  - oracle-ebs-server-R12-preinstall\r\n\r\nruncmd:\r\n  - sudo mkdir -p /u01/install/APPS/\r\n  - sudo mount -t nfs -o rw,bg,hard,timeo=600,nfsvers=3,tcp 10.0.7.4:/ebsenv-fss1 /u01/install/APPS/\r\n  - sudo chown oracle:oinstall /u01/install/APPS/\r\n  - echo 10.0.7.4:/ebsenv-fss1 /u01/install/APPS/ nfs rw,bg,hard,timeo=600,nfsvers=3 0 0 \u003e\u003e /etc/fstab\r\n  # Run firewall command to enable to open ports\r\n  - firewall-offline-cmd --port=8000:tcp\r\n  - /bin/systemctl restart firewalld\r\n",
                            "template": "#cloud-config\r\ntimezone: \"${timezone}\"\r\n\r\npackages:\r\n  - rsync\r\n  - nfs-utils\r\n  - ntp\r\n  - oracle-ebs-server-R12-preinstall\r\n\r\nruncmd:\r\n  - sudo mkdir -p ${src_mount_path}\r\n  - sudo mount -t nfs -o rw,bg,hard,timeo=600,nfsvers=3,tcp ${src_mount_target_private_ip}:${src_export_path} ${src_mount_path}\r\n  - sudo chown oracle:oinstall ${src_mount_path}\r\n  - echo ${src_mount_target_private_ip}:${src_export_path} ${src_mount_path} nfs rw,bg,hard,timeo=600,nfsvers=3 0 0 \u003e\u003e /etc/fstab\r\n  # Run firewall command to enable to open ports\r\n  - firewall-offline-cmd --port=${app_instance_listen_port}:tcp\r\n  - /bin/systemctl restart firewalld\r\n",
                            "vars.%": "5",
                            "vars.app_instance_listen_port": "8000",
                            "vars.src_export_path": "/ebsenv-fss1",
                            "vars.src_mount_path": "/u01/install/APPS/",
                            "vars.src_mount_target_private_ip": "10.0.7.4",
                            "vars.timezone": "America/New_York"
                        },
                        "meta": {},
                        "tainted": false
                    },
                    "deposed": [],
                    "provider": "provider.template"
                },
                "data.template_file.ebsfss_ips.0": {
                    "type": "template_file",
                    "depends_on": [
                        "local.ebsfss_private_ips"
                    ],
                    "primary": {
                        "id": "a45e244ce232d1e40f7d55bae477ab5744f0a2e58cf03ff1628fd7e3784e2bb6",
                        "attributes": {
                            "id": "a45e244ce232d1e40f7d55bae477ab5744f0a2e58cf03ff1628fd7e3784e2bb6",
                            "rendered": "10.0.7.4",
                            "template": "${ip_address}",
                            "vars.%": "1",
                            "vars.ip_address": "10.0.7.4"
                        },
                        "meta": {},
                        "tainted": false
                    },
                    "deposed": [],
                    "provider": "provider.template"
                },
                "data.template_file.ebsfss_ips.1": {
                    "type": "template_file",
                    "depends_on": [
                        "local.ebsfss_private_ips"
                    ],
                    "primary": {
                        "id": "c460e5ca3d452c39b84db29ac0518e0d442b2683137fda2596ce43f95ba18395",
                        "attributes": {
                            "id": "c460e5ca3d452c39b84db29ac0518e0d442b2683137fda2596ce43f95ba18395",
                            "rendered": "10.0.7.5",
                            "template": "${ip_address}",
                            "vars.%": "1",
                            "vars.ip_address": "10.0.7.5"
                        },
                        "meta": {},
                        "tainted": false
                    },
                    "deposed": [],
                    "provider": "provider.template"
                },
                "oci_core_instance.compute.0": {
                    "type": "oci_core_instance",
                    "depends_on": [
                        "data.template_file.bootstrap"
                    ],
                    "primary": {
                        "id": "ocid1.instance.oc1.iad.abuwcljshkr3fimhfgmpo7liz7prhr2zesbc2ahdrd6hiza32i5uuque4wpa",
                        "attributes": {
                            "agent_config.#": "1",
                            "agent_config.0.is_monitoring_disabled": "false",
                            "availability_domain": "pNsu:US-ASHBURN-AD-1",
                            "boot_volume_id": "ocid1.bootvolume.oc1.iad.abuwcljsspthosy5liafcdgeld6rx2lde7ulpaitdaanvb6nx6vofgvs6daq",
                            "compartment_id": "ocid1.compartment.oc1..aaaaaaaavw46jg2q6xawn7fxuexuog7n7iqtlbch3aywiyynfhmh6zfbyp7a",
                            "create_vnic_details.#": "1",
                            "create_vnic_details.0.assign_public_ip": "false",
                            "create_vnic_details.0.defined_tags.%": "0",
                            "create_vnic_details.0.display_name": "ebsenv-app11",
                            "create_vnic_details.0.freeform_tags.%": "0",
                            "create_vnic_details.0.hostname_label": "ebsenv-app11",
                            "create_vnic_details.0.private_ip": "10.0.3.3",
                            "create_vnic_details.0.skip_source_dest_check": "false",
                            "create_vnic_details.0.subnet_id": "ocid1.subnet.oc1.iad.aaaaaaaa5cfntnjj43vgm2bmn4kzyt5ryxr5hox4xmn773cqzs45c7w6koeq",
                            "defined_tags.%": "0",
                            "display_name": "ebsenv-app-1",
                            "fault_domain": "FAULT-DOMAIN-1",
                            "freeform_tags.%": "0",
                            "hostname_label": "ebsenv-app11",
                            "id": "ocid1.instance.oc1.iad.abuwcljshkr3fimhfgmpo7liz7prhr2zesbc2ahdrd6hiza32i5uuque4wpa",
                            "image": "ocid1.image.oc1.iad.aaaaaaaaj6pcmnh6y3hdi3ibyxhhflvp3mj2qad4nspojrnxc6pzgn2w3k5q",
                            "launch_mode": "NATIVE",
                            "launch_options.#": "1",
                            "launch_options.0.boot_volume_type": "PARAVIRTUALIZED",
                            "launch_options.0.firmware": "UEFI_64",
                            "launch_options.0.is_consistent_volume_naming_enabled": "true",
                            "launch_options.0.is_pv_encryption_in_transit_enabled": "true",
                            "launch_options.0.network_type": "VFIO",
                            "launch_options.0.remote_data_volume_type": "PARAVIRTUALIZED",
                            "metadata.%": "2",
                            "metadata.ssh_authorized_keys": "ssh-rsa AAAAB3NzaC1yc2EAAAADAQABAAABAQDZRN3oVkdgaRa9LTSPKhjdNniQyX2c7kMqdyL+SDRV1lDWpqilHw/EKjjPO55/tsY4WNaNSg8rbFDyHao4DTAXeXAfjSaaXTnrAFZy/Zg7j4p1JFPRF8scT5CL/KLeP+HBhl2ejuQ7gPxtXC8udJjnzi8FHym2q0rdf0oJsAhCYrMIZsE7/HRzF2Bx7csJMhJn5s0/SdreocP5m5wnrHi2Q3A7UQ0hswmNE+WazmNfwyuIAiB0xHe6itT1133ScXpsfjy7AoZEqvh+LwDR7jeNMFixagNmEASVUzrRh3KFd3JkSjYJXf/TA1aLeC8UiC2onJqOoh1oBBVPcUUta4J1 autoGenerated",
                            "metadata.user_data": "I2Nsb3VkLWNvbmZpZw0KdGltZXpvbmU6ICJBbWVyaWNhL05ld19Zb3JrIg0KDQpwYWNrYWdlczoNCiAgLSByc3luYw0KICAtIG5mcy11dGlscw0KICAtIG50cA0KICAtIG9yYWNsZS1lYnMtc2VydmVyLVIxMi1wcmVpbnN0YWxsDQoNCnJ1bmNtZDoNCiAgLSBzdWRvIG1rZGlyIC1wIC91MDEvaW5zdGFsbC9BUFBTLw0KICAtIHN1ZG8gbW91bnQgLXQgbmZzIC1vIHJ3LGJnLGhhcmQsdGltZW89NjAwLG5mc3ZlcnM9Myx0Y3AgMTAuMC43LjQ6L2Vic2Vudi1mc3MxIC91MDEvaW5zdGFsbC9BUFBTLw0KICAtIHN1ZG8gY2hvd24gb3JhY2xlOm9pbnN0YWxsIC91MDEvaW5zdGFsbC9BUFBTLw0KICAtIGVjaG8gMTAuMC43LjQ6L2Vic2Vudi1mc3MxIC91MDEvaW5zdGFsbC9BUFBTLyBuZnMgcncsYmcsaGFyZCx0aW1lbz02MDAsbmZzdmVycz0zIDAgMCA+PiAvZXRjL2ZzdGFiDQogICMgUnVuIGZpcmV3YWxsIGNvbW1hbmQgdG8gZW5hYmxlIHRvIG9wZW4gcG9ydHMNCiAgLSBmaXJld2FsbC1vZmZsaW5lLWNtZCAtLXBvcnQ9ODAwMDp0Y3ANCiAgLSAvYmluL3N5c3RlbWN0bCByZXN0YXJ0IGZpcmV3YWxsZA0K",
                            "private_ip": "10.0.3.3",
                            "public_ip": "",
                            "region": "iad",
                            "shape": "VM.Standard2.2",
                            "source_details.#": "1",
                            "source_details.0.boot_volume_size_in_gbs": "100",
                            "source_details.0.kms_key_id": "",
                            "source_details.0.source_id": "ocid1.image.oc1.iad.aaaaaaaaj6pcmnh6y3hdi3ibyxhhflvp3mj2qad4nspojrnxc6pzgn2w3k5q",
                            "source_details.0.source_type": "image",
                            "state": "RUNNING",
                            "subnet_id": "ocid1.subnet.oc1.iad.aaaaaaaa5cfntnjj43vgm2bmn4kzyt5ryxr5hox4xmn773cqzs45c7w6koeq",
                            "time_created": "2019-06-11 12:21:20.719 +0000 UTC",
                            "time_maintenance_reboot_due": ""
                        },
                        "meta": {
                            "e2bfb730-ecaa-11e6-8f88-34363bc7c4c0": {
                                "create": 1200000000000,
                                "delete": 7200000000000,
                                "update": 7200000000000
                            }
                        },
                        "tainted": false
                    },
                    "deposed": [],
                    "provider": "provider.oci"
                },
                "oci_core_instance.compute.1": {
                    "type": "oci_core_instance",
                    "depends_on": [
                        "data.template_file.bootstrap"
                    ],
                    "primary": {
                        "id": "ocid1.instance.oc1.iad.abuwcljtrdoxq5qbibby5gsfwcx3p65ie5agfs5ldkvugm66c6xwccsl3cka",
                        "attributes": {
                            "agent_config.#": "1",
                            "agent_config.0.is_monitoring_disabled": "false",
                            "availability_domain": "pNsu:US-ASHBURN-AD-2",
                            "boot_volume_id": "ocid1.bootvolume.oc1.iad.abuwcljtdw6flc2fbwcvz5my5ohufaq5u6q2yamszjgtvgo6ynqcxg47mx4q",
                            "compartment_id": "ocid1.compartment.oc1..aaaaaaaavw46jg2q6xawn7fxuexuog7n7iqtlbch3aywiyynfhmh6zfbyp7a",
                            "create_vnic_details.#": "1",
                            "create_vnic_details.0.assign_public_ip": "false",
                            "create_vnic_details.0.defined_tags.%": "0",
                            "create_vnic_details.0.display_name": "ebsenv-app22",
                            "create_vnic_details.0.freeform_tags.%": "0",
                            "create_vnic_details.0.hostname_label": "ebsenv-app22",
                            "create_vnic_details.0.private_ip": "10.0.3.6",
                            "create_vnic_details.0.skip_source_dest_check": "false",
                            "create_vnic_details.0.subnet_id": "ocid1.subnet.oc1.iad.aaaaaaaa5cfntnjj43vgm2bmn4kzyt5ryxr5hox4xmn773cqzs45c7w6koeq",
                            "defined_tags.%": "0",
                            "display_name": "ebsenv-app-2",
                            "fault_domain": "FAULT-DOMAIN-1",
                            "freeform_tags.%": "0",
                            "hostname_label": "ebsenv-app22",
                            "id": "ocid1.instance.oc1.iad.abuwcljtrdoxq5qbibby5gsfwcx3p65ie5agfs5ldkvugm66c6xwccsl3cka",
                            "image": "ocid1.image.oc1.iad.aaaaaaaaj6pcmnh6y3hdi3ibyxhhflvp3mj2qad4nspojrnxc6pzgn2w3k5q",
                            "launch_mode": "NATIVE",
                            "launch_options.#": "1",
                            "launch_options.0.boot_volume_type": "PARAVIRTUALIZED",
                            "launch_options.0.firmware": "UEFI_64",
                            "launch_options.0.is_consistent_volume_naming_enabled": "true",
                            "launch_options.0.is_pv_encryption_in_transit_enabled": "true",
                            "launch_options.0.network_type": "VFIO",
                            "launch_options.0.remote_data_volume_type": "PARAVIRTUALIZED",
                            "metadata.%": "2",
                            "metadata.ssh_authorized_keys": "ssh-rsa AAAAB3NzaC1yc2EAAAADAQABAAABAQDZRN3oVkdgaRa9LTSPKhjdNniQyX2c7kMqdyL+SDRV1lDWpqilHw/EKjjPO55/tsY4WNaNSg8rbFDyHao4DTAXeXAfjSaaXTnrAFZy/Zg7j4p1JFPRF8scT5CL/KLeP+HBhl2ejuQ7gPxtXC8udJjnzi8FHym2q0rdf0oJsAhCYrMIZsE7/HRzF2Bx7csJMhJn5s0/SdreocP5m5wnrHi2Q3A7UQ0hswmNE+WazmNfwyuIAiB0xHe6itT1133ScXpsfjy7AoZEqvh+LwDR7jeNMFixagNmEASVUzrRh3KFd3JkSjYJXf/TA1aLeC8UiC2onJqOoh1oBBVPcUUta4J1 autoGenerated",
                            "metadata.user_data": "I2Nsb3VkLWNvbmZpZw0KdGltZXpvbmU6ICJBbWVyaWNhL05ld19Zb3JrIg0KDQpwYWNrYWdlczoNCiAgLSByc3luYw0KICAtIG5mcy11dGlscw0KICAtIG50cA0KICAtIG9yYWNsZS1lYnMtc2VydmVyLVIxMi1wcmVpbnN0YWxsDQoNCnJ1bmNtZDoNCiAgLSBzdWRvIG1rZGlyIC1wIC91MDEvaW5zdGFsbC9BUFBTLw0KICAtIHN1ZG8gbW91bnQgLXQgbmZzIC1vIHJ3LGJnLGhhcmQsdGltZW89NjAwLG5mc3ZlcnM9Myx0Y3AgMTAuMC43LjQ6L2Vic2Vudi1mc3MxIC91MDEvaW5zdGFsbC9BUFBTLw0KICAtIHN1ZG8gY2hvd24gb3JhY2xlOm9pbnN0YWxsIC91MDEvaW5zdGFsbC9BUFBTLw0KICAtIGVjaG8gMTAuMC43LjQ6L2Vic2Vudi1mc3MxIC91MDEvaW5zdGFsbC9BUFBTLyBuZnMgcncsYmcsaGFyZCx0aW1lbz02MDAsbmZzdmVycz0zIDAgMCA+PiAvZXRjL2ZzdGFiDQogICMgUnVuIGZpcmV3YWxsIGNvbW1hbmQgdG8gZW5hYmxlIHRvIG9wZW4gcG9ydHMNCiAgLSBmaXJld2FsbC1vZmZsaW5lLWNtZCAtLXBvcnQ9ODAwMDp0Y3ANCiAgLSAvYmluL3N5c3RlbWN0bCByZXN0YXJ0IGZpcmV3YWxsZA0K",
                            "private_ip": "10.0.3.6",
                            "public_ip": "",
                            "region": "iad",
                            "shape": "VM.Standard2.2",
                            "source_details.#": "1",
                            "source_details.0.boot_volume_size_in_gbs": "100",
                            "source_details.0.kms_key_id": "",
                            "source_details.0.source_id": "ocid1.image.oc1.iad.aaaaaaaaj6pcmnh6y3hdi3ibyxhhflvp3mj2qad4nspojrnxc6pzgn2w3k5q",
                            "source_details.0.source_type": "image",
                            "state": "RUNNING",
                            "subnet_id": "ocid1.subnet.oc1.iad.aaaaaaaa5cfntnjj43vgm2bmn4kzyt5ryxr5hox4xmn773cqzs45c7w6koeq",
                            "time_created": "2019-06-11 12:21:20.869 +0000 UTC",
                            "time_maintenance_reboot_due": ""
                        },
                        "meta": {
                            "e2bfb730-ecaa-11e6-8f88-34363bc7c4c0": {
                                "create": 1200000000000,
                                "delete": 7200000000000,
                                "update": 7200000000000
                            }
                        },
                        "tainted": false
                    },
                    "deposed": [],
                    "provider": "provider.oci"
                },
                "oci_core_instance.compute.2": {
                    "type": "oci_core_instance",
                    "depends_on": [
                        "data.template_file.bootstrap"
                    ],
                    "primary": {
                        "id": "ocid1.instance.oc1.iad.abuwcljs32oyqcvltzdlplwua347cjpxwyfobebdzevim25pisivxpl6pxyq",
                        "attributes": {
                            "agent_config.#": "1",
                            "agent_config.0.is_monitoring_disabled": "false",
                            "availability_domain": "pNsu:US-ASHBURN-AD-1",
                            "boot_volume_id": "ocid1.bootvolume.oc1.iad.abuwcljs67eo7qn3o4lev5kfm6cewpf6ap44fe5luvdw6dhe7w3cpckofvfq",
                            "compartment_id": "ocid1.compartment.oc1..aaaaaaaavw46jg2q6xawn7fxuexuog7n7iqtlbch3aywiyynfhmh6zfbyp7a",
                            "create_vnic_details.#": "1",
                            "create_vnic_details.0.assign_public_ip": "false",
                            "create_vnic_details.0.defined_tags.%": "0",
                            "create_vnic_details.0.display_name": "ebsenv-app13",
                            "create_vnic_details.0.freeform_tags.%": "0",
                            "create_vnic_details.0.hostname_label": "ebsenv-app13",
                            "create_vnic_details.0.private_ip": "10.0.3.2",
                            "create_vnic_details.0.skip_source_dest_check": "false",
                            "create_vnic_details.0.subnet_id": "ocid1.subnet.oc1.iad.aaaaaaaa5cfntnjj43vgm2bmn4kzyt5ryxr5hox4xmn773cqzs45c7w6koeq",
                            "defined_tags.%": "0",
                            "display_name": "ebsenv-app-3",
                            "fault_domain": "FAULT-DOMAIN-2",
                            "freeform_tags.%": "0",
                            "hostname_label": "ebsenv-app13",
                            "id": "ocid1.instance.oc1.iad.abuwcljs32oyqcvltzdlplwua347cjpxwyfobebdzevim25pisivxpl6pxyq",
                            "image": "ocid1.image.oc1.iad.aaaaaaaaj6pcmnh6y3hdi3ibyxhhflvp3mj2qad4nspojrnxc6pzgn2w3k5q",
                            "launch_mode": "NATIVE",
                            "launch_options.#": "1",
                            "launch_options.0.boot_volume_type": "PARAVIRTUALIZED",
                            "launch_options.0.firmware": "UEFI_64",
                            "launch_options.0.is_consistent_volume_naming_enabled": "true",
                            "launch_options.0.is_pv_encryption_in_transit_enabled": "true",
                            "launch_options.0.network_type": "VFIO",
                            "launch_options.0.remote_data_volume_type": "PARAVIRTUALIZED",
                            "metadata.%": "2",
                            "metadata.ssh_authorized_keys": "ssh-rsa AAAAB3NzaC1yc2EAAAADAQABAAABAQDZRN3oVkdgaRa9LTSPKhjdNniQyX2c7kMqdyL+SDRV1lDWpqilHw/EKjjPO55/tsY4WNaNSg8rbFDyHao4DTAXeXAfjSaaXTnrAFZy/Zg7j4p1JFPRF8scT5CL/KLeP+HBhl2ejuQ7gPxtXC8udJjnzi8FHym2q0rdf0oJsAhCYrMIZsE7/HRzF2Bx7csJMhJn5s0/SdreocP5m5wnrHi2Q3A7UQ0hswmNE+WazmNfwyuIAiB0xHe6itT1133ScXpsfjy7AoZEqvh+LwDR7jeNMFixagNmEASVUzrRh3KFd3JkSjYJXf/TA1aLeC8UiC2onJqOoh1oBBVPcUUta4J1 autoGenerated",
                            "metadata.user_data": "I2Nsb3VkLWNvbmZpZw0KdGltZXpvbmU6ICJBbWVyaWNhL05ld19Zb3JrIg0KDQpwYWNrYWdlczoNCiAgLSByc3luYw0KICAtIG5mcy11dGlscw0KICAtIG50cA0KICAtIG9yYWNsZS1lYnMtc2VydmVyLVIxMi1wcmVpbnN0YWxsDQoNCnJ1bmNtZDoNCiAgLSBzdWRvIG1rZGlyIC1wIC91MDEvaW5zdGFsbC9BUFBTLw0KICAtIHN1ZG8gbW91bnQgLXQgbmZzIC1vIHJ3LGJnLGhhcmQsdGltZW89NjAwLG5mc3ZlcnM9Myx0Y3AgMTAuMC43LjQ6L2Vic2Vudi1mc3MxIC91MDEvaW5zdGFsbC9BUFBTLw0KICAtIHN1ZG8gY2hvd24gb3JhY2xlOm9pbnN0YWxsIC91MDEvaW5zdGFsbC9BUFBTLw0KICAtIGVjaG8gMTAuMC43LjQ6L2Vic2Vudi1mc3MxIC91MDEvaW5zdGFsbC9BUFBTLyBuZnMgcncsYmcsaGFyZCx0aW1lbz02MDAsbmZzdmVycz0zIDAgMCA+PiAvZXRjL2ZzdGFiDQogICMgUnVuIGZpcmV3YWxsIGNvbW1hbmQgdG8gZW5hYmxlIHRvIG9wZW4gcG9ydHMNCiAgLSBmaXJld2FsbC1vZmZsaW5lLWNtZCAtLXBvcnQ9ODAwMDp0Y3ANCiAgLSAvYmluL3N5c3RlbWN0bCByZXN0YXJ0IGZpcmV3YWxsZA0K",
                            "private_ip": "10.0.3.2",
                            "public_ip": "",
                            "region": "iad",
                            "shape": "VM.Standard2.2",
                            "source_details.#": "1",
                            "source_details.0.boot_volume_size_in_gbs": "100",
                            "source_details.0.kms_key_id": "",
                            "source_details.0.source_id": "ocid1.image.oc1.iad.aaaaaaaaj6pcmnh6y3hdi3ibyxhhflvp3mj2qad4nspojrnxc6pzgn2w3k5q",
                            "source_details.0.source_type": "image",
                            "state": "RUNNING",
                            "subnet_id": "ocid1.subnet.oc1.iad.aaaaaaaa5cfntnjj43vgm2bmn4kzyt5ryxr5hox4xmn773cqzs45c7w6koeq",
                            "time_created": "2019-06-11 12:21:20.892 +0000 UTC",
                            "time_maintenance_reboot_due": ""
                        },
                        "meta": {
                            "e2bfb730-ecaa-11e6-8f88-34363bc7c4c0": {
                                "create": 1200000000000,
                                "delete": 7200000000000,
                                "update": 7200000000000
                            }
                        },
                        "tainted": false
                    },
                    "deposed": [],
                    "provider": "provider.oci"
                },
                "oci_core_instance.compute.3": {
                    "type": "oci_core_instance",
                    "depends_on": [
                        "data.template_file.bootstrap"
                    ],
                    "primary": {
                        "id": "ocid1.instance.oc1.iad.abuwcljteq4gpnbcxc3sdq5jd3iffbvksxg5kzyf53zojxwl25gkek3tic5a",
                        "attributes": {
                            "agent_config.#": "1",
                            "agent_config.0.is_monitoring_disabled": "false",
                            "availability_domain": "pNsu:US-ASHBURN-AD-2",
                            "boot_volume_id": "ocid1.bootvolume.oc1.iad.abuwcljtzgkernp64pyxlim6uodpzkd5c7o3pm7pv3b3pjvawvk5oeb4s5ea",
                            "compartment_id": "ocid1.compartment.oc1..aaaaaaaavw46jg2q6xawn7fxuexuog7n7iqtlbch3aywiyynfhmh6zfbyp7a",
                            "create_vnic_details.#": "1",
                            "create_vnic_details.0.assign_public_ip": "false",
                            "create_vnic_details.0.defined_tags.%": "0",
                            "create_vnic_details.0.display_name": "ebsenv-app24",
                            "create_vnic_details.0.freeform_tags.%": "0",
                            "create_vnic_details.0.hostname_label": "ebsenv-app24",
                            "create_vnic_details.0.private_ip": "10.0.3.5",
                            "create_vnic_details.0.skip_source_dest_check": "false",
                            "create_vnic_details.0.subnet_id": "ocid1.subnet.oc1.iad.aaaaaaaa5cfntnjj43vgm2bmn4kzyt5ryxr5hox4xmn773cqzs45c7w6koeq",
                            "defined_tags.%": "0",
                            "display_name": "ebsenv-app-4",
                            "fault_domain": "FAULT-DOMAIN-2",
                            "freeform_tags.%": "0",
                            "hostname_label": "ebsenv-app24",
                            "id": "ocid1.instance.oc1.iad.abuwcljteq4gpnbcxc3sdq5jd3iffbvksxg5kzyf53zojxwl25gkek3tic5a",
                            "image": "ocid1.image.oc1.iad.aaaaaaaaj6pcmnh6y3hdi3ibyxhhflvp3mj2qad4nspojrnxc6pzgn2w3k5q",
                            "launch_mode": "NATIVE",
                            "launch_options.#": "1",
                            "launch_options.0.boot_volume_type": "PARAVIRTUALIZED",
                            "launch_options.0.firmware": "UEFI_64",
                            "launch_options.0.is_consistent_volume_naming_enabled": "true",
                            "launch_options.0.is_pv_encryption_in_transit_enabled": "true",
                            "launch_options.0.network_type": "VFIO",
                            "launch_options.0.remote_data_volume_type": "PARAVIRTUALIZED",
                            "metadata.%": "2",
                            "metadata.ssh_authorized_keys": "ssh-rsa AAAAB3NzaC1yc2EAAAADAQABAAABAQDZRN3oVkdgaRa9LTSPKhjdNniQyX2c7kMqdyL+SDRV1lDWpqilHw/EKjjPO55/tsY4WNaNSg8rbFDyHao4DTAXeXAfjSaaXTnrAFZy/Zg7j4p1JFPRF8scT5CL/KLeP+HBhl2ejuQ7gPxtXC8udJjnzi8FHym2q0rdf0oJsAhCYrMIZsE7/HRzF2Bx7csJMhJn5s0/SdreocP5m5wnrHi2Q3A7UQ0hswmNE+WazmNfwyuIAiB0xHe6itT1133ScXpsfjy7AoZEqvh+LwDR7jeNMFixagNmEASVUzrRh3KFd3JkSjYJXf/TA1aLeC8UiC2onJqOoh1oBBVPcUUta4J1 autoGenerated",
                            "metadata.user_data": "I2Nsb3VkLWNvbmZpZw0KdGltZXpvbmU6ICJBbWVyaWNhL05ld19Zb3JrIg0KDQpwYWNrYWdlczoNCiAgLSByc3luYw0KICAtIG5mcy11dGlscw0KICAtIG50cA0KICAtIG9yYWNsZS1lYnMtc2VydmVyLVIxMi1wcmVpbnN0YWxsDQoNCnJ1bmNtZDoNCiAgLSBzdWRvIG1rZGlyIC1wIC91MDEvaW5zdGFsbC9BUFBTLw0KICAtIHN1ZG8gbW91bnQgLXQgbmZzIC1vIHJ3LGJnLGhhcmQsdGltZW89NjAwLG5mc3ZlcnM9Myx0Y3AgMTAuMC43LjQ6L2Vic2Vudi1mc3MxIC91MDEvaW5zdGFsbC9BUFBTLw0KICAtIHN1ZG8gY2hvd24gb3JhY2xlOm9pbnN0YWxsIC91MDEvaW5zdGFsbC9BUFBTLw0KICAtIGVjaG8gMTAuMC43LjQ6L2Vic2Vudi1mc3MxIC91MDEvaW5zdGFsbC9BUFBTLyBuZnMgcncsYmcsaGFyZCx0aW1lbz02MDAsbmZzdmVycz0zIDAgMCA+PiAvZXRjL2ZzdGFiDQogICMgUnVuIGZpcmV3YWxsIGNvbW1hbmQgdG8gZW5hYmxlIHRvIG9wZW4gcG9ydHMNCiAgLSBmaXJld2FsbC1vZmZsaW5lLWNtZCAtLXBvcnQ9ODAwMDp0Y3ANCiAgLSAvYmluL3N5c3RlbWN0bCByZXN0YXJ0IGZpcmV3YWxsZA0K",
                            "private_ip": "10.0.3.5",
                            "public_ip": "",
                            "region": "iad",
                            "shape": "VM.Standard2.2",
                            "source_details.#": "1",
                            "source_details.0.boot_volume_size_in_gbs": "100",
                            "source_details.0.kms_key_id": "",
                            "source_details.0.source_id": "ocid1.image.oc1.iad.aaaaaaaaj6pcmnh6y3hdi3ibyxhhflvp3mj2qad4nspojrnxc6pzgn2w3k5q",
                            "source_details.0.source_type": "image",
                            "state": "RUNNING",
                            "subnet_id": "ocid1.subnet.oc1.iad.aaaaaaaa5cfntnjj43vgm2bmn4kzyt5ryxr5hox4xmn773cqzs45c7w6koeq",
                            "time_created": "2019-06-11 12:21:20.559 +0000 UTC",
                            "time_maintenance_reboot_due": ""
                        },
                        "meta": {
                            "e2bfb730-ecaa-11e6-8f88-34363bc7c4c0": {
                                "create": 1200000000000,
                                "delete": 7200000000000,
                                "update": 7200000000000
                            }
                        },
                        "tainted": false
                    },
                    "deposed": [],
                    "provider": "provider.oci"
                },
                "oci_core_instance.compute.4": {
                    "type": "oci_core_instance",
                    "depends_on": [
                        "data.template_file.bootstrap"
                    ],
                    "primary": {
                        "id": "ocid1.instance.oc1.iad.abuwcljsqkgmwl6sinc7xjjz3vbnfcfz6lohkihrke55mrgsyoahp64pklza",
                        "attributes": {
                            "agent_config.#": "1",
                            "agent_config.0.is_monitoring_disabled": "false",
                            "availability_domain": "pNsu:US-ASHBURN-AD-1",
                            "boot_volume_id": "ocid1.bootvolume.oc1.iad.abuwcljsk7gpwll63uopn7cjhhga3xczlmml5uxkidycwodbczdvexuqvvqa",
                            "compartment_id": "ocid1.compartment.oc1..aaaaaaaavw46jg2q6xawn7fxuexuog7n7iqtlbch3aywiyynfhmh6zfbyp7a",
                            "create_vnic_details.#": "1",
                            "create_vnic_details.0.assign_public_ip": "false",
                            "create_vnic_details.0.defined_tags.%": "0",
                            "create_vnic_details.0.display_name": "ebsenv-app15",
                            "create_vnic_details.0.freeform_tags.%": "0",
                            "create_vnic_details.0.hostname_label": "ebsenv-app15",
                            "create_vnic_details.0.private_ip": "10.0.3.4",
                            "create_vnic_details.0.skip_source_dest_check": "false",
                            "create_vnic_details.0.subnet_id": "ocid1.subnet.oc1.iad.aaaaaaaa5cfntnjj43vgm2bmn4kzyt5ryxr5hox4xmn773cqzs45c7w6koeq",
                            "defined_tags.%": "0",
                            "display_name": "ebsenv-app-5",
                            "fault_domain": "FAULT-DOMAIN-3",
                            "freeform_tags.%": "0",
                            "hostname_label": "ebsenv-app15",
                            "id": "ocid1.instance.oc1.iad.abuwcljsqkgmwl6sinc7xjjz3vbnfcfz6lohkihrke55mrgsyoahp64pklza",
                            "image": "ocid1.image.oc1.iad.aaaaaaaaj6pcmnh6y3hdi3ibyxhhflvp3mj2qad4nspojrnxc6pzgn2w3k5q",
                            "launch_mode": "NATIVE",
                            "launch_options.#": "1",
                            "launch_options.0.boot_volume_type": "PARAVIRTUALIZED",
                            "launch_options.0.firmware": "UEFI_64",
                            "launch_options.0.is_consistent_volume_naming_enabled": "true",
                            "launch_options.0.is_pv_encryption_in_transit_enabled": "true",
                            "launch_options.0.network_type": "VFIO",
                            "launch_options.0.remote_data_volume_type": "PARAVIRTUALIZED",
                            "metadata.%": "2",
                            "metadata.ssh_authorized_keys": "ssh-rsa AAAAB3NzaC1yc2EAAAADAQABAAABAQDZRN3oVkdgaRa9LTSPKhjdNniQyX2c7kMqdyL+SDRV1lDWpqilHw/EKjjPO55/tsY4WNaNSg8rbFDyHao4DTAXeXAfjSaaXTnrAFZy/Zg7j4p1JFPRF8scT5CL/KLeP+HBhl2ejuQ7gPxtXC8udJjnzi8FHym2q0rdf0oJsAhCYrMIZsE7/HRzF2Bx7csJMhJn5s0/SdreocP5m5wnrHi2Q3A7UQ0hswmNE+WazmNfwyuIAiB0xHe6itT1133ScXpsfjy7AoZEqvh+LwDR7jeNMFixagNmEASVUzrRh3KFd3JkSjYJXf/TA1aLeC8UiC2onJqOoh1oBBVPcUUta4J1 autoGenerated",
                            "metadata.user_data": "I2Nsb3VkLWNvbmZpZw0KdGltZXpvbmU6ICJBbWVyaWNhL05ld19Zb3JrIg0KDQpwYWNrYWdlczoNCiAgLSByc3luYw0KICAtIG5mcy11dGlscw0KICAtIG50cA0KICAtIG9yYWNsZS1lYnMtc2VydmVyLVIxMi1wcmVpbnN0YWxsDQoNCnJ1bmNtZDoNCiAgLSBzdWRvIG1rZGlyIC1wIC91MDEvaW5zdGFsbC9BUFBTLw0KICAtIHN1ZG8gbW91bnQgLXQgbmZzIC1vIHJ3LGJnLGhhcmQsdGltZW89NjAwLG5mc3ZlcnM9Myx0Y3AgMTAuMC43LjQ6L2Vic2Vudi1mc3MxIC91MDEvaW5zdGFsbC9BUFBTLw0KICAtIHN1ZG8gY2hvd24gb3JhY2xlOm9pbnN0YWxsIC91MDEvaW5zdGFsbC9BUFBTLw0KICAtIGVjaG8gMTAuMC43LjQ6L2Vic2Vudi1mc3MxIC91MDEvaW5zdGFsbC9BUFBTLyBuZnMgcncsYmcsaGFyZCx0aW1lbz02MDAsbmZzdmVycz0zIDAgMCA+PiAvZXRjL2ZzdGFiDQogICMgUnVuIGZpcmV3YWxsIGNvbW1hbmQgdG8gZW5hYmxlIHRvIG9wZW4gcG9ydHMNCiAgLSBmaXJld2FsbC1vZmZsaW5lLWNtZCAtLXBvcnQ9ODAwMDp0Y3ANCiAgLSAvYmluL3N5c3RlbWN0bCByZXN0YXJ0IGZpcmV3YWxsZA0K",
                            "private_ip": "10.0.3.4",
                            "public_ip": "",
                            "region": "iad",
                            "shape": "VM.Standard2.2",
                            "source_details.#": "1",
                            "source_details.0.boot_volume_size_in_gbs": "100",
                            "source_details.0.kms_key_id": "",
                            "source_details.0.source_id": "ocid1.image.oc1.iad.aaaaaaaaj6pcmnh6y3hdi3ibyxhhflvp3mj2qad4nspojrnxc6pzgn2w3k5q",
                            "source_details.0.source_type": "image",
                            "state": "RUNNING",
                            "subnet_id": "ocid1.subnet.oc1.iad.aaaaaaaa5cfntnjj43vgm2bmn4kzyt5ryxr5hox4xmn773cqzs45c7w6koeq",
                            "time_created": "2019-06-11 12:21:20.258 +0000 UTC",
                            "time_maintenance_reboot_due": ""
                        },
                        "meta": {
                            "e2bfb730-ecaa-11e6-8f88-34363bc7c4c0": {
                                "create": 1200000000000,
                                "delete": 7200000000000,
                                "update": 7200000000000
                            }
                        },
                        "tainted": false
                    },
                    "deposed": [],
                    "provider": "provider.oci"
                },
                "oci_core_instance.compute.5": {
                    "type": "oci_core_instance",
                    "depends_on": [
                        "data.template_file.bootstrap"
                    ],
                    "primary": {
                        "id": "ocid1.instance.oc1.iad.abuwcljtsvvchzhyfy73viw4mauik6sm53agvz6todczmj2u4tlcpbqk6epa",
                        "attributes": {
                            "agent_config.#": "1",
                            "agent_config.0.is_monitoring_disabled": "false",
                            "availability_domain": "pNsu:US-ASHBURN-AD-2",
                            "boot_volume_id": "ocid1.bootvolume.oc1.iad.abuwcljt2wa4mfoxnkhunxt4jtzqov3tozk6rbflppz7nlifqvjmxpm2427q",
                            "compartment_id": "ocid1.compartment.oc1..aaaaaaaavw46jg2q6xawn7fxuexuog7n7iqtlbch3aywiyynfhmh6zfbyp7a",
                            "create_vnic_details.#": "1",
                            "create_vnic_details.0.assign_public_ip": "false",
                            "create_vnic_details.0.defined_tags.%": "0",
                            "create_vnic_details.0.display_name": "ebsenv-app26",
                            "create_vnic_details.0.freeform_tags.%": "0",
                            "create_vnic_details.0.hostname_label": "ebsenv-app26",
                            "create_vnic_details.0.private_ip": "10.0.3.7",
                            "create_vnic_details.0.skip_source_dest_check": "false",
                            "create_vnic_details.0.subnet_id": "ocid1.subnet.oc1.iad.aaaaaaaa5cfntnjj43vgm2bmn4kzyt5ryxr5hox4xmn773cqzs45c7w6koeq",
                            "defined_tags.%": "0",
                            "display_name": "ebsenv-app-6",
                            "fault_domain": "FAULT-DOMAIN-3",
                            "freeform_tags.%": "0",
                            "hostname_label": "ebsenv-app26",
                            "id": "ocid1.instance.oc1.iad.abuwcljtsvvchzhyfy73viw4mauik6sm53agvz6todczmj2u4tlcpbqk6epa",
                            "image": "ocid1.image.oc1.iad.aaaaaaaaj6pcmnh6y3hdi3ibyxhhflvp3mj2qad4nspojrnxc6pzgn2w3k5q",
                            "launch_mode": "NATIVE",
                            "launch_options.#": "1",
                            "launch_options.0.boot_volume_type": "PARAVIRTUALIZED",
                            "launch_options.0.firmware": "UEFI_64",
                            "launch_options.0.is_consistent_volume_naming_enabled": "true",
                            "launch_options.0.is_pv_encryption_in_transit_enabled": "true",
                            "launch_options.0.network_type": "VFIO",
                            "launch_options.0.remote_data_volume_type": "PARAVIRTUALIZED",
                            "metadata.%": "2",
                            "metadata.ssh_authorized_keys": "ssh-rsa AAAAB3NzaC1yc2EAAAADAQABAAABAQDZRN3oVkdgaRa9LTSPKhjdNniQyX2c7kMqdyL+SDRV1lDWpqilHw/EKjjPO55/tsY4WNaNSg8rbFDyHao4DTAXeXAfjSaaXTnrAFZy/Zg7j4p1JFPRF8scT5CL/KLeP+HBhl2ejuQ7gPxtXC8udJjnzi8FHym2q0rdf0oJsAhCYrMIZsE7/HRzF2Bx7csJMhJn5s0/SdreocP5m5wnrHi2Q3A7UQ0hswmNE+WazmNfwyuIAiB0xHe6itT1133ScXpsfjy7AoZEqvh+LwDR7jeNMFixagNmEASVUzrRh3KFd3JkSjYJXf/TA1aLeC8UiC2onJqOoh1oBBVPcUUta4J1 autoGenerated",
                            "metadata.user_data": "I2Nsb3VkLWNvbmZpZw0KdGltZXpvbmU6ICJBbWVyaWNhL05ld19Zb3JrIg0KDQpwYWNrYWdlczoNCiAgLSByc3luYw0KICAtIG5mcy11dGlscw0KICAtIG50cA0KICAtIG9yYWNsZS1lYnMtc2VydmVyLVIxMi1wcmVpbnN0YWxsDQoNCnJ1bmNtZDoNCiAgLSBzdWRvIG1rZGlyIC1wIC91MDEvaW5zdGFsbC9BUFBTLw0KICAtIHN1ZG8gbW91bnQgLXQgbmZzIC1vIHJ3LGJnLGhhcmQsdGltZW89NjAwLG5mc3ZlcnM9Myx0Y3AgMTAuMC43LjQ6L2Vic2Vudi1mc3MxIC91MDEvaW5zdGFsbC9BUFBTLw0KICAtIHN1ZG8gY2hvd24gb3JhY2xlOm9pbnN0YWxsIC91MDEvaW5zdGFsbC9BUFBTLw0KICAtIGVjaG8gMTAuMC43LjQ6L2Vic2Vudi1mc3MxIC91MDEvaW5zdGFsbC9BUFBTLyBuZnMgcncsYmcsaGFyZCx0aW1lbz02MDAsbmZzdmVycz0zIDAgMCA+PiAvZXRjL2ZzdGFiDQogICMgUnVuIGZpcmV3YWxsIGNvbW1hbmQgdG8gZW5hYmxlIHRvIG9wZW4gcG9ydHMNCiAgLSBmaXJld2FsbC1vZmZsaW5lLWNtZCAtLXBvcnQ9ODAwMDp0Y3ANCiAgLSAvYmluL3N5c3RlbWN0bCByZXN0YXJ0IGZpcmV3YWxsZA0K",
                            "private_ip": "10.0.3.7",
                            "public_ip": "",
                            "region": "iad",
                            "shape": "VM.Standard2.2",
                            "source_details.#": "1",
                            "source_details.0.boot_volume_size_in_gbs": "100",
                            "source_details.0.kms_key_id": "",
                            "source_details.0.source_id": "ocid1.image.oc1.iad.aaaaaaaaj6pcmnh6y3hdi3ibyxhhflvp3mj2qad4nspojrnxc6pzgn2w3k5q",
                            "source_details.0.source_type": "image",
                            "state": "RUNNING",
                            "subnet_id": "ocid1.subnet.oc1.iad.aaaaaaaa5cfntnjj43vgm2bmn4kzyt5ryxr5hox4xmn773cqzs45c7w6koeq",
                            "time_created": "2019-06-11 12:21:20.336 +0000 UTC",
                            "time_maintenance_reboot_due": ""
                        },
                        "meta": {
                            "e2bfb730-ecaa-11e6-8f88-34363bc7c4c0": {
                                "create": 1200000000000,
                                "delete": 7200000000000,
                                "update": 7200000000000
                            }
                        },
                        "tainted": false
                    },
                    "deposed": [],
                    "provider": "provider.oci"
                },
                "oci_file_storage_export.fss_exp.0": {
                    "type": "oci_file_storage_export",
                    "depends_on": [
                        "oci_file_storage_file_system.fss",
                        "oci_file_storage_file_system.fss.*",
                        "oci_file_storage_mount_target.fss_mt",
                        "oci_file_storage_mount_target.fss_mt.*"
                    ],
                    "primary": {
                        "id": "ocid1.export.oc1.iad.aaaaaa4np2sovtkunfqwillqojxwiotjmfsc2ylefuzaaaaa",
                        "attributes": {
                            "export_options.#": "1",
                            "export_options.0.access": "READ_WRITE",
                            "export_options.0.anonymous_gid": "65534",
                            "export_options.0.anonymous_uid": "65534",
                            "export_options.0.identity_squash": "NONE",
                            "export_options.0.require_privileged_source_port": "false",
                            "export_options.0.source": "0.0.0.0/0",
                            "export_set_id": "ocid1.exportset.oc1.iad.aaaaaa4np2sovtkqnfqwillqojxwiotjmfsc2ylefuzaaaaa",
                            "file_system_id": "ocid1.filesystem.oc1.iad.aaaaaaaaaaaaodfenfqwillqojxwiotjmfsc2ylefuzaaaaa",
                            "id": "ocid1.export.oc1.iad.aaaaaa4np2sovtkunfqwillqojxwiotjmfsc2ylefuzaaaaa",
                            "path": "/ebsenv-fss1",
                            "state": "ACTIVE",
                            "time_created": "2019-06-11 12:21:18.928 +0000 UTC"
                        },
                        "meta": {
                            "e2bfb730-ecaa-11e6-8f88-34363bc7c4c0": {
                                "create": 900000000000,
                                "delete": 900000000000,
                                "update": 900000000000
                            }
                        },
                        "tainted": false
                    },
                    "deposed": [],
                    "provider": "provider.oci"
                },
                "oci_file_storage_export.fss_exp.1": {
                    "type": "oci_file_storage_export",
                    "depends_on": [
                        "oci_file_storage_file_system.fss",
                        "oci_file_storage_file_system.fss.*",
                        "oci_file_storage_mount_target.fss_mt",
                        "oci_file_storage_mount_target.fss_mt.*"
                    ],
                    "primary": {
                        "id": "ocid1.export.oc1.iad.aaaaacvippxges73nfqwillqojxwiotjmfsc2ylefuzqaaaa",
                        "attributes": {
                            "export_options.#": "1",
                            "export_options.0.access": "READ_WRITE",
                            "export_options.0.anonymous_gid": "65534",
                            "export_options.0.anonymous_uid": "65534",
                            "export_options.0.identity_squash": "NONE",
                            "export_options.0.require_privileged_source_port": "false",
                            "export_options.0.source": "0.0.0.0/0",
                            "export_set_id": "ocid1.exportset.oc1.iad.aaaaacvippxgest7nfqwillqojxwiotjmfsc2ylefuzqaaaa",
                            "file_system_id": "ocid1.filesystem.oc1.iad.aaaaaaaaaaaamcdpnfqwillqojxwiotjmfsc2ylefuzqaaaa",
                            "id": "ocid1.export.oc1.iad.aaaaacvippxges73nfqwillqojxwiotjmfsc2ylefuzqaaaa",
                            "path": "/ebsenv-fss2",
                            "state": "ACTIVE",
                            "time_created": "2019-06-11 12:21:18.908 +0000 UTC"
                        },
                        "meta": {
                            "e2bfb730-ecaa-11e6-8f88-34363bc7c4c0": {
                                "create": 900000000000,
                                "delete": 900000000000,
                                "update": 900000000000
                            }
                        },
                        "tainted": false
                    },
                    "deposed": [],
                    "provider": "provider.oci"
                },
                "oci_file_storage_export_set.fss_expset.0": {
                    "type": "oci_file_storage_export_set",
                    "depends_on": [
                        "oci_file_storage_file_system.fss",
                        "oci_file_storage_mount_target.fss_mt",
                        "oci_file_storage_mount_target.fss_mt.*"
                    ],
                    "primary": {
                        "id": "ocid1.exportset.oc1.iad.aaaaaa4np2sovtkqnfqwillqojxwiotjmfsc2ylefuzaaaaa",
                        "attributes": {
                            "availability_domain": "pNsu:US-ASHBURN-AD-1",
                            "compartment_id": "ocid1.compartment.oc1..aaaaaaaavw46jg2q6xawn7fxuexuog7n7iqtlbch3aywiyynfhmh6zfbyp7a",
                            "display_name": "ebsenv-fss1_mt - export set",
                            "id": "ocid1.exportset.oc1.iad.aaaaaa4np2sovtkqnfqwillqojxwiotjmfsc2ylefuzaaaaa",
                            "max_fs_stat_bytes": "536870912000",
                            "max_fs_stat_files": "9223372036854775807",
                            "mount_target_id": "ocid1.mounttarget.oc1.iad.aaaaaa4np2sovtkrnfqwillqojxwiotjmfsc2ylefuzaaaaa",
                            "state": "ACTIVE",
                            "time_created": "2019-06-11 12:21:05.904 +0000 UTC",
                            "vcn_id": "ocid1.vcn.oc1.iad.aaaaaaaaqj6dryf3txpkbcuxpa5osmfrmuhc4lfpqy2h4gnxa5ootqxjjrpa"
                        },
                        "meta": {
                            "e2bfb730-ecaa-11e6-8f88-34363bc7c4c0": {
                                "create": 900000000000,
                                "delete": 900000000000,
                                "update": 900000000000
                            }
                        },
                        "tainted": false
                    },
                    "deposed": [],
                    "provider": "provider.oci"
                },
                "oci_file_storage_export_set.fss_expset.1": {
                    "type": "oci_file_storage_export_set",
                    "depends_on": [
                        "oci_file_storage_file_system.fss",
                        "oci_file_storage_mount_target.fss_mt",
                        "oci_file_storage_mount_target.fss_mt.*"
                    ],
                    "primary": {
                        "id": "ocid1.exportset.oc1.iad.aaaaacvippxgest7nfqwillqojxwiotjmfsc2ylefuzqaaaa",
                        "attributes": {
                            "availability_domain": "pNsu:US-ASHBURN-AD-2",
                            "compartment_id": "ocid1.compartment.oc1..aaaaaaaavw46jg2q6xawn7fxuexuog7n7iqtlbch3aywiyynfhmh6zfbyp7a",
                            "display_name": "ebsenv-fss2_mt - export set",
                            "id": "ocid1.exportset.oc1.iad.aaaaacvippxgest7nfqwillqojxwiotjmfsc2ylefuzqaaaa",
                            "max_fs_stat_bytes": "536870912000",
                            "max_fs_stat_files": "9223372036854775807",
                            "mount_target_id": "ocid1.mounttarget.oc1.iad.aaaaacvippxgesuanfqwillqojxwiotjmfsc2ylefuzqaaaa",
                            "state": "ACTIVE",
                            "time_created": "2019-06-11 12:21:05.894 +0000 UTC",
                            "vcn_id": "ocid1.vcn.oc1.iad.aaaaaaaaqj6dryf3txpkbcuxpa5osmfrmuhc4lfpqy2h4gnxa5ootqxjjrpa"
                        },
                        "meta": {
                            "e2bfb730-ecaa-11e6-8f88-34363bc7c4c0": {
                                "create": 900000000000,
                                "delete": 900000000000,
                                "update": 900000000000
                            }
                        },
                        "tainted": false
                    },
                    "deposed": [],
                    "provider": "provider.oci"
                },
                "oci_file_storage_file_system.fss.0": {
                    "type": "oci_file_storage_file_system",
                    "depends_on": [],
                    "primary": {
                        "id": "ocid1.filesystem.oc1.iad.aaaaaaaaaaaaodfenfqwillqojxwiotjmfsc2ylefuzaaaaa",
                        "attributes": {
                            "availability_domain": "pNsu:US-ASHBURN-AD-1",
                            "compartment_id": "ocid1.compartment.oc1..aaaaaaaavw46jg2q6xawn7fxuexuog7n7iqtlbch3aywiyynfhmh6zfbyp7a",
                            "defined_tags.%": "0",
                            "display_name": "ebsenv-fss1",
                            "freeform_tags.%": "0",
                            "id": "ocid1.filesystem.oc1.iad.aaaaaaaaaaaaodfenfqwillqojxwiotjmfsc2ylefuzaaaaa",
                            "metered_bytes": "0",
                            "state": "ACTIVE",
                            "time_created": "2019-06-11 12:21:00.033 +0000 UTC"
                        },
                        "meta": {
                            "e2bfb730-ecaa-11e6-8f88-34363bc7c4c0": {
                                "create": 900000000000,
                                "delete": 900000000000,
                                "update": 900000000000
                            }
                        },
                        "tainted": false
                    },
                    "deposed": [],
                    "provider": "provider.oci"
                },
                "oci_file_storage_file_system.fss.1": {
                    "type": "oci_file_storage_file_system",
                    "depends_on": [],
                    "primary": {
                        "id": "ocid1.filesystem.oc1.iad.aaaaaaaaaaaamcdpnfqwillqojxwiotjmfsc2ylefuzqaaaa",
                        "attributes": {
                            "availability_domain": "pNsu:US-ASHBURN-AD-2",
                            "compartment_id": "ocid1.compartment.oc1..aaaaaaaavw46jg2q6xawn7fxuexuog7n7iqtlbch3aywiyynfhmh6zfbyp7a",
                            "defined_tags.%": "0",
                            "display_name": "ebsenv-fss2",
                            "freeform_tags.%": "0",
                            "id": "ocid1.filesystem.oc1.iad.aaaaaaaaaaaamcdpnfqwillqojxwiotjmfsc2ylefuzqaaaa",
                            "metered_bytes": "0",
                            "state": "ACTIVE",
                            "time_created": "2019-06-11 12:20:59.988 +0000 UTC"
                        },
                        "meta": {
                            "e2bfb730-ecaa-11e6-8f88-34363bc7c4c0": {
                                "create": 900000000000,
                                "delete": 900000000000,
                                "update": 900000000000
                            }
                        },
                        "tainted": false
                    },
                    "deposed": [],
                    "provider": "provider.oci"
                },
                "oci_file_storage_mount_target.fss_mt.0": {
                    "type": "oci_file_storage_mount_target",
                    "depends_on": [
                        "oci_file_storage_file_system.fss"
                    ],
                    "primary": {
                        "id": "ocid1.mounttarget.oc1.iad.aaaaaa4np2sovtkrnfqwillqojxwiotjmfsc2ylefuzaaaaa",
                        "attributes": {
                            "availability_domain": "pNsu:US-ASHBURN-AD-1",
                            "compartment_id": "ocid1.compartment.oc1..aaaaaaaavw46jg2q6xawn7fxuexuog7n7iqtlbch3aywiyynfhmh6zfbyp7a",
                            "defined_tags.%": "0",
                            "display_name": "ebsenv-fss1_mt",
                            "export_set_id": "ocid1.exportset.oc1.iad.aaaaaa4np2sovtkqnfqwillqojxwiotjmfsc2ylefuzaaaaa",
                            "freeform_tags.%": "0",
                            "hostname_label": "ebsenv-fss1",
                            "id": "ocid1.mounttarget.oc1.iad.aaaaaa4np2sovtkrnfqwillqojxwiotjmfsc2ylefuzaaaaa",
                            "lifecycle_details": "",
                            "private_ip_ids.#": "1",
                            "private_ip_ids.0": "ocid1.privateip.oc1.iad.aaaaaaaajnmeyvtzne5qtx5mdyiuylfmrlksddvgnpk4jou2xolkx5qwnv4q",
                            "state": "ACTIVE",
                            "subnet_id": "ocid1.subnet.oc1.iad.aaaaaaaaiwohr2czjmnbrkx733okhosqx5dpopkq5swnq6wm4ui4pd7ddnqa",
                            "time_created": "2019-06-11 12:21:05.904 +0000 UTC"
                        },
                        "meta": {
                            "e2bfb730-ecaa-11e6-8f88-34363bc7c4c0": {
                                "create": 900000000000,
                                "delete": 900000000000,
                                "update": 900000000000
                            }
                        },
                        "tainted": false
                    },
                    "deposed": [],
                    "provider": "provider.oci"
                },
                "oci_file_storage_mount_target.fss_mt.1": {
                    "type": "oci_file_storage_mount_target",
                    "depends_on": [
                        "oci_file_storage_file_system.fss"
                    ],
                    "primary": {
                        "id": "ocid1.mounttarget.oc1.iad.aaaaacvippxgesuanfqwillqojxwiotjmfsc2ylefuzqaaaa",
                        "attributes": {
                            "availability_domain": "pNsu:US-ASHBURN-AD-2",
                            "compartment_id": "ocid1.compartment.oc1..aaaaaaaavw46jg2q6xawn7fxuexuog7n7iqtlbch3aywiyynfhmh6zfbyp7a",
                            "defined_tags.%": "0",
                            "display_name": "ebsenv-fss2_mt",
                            "export_set_id": "ocid1.exportset.oc1.iad.aaaaacvippxgest7nfqwillqojxwiotjmfsc2ylefuzqaaaa",
                            "freeform_tags.%": "0",
                            "hostname_label": "ebsenv-fss2",
                            "id": "ocid1.mounttarget.oc1.iad.aaaaacvippxgesuanfqwillqojxwiotjmfsc2ylefuzqaaaa",
                            "lifecycle_details": "",
                            "private_ip_ids.#": "1",
                            "private_ip_ids.0": "ocid1.privateip.oc1.iad.aaaaaaaaeerzsbsjyx54lygviegecs5gyhswgoeppomw46z7o5dirbaopzxq",
                            "state": "ACTIVE",
                            "subnet_id": "ocid1.subnet.oc1.iad.aaaaaaaaiwohr2czjmnbrkx733okhosqx5dpopkq5swnq6wm4ui4pd7ddnqa",
                            "time_created": "2019-06-11 12:21:05.893 +0000 UTC"
                        },
                        "meta": {
                            "e2bfb730-ecaa-11e6-8f88-34363bc7c4c0": {
                                "create": 900000000000,
                                "delete": 900000000000,
                                "update": 900000000000
                            }
                        },
                        "tainted": false
                    },
                    "deposed": [],
                    "provider": "provider.oci"
                },
                "random_integer.rand": {
                    "type": "random_integer",
                    "depends_on": [],
                    "primary": {
                        "id": "2712962226",
                        "attributes": {
                            "id": "2712962226",
                            "max": "9999999999",
                            "min": "1000000000",
                            "result": "2712962226"
                        },
                        "meta": {},
                        "tainted": false
                    },
                    "deposed": [],
                    "provider": "provider.random"
                }
            },
            "depends_on": []
        },
        {
            "path": [
                "root",
                "create_bastion"
            ],
            "outputs": {
                "Bastion_Public_IPs": {
                    "sensitive": false,
                    "type": "list",
                    "value": [
                        "132.145.156.170",
                        "150.136.243.67"
                    ]
                }
            },
            "resources": {
                "oci_core_instance.bastion.0": {
                    "type": "oci_core_instance",
                    "depends_on": [],
                    "primary": {
                        "id": "ocid1.instance.oc1.iad.abuwcljs2fvuwrlrsxyyndvbet2jqs2qe7ecx4s5tl6k3rwee3xa77xrfsra",
                        "attributes": {
                            "agent_config.#": "1",
                            "agent_config.0.is_monitoring_disabled": "false",
                            "availability_domain": "pNsu:US-ASHBURN-AD-1",
                            "boot_volume_id": "ocid1.bootvolume.oc1.iad.abuwcljsvpuk3liegjixwayn7llsieb2rs6xgr7bywuivwyln33emn62krxa",
                            "compartment_id": "ocid1.compartment.oc1..aaaaaaaavw46jg2q6xawn7fxuexuog7n7iqtlbch3aywiyynfhmh6zfbyp7a",
                            "create_vnic_details.#": "1",
                            "create_vnic_details.0.assign_public_ip": "true",
                            "create_vnic_details.0.defined_tags.%": "0",
                            "create_vnic_details.0.display_name": "ebsenv-bastion11",
                            "create_vnic_details.0.freeform_tags.%": "0",
                            "create_vnic_details.0.hostname_label": "ebsenv-bastion11",
                            "create_vnic_details.0.private_ip": "10.0.4.2",
                            "create_vnic_details.0.skip_source_dest_check": "false",
                            "create_vnic_details.0.subnet_id": "ocid1.subnet.oc1.iad.aaaaaaaatsw5xv26khmtwmtikny5mcakaf5tuv6jlosg2io5y5xmpuxbr3nq",
                            "defined_tags.%": "0",
                            "display_name": "ebsenv-bastion-1",
                            "fault_domain": "FAULT-DOMAIN-2",
                            "freeform_tags.%": "0",
                            "hostname_label": "ebsenv-bastion11",
                            "id": "ocid1.instance.oc1.iad.abuwcljs2fvuwrlrsxyyndvbet2jqs2qe7ecx4s5tl6k3rwee3xa77xrfsra",
                            "image": "ocid1.image.oc1.iad.aaaaaaaaj6pcmnh6y3hdi3ibyxhhflvp3mj2qad4nspojrnxc6pzgn2w3k5q",
                            "launch_mode": "NATIVE",
                            "launch_options.#": "1",
                            "launch_options.0.boot_volume_type": "PARAVIRTUALIZED",
                            "launch_options.0.firmware": "UEFI_64",
                            "launch_options.0.is_consistent_volume_naming_enabled": "true",
                            "launch_options.0.is_pv_encryption_in_transit_enabled": "true",
                            "launch_options.0.network_type": "VFIO",
                            "launch_options.0.remote_data_volume_type": "PARAVIRTUALIZED",
                            "metadata.%": "1",
                            "metadata.ssh_authorized_keys": "ssh-rsa AAAAB3NzaC1yc2EAAAADAQABAAABAQDIsDcgsR4ZrbvO5VfGHAYCfF/vK0IUOUDgL0BNXB+U8UZeaHXvkC3Zx+9e09Sa38fAvwAO7UThSX1EmEKo4TrMkw8wZImHARuviiQH+qGGKvAdtM8bUGELJd80GABlE9hD+VobaCufQ4IldkQh5bFIott61H07wV4k12aSYD4m/6KBjAqmMNYB+g/A8I0NzN7hUggKR0hyfinwTiTQjM2tDOAFpLAuz+ZvmUiAgxGU82GKRy86tWJ0cpeMa91VAcHjtrbJCCw4PHLbpfhbP34WI1KSenRqzVapBqzcaDtOGCqQHAqSTYkzb5SqL8QLWRPTXfrq/TbqbtsnNbYU1/Wf talemos@TALEMOS-BR",
                            "private_ip": "10.0.4.2",
                            "public_ip": "132.145.156.170",
                            "region": "iad",
                            "shape": "VM.Standard2.1",
                            "source_details.#": "1",
                            "source_details.0.boot_volume_size_in_gbs": "60",
                            "source_details.0.kms_key_id": "",
                            "source_details.0.source_id": "ocid1.image.oc1.iad.aaaaaaaaj6pcmnh6y3hdi3ibyxhhflvp3mj2qad4nspojrnxc6pzgn2w3k5q",
                            "source_details.0.source_type": "image",
                            "state": "RUNNING",
                            "subnet_id": "ocid1.subnet.oc1.iad.aaaaaaaatsw5xv26khmtwmtikny5mcakaf5tuv6jlosg2io5y5xmpuxbr3nq",
                            "time_created": "2019-06-11 12:21:03.777 +0000 UTC",
                            "time_maintenance_reboot_due": ""
                        },
                        "meta": {
                            "e2bfb730-ecaa-11e6-8f88-34363bc7c4c0": {
                                "create": 7200000000000,
                                "delete": 7200000000000,
                                "update": 7200000000000
                            }
                        },
                        "tainted": false
                    },
                    "deposed": [],
                    "provider": "provider.oci"
                },
                "oci_core_instance.bastion.1": {
                    "type": "oci_core_instance",
                    "depends_on": [],
                    "primary": {
                        "id": "ocid1.instance.oc1.iad.abuwcljt2e2b4pb3xse4llfwx5l2an72dcrsvpleyfoseo2nzwbvijwrroua",
                        "attributes": {
                            "agent_config.#": "1",
                            "agent_config.0.is_monitoring_disabled": "false",
                            "availability_domain": "pNsu:US-ASHBURN-AD-2",
                            "boot_volume_id": "ocid1.bootvolume.oc1.iad.abuwcljt4ojfgojojsvypbqebkhvm6dznbq747etqvkn73ip6qt6bemxujsq",
                            "compartment_id": "ocid1.compartment.oc1..aaaaaaaavw46jg2q6xawn7fxuexuog7n7iqtlbch3aywiyynfhmh6zfbyp7a",
                            "create_vnic_details.#": "1",
                            "create_vnic_details.0.assign_public_ip": "true",
                            "create_vnic_details.0.defined_tags.%": "0",
                            "create_vnic_details.0.display_name": "ebsenv-bastion22",
                            "create_vnic_details.0.freeform_tags.%": "0",
                            "create_vnic_details.0.hostname_label": "ebsenv-bastion22",
                            "create_vnic_details.0.private_ip": "10.0.4.3",
                            "create_vnic_details.0.skip_source_dest_check": "false",
                            "create_vnic_details.0.subnet_id": "ocid1.subnet.oc1.iad.aaaaaaaatsw5xv26khmtwmtikny5mcakaf5tuv6jlosg2io5y5xmpuxbr3nq",
                            "defined_tags.%": "0",
                            "display_name": "ebsenv-bastion-2",
                            "fault_domain": "FAULT-DOMAIN-1",
                            "freeform_tags.%": "0",
                            "hostname_label": "ebsenv-bastion22",
                            "id": "ocid1.instance.oc1.iad.abuwcljt2e2b4pb3xse4llfwx5l2an72dcrsvpleyfoseo2nzwbvijwrroua",
                            "image": "ocid1.image.oc1.iad.aaaaaaaaj6pcmnh6y3hdi3ibyxhhflvp3mj2qad4nspojrnxc6pzgn2w3k5q",
                            "launch_mode": "NATIVE",
                            "launch_options.#": "1",
                            "launch_options.0.boot_volume_type": "PARAVIRTUALIZED",
                            "launch_options.0.firmware": "UEFI_64",
                            "launch_options.0.is_consistent_volume_naming_enabled": "true",
                            "launch_options.0.is_pv_encryption_in_transit_enabled": "true",
                            "launch_options.0.network_type": "VFIO",
                            "launch_options.0.remote_data_volume_type": "PARAVIRTUALIZED",
                            "metadata.%": "1",
                            "metadata.ssh_authorized_keys": "ssh-rsa AAAAB3NzaC1yc2EAAAADAQABAAABAQDIsDcgsR4ZrbvO5VfGHAYCfF/vK0IUOUDgL0BNXB+U8UZeaHXvkC3Zx+9e09Sa38fAvwAO7UThSX1EmEKo4TrMkw8wZImHARuviiQH+qGGKvAdtM8bUGELJd80GABlE9hD+VobaCufQ4IldkQh5bFIott61H07wV4k12aSYD4m/6KBjAqmMNYB+g/A8I0NzN7hUggKR0hyfinwTiTQjM2tDOAFpLAuz+ZvmUiAgxGU82GKRy86tWJ0cpeMa91VAcHjtrbJCCw4PHLbpfhbP34WI1KSenRqzVapBqzcaDtOGCqQHAqSTYkzb5SqL8QLWRPTXfrq/TbqbtsnNbYU1/Wf talemos@TALEMOS-BR",
                            "private_ip": "10.0.4.3",
                            "public_ip": "150.136.243.67",
                            "region": "iad",
                            "shape": "VM.Standard2.1",
                            "source_details.#": "1",
                            "source_details.0.boot_volume_size_in_gbs": "60",
                            "source_details.0.kms_key_id": "",
                            "source_details.0.source_id": "ocid1.image.oc1.iad.aaaaaaaaj6pcmnh6y3hdi3ibyxhhflvp3mj2qad4nspojrnxc6pzgn2w3k5q",
                            "source_details.0.source_type": "image",
                            "state": "RUNNING",
                            "subnet_id": "ocid1.subnet.oc1.iad.aaaaaaaatsw5xv26khmtwmtikny5mcakaf5tuv6jlosg2io5y5xmpuxbr3nq",
                            "time_created": "2019-06-11 12:21:03.856 +0000 UTC",
                            "time_maintenance_reboot_due": ""
                        },
                        "meta": {
                            "e2bfb730-ecaa-11e6-8f88-34363bc7c4c0": {
                                "create": 7200000000000,
                                "delete": 7200000000000,
                                "update": 7200000000000
                            }
                        },
                        "tainted": false
                    },
                    "deposed": [],
                    "provider": "provider.oci"
                }
            },
            "depends_on": []
        },
        {
            "path": [
                "root",
                "create_private_lb"
            ],
            "outputs": {},
            "resources": {
                "oci_load_balancer.lb": {
                    "type": "oci_load_balancer",
                    "depends_on": [],
                    "primary": {
                        "id": "ocid1.loadbalancer.oc1.iad.aaaaaaaa6aakzfsa6unknqe46zb7nzapow5hupvo2msiclh3q5nqeoxsi3nq",
                        "attributes": {
                            "compartment_id": "ocid1.compartment.oc1..aaaaaaaavw46jg2q6xawn7fxuexuog7n7iqtlbch3aywiyynfhmh6zfbyp7a",
                            "defined_tags.%": "0",
                            "display_name": "ebsenv-prilb11",
                            "freeform_tags.%": "0",
                            "id": "ocid1.loadbalancer.oc1.iad.aaaaaaaa6aakzfsa6unknqe46zb7nzapow5hupvo2msiclh3q5nqeoxsi3nq",
                            "ip_address_details.#": "1",
                            "ip_address_details.0.ip_address": "10.0.6.4",
                            "ip_address_details.0.is_public": "false",
                            "ip_addresses.#": "1",
                            "ip_addresses.0": "10.0.6.4",
                            "is_private": "true",
                            "shape": "100Mbps",
                            "state": "ACTIVE",
                            "subnet_ids.#": "1",
                            "subnet_ids.0": "ocid1.subnet.oc1.iad.aaaaaaaamyduaerxoo3dly34sb4c7wxb4dh7skn45kjdr4u6l33j2qrsgaka",
                            "time_created": "2019-06-11 12:21:50.793 +0000 UTC"
                        },
                        "meta": {
                            "e2bfb730-ecaa-11e6-8f88-34363bc7c4c0": {
                                "create": 900000000000,
                                "delete": 900000000000,
                                "update": 900000000000
                            }
                        },
                        "tainted": false
                    },
                    "deposed": [],
                    "provider": "provider.oci"
                },
                "oci_load_balancer_backend.lb-bset-be.0": {
                    "type": "oci_load_balancer_backend",
                    "depends_on": [
                        "oci_load_balancer.lb",
                        "oci_load_balancer.lb.*",
                        "oci_load_balancer_backend_set.lb-bset",
                        "oci_load_balancer_backend_set.lb-bset.*"
                    ],
                    "primary": {
                        "id": "loadBalancers/ocid1.loadbalancer.oc1.iad.aaaaaaaa6aakzfsa6unknqe46zb7nzapow5hupvo2msiclh3q5nqeoxsi3nq/backendSets/ebsenv-prilb1-bes1/backends/10.0.3.3:8000",
                        "attributes": {
                            "backendset_name": "ebsenv-prilb1-bes1",
                            "backup": "false",
                            "drain": "false",
                            "id": "loadBalancers/ocid1.loadbalancer.oc1.iad.aaaaaaaa6aakzfsa6unknqe46zb7nzapow5hupvo2msiclh3q5nqeoxsi3nq/backendSets/ebsenv-prilb1-bes1/backends/10.0.3.3:8000",
                            "ip_address": "10.0.3.3",
                            "load_balancer_id": "ocid1.loadbalancer.oc1.iad.aaaaaaaa6aakzfsa6unknqe46zb7nzapow5hupvo2msiclh3q5nqeoxsi3nq",
                            "name": "10.0.3.3:8000",
                            "offline": "false",
                            "port": "8000",
                            "state": "SUCCEEDED",
                            "weight": "1"
                        },
                        "meta": {
                            "e2bfb730-ecaa-11e6-8f88-34363bc7c4c0": {
                                "create": 900000000000,
                                "delete": 900000000000,
                                "update": 900000000000
                            }
                        },
                        "tainted": false
                    },
                    "deposed": [],
                    "provider": "provider.oci"
                },
                "oci_load_balancer_backend.lb-bset-be.1": {
                    "type": "oci_load_balancer_backend",
                    "depends_on": [
                        "oci_load_balancer.lb",
                        "oci_load_balancer.lb.*",
                        "oci_load_balancer_backend_set.lb-bset",
                        "oci_load_balancer_backend_set.lb-bset.*"
                    ],
                    "primary": {
                        "id": "loadBalancers/ocid1.loadbalancer.oc1.iad.aaaaaaaa6aakzfsa6unknqe46zb7nzapow5hupvo2msiclh3q5nqeoxsi3nq/backendSets/ebsenv-prilb1-bes1/backends/10.0.3.6:8000",
                        "attributes": {
                            "backendset_name": "ebsenv-prilb1-bes1",
                            "backup": "false",
                            "drain": "false",
                            "id": "loadBalancers/ocid1.loadbalancer.oc1.iad.aaaaaaaa6aakzfsa6unknqe46zb7nzapow5hupvo2msiclh3q5nqeoxsi3nq/backendSets/ebsenv-prilb1-bes1/backends/10.0.3.6:8000",
                            "ip_address": "10.0.3.6",
                            "load_balancer_id": "ocid1.loadbalancer.oc1.iad.aaaaaaaa6aakzfsa6unknqe46zb7nzapow5hupvo2msiclh3q5nqeoxsi3nq",
                            "name": "10.0.3.6:8000",
                            "offline": "false",
                            "port": "8000",
                            "state": "SUCCEEDED",
                            "weight": "1"
                        },
                        "meta": {
                            "e2bfb730-ecaa-11e6-8f88-34363bc7c4c0": {
                                "create": 900000000000,
                                "delete": 900000000000,
                                "update": 900000000000
                            }
                        },
                        "tainted": false
                    },
                    "deposed": [],
                    "provider": "provider.oci"
                },
                "oci_load_balancer_backend.lb-bset-be.2": {
                    "type": "oci_load_balancer_backend",
                    "depends_on": [
                        "oci_load_balancer.lb",
                        "oci_load_balancer.lb.*",
                        "oci_load_balancer_backend_set.lb-bset",
                        "oci_load_balancer_backend_set.lb-bset.*"
                    ],
                    "primary": {
                        "id": "loadBalancers/ocid1.loadbalancer.oc1.iad.aaaaaaaa6aakzfsa6unknqe46zb7nzapow5hupvo2msiclh3q5nqeoxsi3nq/backendSets/ebsenv-prilb1-bes1/backends/10.0.3.2:8000",
                        "attributes": {
                            "backendset_name": "ebsenv-prilb1-bes1",
                            "backup": "false",
                            "drain": "false",
                            "id": "loadBalancers/ocid1.loadbalancer.oc1.iad.aaaaaaaa6aakzfsa6unknqe46zb7nzapow5hupvo2msiclh3q5nqeoxsi3nq/backendSets/ebsenv-prilb1-bes1/backends/10.0.3.2:8000",
                            "ip_address": "10.0.3.2",
                            "load_balancer_id": "ocid1.loadbalancer.oc1.iad.aaaaaaaa6aakzfsa6unknqe46zb7nzapow5hupvo2msiclh3q5nqeoxsi3nq",
                            "name": "10.0.3.2:8000",
                            "offline": "false",
                            "port": "8000",
                            "state": "SUCCEEDED",
                            "weight": "1"
                        },
                        "meta": {
                            "e2bfb730-ecaa-11e6-8f88-34363bc7c4c0": {
                                "create": 900000000000,
                                "delete": 900000000000,
                                "update": 900000000000
                            }
                        },
                        "tainted": false
                    },
                    "deposed": [],
                    "provider": "provider.oci"
                },
                "oci_load_balancer_backend.lb-bset-be.3": {
                    "type": "oci_load_balancer_backend",
                    "depends_on": [
                        "oci_load_balancer.lb",
                        "oci_load_balancer.lb.*",
                        "oci_load_balancer_backend_set.lb-bset",
                        "oci_load_balancer_backend_set.lb-bset.*"
                    ],
                    "primary": {
                        "id": "loadBalancers/ocid1.loadbalancer.oc1.iad.aaaaaaaa6aakzfsa6unknqe46zb7nzapow5hupvo2msiclh3q5nqeoxsi3nq/backendSets/ebsenv-prilb1-bes1/backends/10.0.3.5:8000",
                        "attributes": {
                            "backendset_name": "ebsenv-prilb1-bes1",
                            "backup": "false",
                            "drain": "false",
                            "id": "loadBalancers/ocid1.loadbalancer.oc1.iad.aaaaaaaa6aakzfsa6unknqe46zb7nzapow5hupvo2msiclh3q5nqeoxsi3nq/backendSets/ebsenv-prilb1-bes1/backends/10.0.3.5:8000",
                            "ip_address": "10.0.3.5",
                            "load_balancer_id": "ocid1.loadbalancer.oc1.iad.aaaaaaaa6aakzfsa6unknqe46zb7nzapow5hupvo2msiclh3q5nqeoxsi3nq",
                            "name": "10.0.3.5:8000",
                            "offline": "false",
                            "port": "8000",
                            "state": "SUCCEEDED",
                            "weight": "1"
                        },
                        "meta": {
                            "e2bfb730-ecaa-11e6-8f88-34363bc7c4c0": {
                                "create": 900000000000,
                                "delete": 900000000000,
                                "update": 900000000000
                            }
                        },
                        "tainted": false
                    },
                    "deposed": [],
                    "provider": "provider.oci"
                },
                "oci_load_balancer_backend.lb-bset-be.4": {
                    "type": "oci_load_balancer_backend",
                    "depends_on": [
                        "oci_load_balancer.lb",
                        "oci_load_balancer.lb.*",
                        "oci_load_balancer_backend_set.lb-bset",
                        "oci_load_balancer_backend_set.lb-bset.*"
                    ],
                    "primary": {
                        "id": "loadBalancers/ocid1.loadbalancer.oc1.iad.aaaaaaaa6aakzfsa6unknqe46zb7nzapow5hupvo2msiclh3q5nqeoxsi3nq/backendSets/ebsenv-prilb1-bes1/backends/10.0.3.4:8000",
                        "attributes": {
                            "backendset_name": "ebsenv-prilb1-bes1",
                            "backup": "false",
                            "drain": "false",
                            "id": "loadBalancers/ocid1.loadbalancer.oc1.iad.aaaaaaaa6aakzfsa6unknqe46zb7nzapow5hupvo2msiclh3q5nqeoxsi3nq/backendSets/ebsenv-prilb1-bes1/backends/10.0.3.4:8000",
                            "ip_address": "10.0.3.4",
                            "load_balancer_id": "ocid1.loadbalancer.oc1.iad.aaaaaaaa6aakzfsa6unknqe46zb7nzapow5hupvo2msiclh3q5nqeoxsi3nq",
                            "name": "10.0.3.4:8000",
                            "offline": "false",
                            "port": "8000",
                            "state": "SUCCEEDED",
                            "weight": "1"
                        },
                        "meta": {
                            "e2bfb730-ecaa-11e6-8f88-34363bc7c4c0": {
                                "create": 900000000000,
                                "delete": 900000000000,
                                "update": 900000000000
                            }
                        },
                        "tainted": false
                    },
                    "deposed": [],
                    "provider": "provider.oci"
                },
                "oci_load_balancer_backend.lb-bset-be.5": {
                    "type": "oci_load_balancer_backend",
                    "depends_on": [
                        "oci_load_balancer.lb",
                        "oci_load_balancer.lb.*",
                        "oci_load_balancer_backend_set.lb-bset",
                        "oci_load_balancer_backend_set.lb-bset.*"
                    ],
                    "primary": {
                        "id": "loadBalancers/ocid1.loadbalancer.oc1.iad.aaaaaaaa6aakzfsa6unknqe46zb7nzapow5hupvo2msiclh3q5nqeoxsi3nq/backendSets/ebsenv-prilb1-bes1/backends/10.0.3.7:8000",
                        "attributes": {
                            "backendset_name": "ebsenv-prilb1-bes1",
                            "backup": "false",
                            "drain": "false",
                            "id": "loadBalancers/ocid1.loadbalancer.oc1.iad.aaaaaaaa6aakzfsa6unknqe46zb7nzapow5hupvo2msiclh3q5nqeoxsi3nq/backendSets/ebsenv-prilb1-bes1/backends/10.0.3.7:8000",
                            "ip_address": "10.0.3.7",
                            "load_balancer_id": "ocid1.loadbalancer.oc1.iad.aaaaaaaa6aakzfsa6unknqe46zb7nzapow5hupvo2msiclh3q5nqeoxsi3nq",
                            "name": "10.0.3.7:8000",
                            "offline": "false",
                            "port": "8000",
                            "state": "SUCCEEDED",
                            "weight": "1"
                        },
                        "meta": {
                            "e2bfb730-ecaa-11e6-8f88-34363bc7c4c0": {
                                "create": 900000000000,
                                "delete": 900000000000,
                                "update": 900000000000
                            }
                        },
                        "tainted": false
                    },
                    "deposed": [],
                    "provider": "provider.oci"
                },
                "oci_load_balancer_backend_set.lb-bset": {
                    "type": "oci_load_balancer_backend_set",
                    "depends_on": [
                        "oci_load_balancer.lb",
                        "oci_load_balancer.lb.*"
                    ],
                    "primary": {
                        "id": "loadBalancers/ocid1.loadbalancer.oc1.iad.aaaaaaaa6aakzfsa6unknqe46zb7nzapow5hupvo2msiclh3q5nqeoxsi3nq/backendSets/ebsenv-prilb1-bes1",
                        "attributes": {
                            "backend.#": "0",
                            "health_checker.#": "1",
                            "health_checker.0.interval_ms": "30000",
                            "health_checker.0.port": "8000",
                            "health_checker.0.protocol": "HTTP",
                            "health_checker.0.response_body_regex": ".*",
                            "health_checker.0.retries": "3",
                            "health_checker.0.return_code": "200",
                            "health_checker.0.timeout_in_millis": "3000",
                            "health_checker.0.url_path": "/",
                            "id": "loadBalancers/ocid1.loadbalancer.oc1.iad.aaaaaaaa6aakzfsa6unknqe46zb7nzapow5hupvo2msiclh3q5nqeoxsi3nq/backendSets/ebsenv-prilb1-bes1",
                            "load_balancer_id": "ocid1.loadbalancer.oc1.iad.aaaaaaaa6aakzfsa6unknqe46zb7nzapow5hupvo2msiclh3q5nqeoxsi3nq",
                            "name": "ebsenv-prilb1-bes1",
                            "policy": "ROUND_ROBIN",
                            "session_persistence_configuration.#": "1",
                            "session_persistence_configuration.0.cookie_name": "lb-sessprs",
                            "session_persistence_configuration.0.disable_fallback": "true",
                            "ssl_configuration.#": "0",
                            "state": "SUCCEEDED"
                        },
                        "meta": {
                            "e2bfb730-ecaa-11e6-8f88-34363bc7c4c0": {
                                "create": 900000000000,
                                "delete": 900000000000,
                                "update": 900000000000
                            }
                        },
                        "tainted": false
                    },
                    "deposed": [],
                    "provider": "provider.oci"
                },
                "oci_load_balancer_hostname.hostname": {
                    "type": "oci_load_balancer_hostname",
                    "depends_on": [
                        "oci_load_balancer.lb",
                        "oci_load_balancer.lb.*"
                    ],
                    "primary": {
                        "id": "loadBalancers/ocid1.loadbalancer.oc1.iad.aaaaaaaa6aakzfsa6unknqe46zb7nzapow5hupvo2msiclh3q5nqeoxsi3nq/hostnames/hostname1",
                        "attributes": {
                            "hostname": "pri.ebs.example.com",
                            "id": "loadBalancers/ocid1.loadbalancer.oc1.iad.aaaaaaaa6aakzfsa6unknqe46zb7nzapow5hupvo2msiclh3q5nqeoxsi3nq/hostnames/hostname1",
                            "load_balancer_id": "ocid1.loadbalancer.oc1.iad.aaaaaaaa6aakzfsa6unknqe46zb7nzapow5hupvo2msiclh3q5nqeoxsi3nq",
                            "name": "hostname1",
                            "state": "SUCCEEDED"
                        },
                        "meta": {
                            "e2bfb730-ecaa-11e6-8f88-34363bc7c4c0": {
                                "create": 900000000000,
                                "delete": 900000000000,
                                "update": 900000000000
                            }
                        },
                        "tainted": false
                    },
                    "deposed": [],
                    "provider": "provider.oci"
                },
                "oci_load_balancer_listener.lb-listener": {
                    "type": "oci_load_balancer_listener",
                    "depends_on": [
                        "oci_load_balancer.lb",
                        "oci_load_balancer.lb.*",
                        "oci_load_balancer_backend_set.lb-bset",
                        "oci_load_balancer_backend_set.lb-bset.*",
                        "oci_load_balancer_hostname.hostname",
                        "oci_load_balancer_hostname.hostname.*"
                    ],
                    "primary": {
                        "id": "loadBalancers/ocid1.loadbalancer.oc1.iad.aaaaaaaa6aakzfsa6unknqe46zb7nzapow5hupvo2msiclh3q5nqeoxsi3nq/listeners/ebsenv-prilb1-lsnr1",
                        "attributes": {
                            "connection_configuration.#": "1",
                            "connection_configuration.0.idle_timeout_in_seconds": "2",
                            "default_backend_set_name": "ebsenv-prilb1-bes1",
                            "hostname_names.#": "1",
                            "hostname_names.0": "hostname1",
                            "id": "loadBalancers/ocid1.loadbalancer.oc1.iad.aaaaaaaa6aakzfsa6unknqe46zb7nzapow5hupvo2msiclh3q5nqeoxsi3nq/listeners/ebsenv-prilb1-lsnr1",
                            "load_balancer_id": "ocid1.loadbalancer.oc1.iad.aaaaaaaa6aakzfsa6unknqe46zb7nzapow5hupvo2msiclh3q5nqeoxsi3nq",
                            "name": "ebsenv-prilb1-lsnr1",
                            "port": "8000",
                            "protocol": "HTTP",
                            "rule_set_names.#": "0",
                            "ssl_configuration.#": "0",
                            "state": "SUCCEEDED"
                        },
                        "meta": {
                            "e2bfb730-ecaa-11e6-8f88-34363bc7c4c0": {
                                "create": 900000000000,
                                "delete": 900000000000,
                                "update": 900000000000
                            }
                        },
                        "tainted": false
                    },
                    "deposed": [],
                    "provider": "provider.oci"
                }
            },
            "depends_on": []
        },
        {
            "path": [
                "root",
                "create_public_lb"
            ],
            "outputs": {},
            "resources": {
                "oci_load_balancer.lb": {
                    "type": "oci_load_balancer",
                    "depends_on": [],
                    "primary": {
                        "id": "ocid1.loadbalancer.oc1.iad.aaaaaaaao4u6p6qopvwgp657nnw7tsmxrudea3mlv2nohfxixb6mgwpekknq",
                        "attributes": {
                            "compartment_id": "ocid1.compartment.oc1..aaaaaaaavw46jg2q6xawn7fxuexuog7n7iqtlbch3aywiyynfhmh6zfbyp7a",
                            "defined_tags.%": "0",
                            "display_name": "ebsenv-publb11",
                            "freeform_tags.%": "0",
                            "id": "ocid1.loadbalancer.oc1.iad.aaaaaaaao4u6p6qopvwgp657nnw7tsmxrudea3mlv2nohfxixb6mgwpekknq",
                            "ip_address_details.#": "1",
                            "ip_address_details.0.ip_address": "129.213.141.238",
                            "ip_address_details.0.is_public": "true",
                            "ip_addresses.#": "1",
                            "ip_addresses.0": "129.213.141.238",
                            "is_private": "false",
                            "shape": "100Mbps",
                            "state": "ACTIVE",
                            "subnet_ids.#": "1",
                            "subnet_ids.0": "ocid1.subnet.oc1.iad.aaaaaaaaactztfmu7cj76k5k4dz6aecsjfm4jh6xw6d5z33vtcyfplpui2bq",
                            "time_created": "2019-06-11 12:21:07.504 +0000 UTC"
                        },
                        "meta": {
                            "e2bfb730-ecaa-11e6-8f88-34363bc7c4c0": {
                                "create": 900000000000,
                                "delete": 900000000000,
                                "update": 900000000000
                            }
                        },
                        "tainted": false
                    },
                    "deposed": [],
                    "provider": "provider.oci"
                },
                "oci_load_balancer_backend.lb-bset-be.0": {
                    "type": "oci_load_balancer_backend",
                    "depends_on": [
                        "oci_load_balancer.lb",
                        "oci_load_balancer.lb.*",
                        "oci_load_balancer_backend_set.lb-bset",
                        "oci_load_balancer_backend_set.lb-bset.*"
                    ],
                    "primary": {
                        "id": "loadBalancers/ocid1.loadbalancer.oc1.iad.aaaaaaaao4u6p6qopvwgp657nnw7tsmxrudea3mlv2nohfxixb6mgwpekknq/backendSets/ebsenv-publb1-bes1/backends/10.0.3.3:8000",
                        "attributes": {
                            "backendset_name": "ebsenv-publb1-bes1",
                            "backup": "false",
                            "drain": "false",
                            "id": "loadBalancers/ocid1.loadbalancer.oc1.iad.aaaaaaaao4u6p6qopvwgp657nnw7tsmxrudea3mlv2nohfxixb6mgwpekknq/backendSets/ebsenv-publb1-bes1/backends/10.0.3.3:8000",
                            "ip_address": "10.0.3.3",
                            "load_balancer_id": "ocid1.loadbalancer.oc1.iad.aaaaaaaao4u6p6qopvwgp657nnw7tsmxrudea3mlv2nohfxixb6mgwpekknq",
                            "name": "10.0.3.3:8000",
                            "offline": "false",
                            "port": "8000",
                            "state": "SUCCEEDED",
                            "weight": "1"
                        },
                        "meta": {
                            "e2bfb730-ecaa-11e6-8f88-34363bc7c4c0": {
                                "create": 900000000000,
                                "delete": 900000000000,
                                "update": 900000000000
                            }
                        },
                        "tainted": false
                    },
                    "deposed": [],
                    "provider": "provider.oci"
                },
                "oci_load_balancer_backend.lb-bset-be.1": {
                    "type": "oci_load_balancer_backend",
                    "depends_on": [
                        "oci_load_balancer.lb",
                        "oci_load_balancer.lb.*",
                        "oci_load_balancer_backend_set.lb-bset",
                        "oci_load_balancer_backend_set.lb-bset.*"
                    ],
                    "primary": {
                        "id": "loadBalancers/ocid1.loadbalancer.oc1.iad.aaaaaaaao4u6p6qopvwgp657nnw7tsmxrudea3mlv2nohfxixb6mgwpekknq/backendSets/ebsenv-publb1-bes1/backends/10.0.3.6:8000",
                        "attributes": {
                            "backendset_name": "ebsenv-publb1-bes1",
                            "backup": "false",
                            "drain": "false",
                            "id": "loadBalancers/ocid1.loadbalancer.oc1.iad.aaaaaaaao4u6p6qopvwgp657nnw7tsmxrudea3mlv2nohfxixb6mgwpekknq/backendSets/ebsenv-publb1-bes1/backends/10.0.3.6:8000",
                            "ip_address": "10.0.3.6",
                            "load_balancer_id": "ocid1.loadbalancer.oc1.iad.aaaaaaaao4u6p6qopvwgp657nnw7tsmxrudea3mlv2nohfxixb6mgwpekknq",
                            "name": "10.0.3.6:8000",
                            "offline": "false",
                            "port": "8000",
                            "state": "SUCCEEDED",
                            "weight": "1"
                        },
                        "meta": {
                            "e2bfb730-ecaa-11e6-8f88-34363bc7c4c0": {
                                "create": 900000000000,
                                "delete": 900000000000,
                                "update": 900000000000
                            }
                        },
                        "tainted": false
                    },
                    "deposed": [],
                    "provider": "provider.oci"
                },
                "oci_load_balancer_backend.lb-bset-be.2": {
                    "type": "oci_load_balancer_backend",
                    "depends_on": [
                        "oci_load_balancer.lb",
                        "oci_load_balancer.lb.*",
                        "oci_load_balancer_backend_set.lb-bset",
                        "oci_load_balancer_backend_set.lb-bset.*"
                    ],
                    "primary": {
                        "id": "loadBalancers/ocid1.loadbalancer.oc1.iad.aaaaaaaao4u6p6qopvwgp657nnw7tsmxrudea3mlv2nohfxixb6mgwpekknq/backendSets/ebsenv-publb1-bes1/backends/10.0.3.2:8000",
                        "attributes": {
                            "backendset_name": "ebsenv-publb1-bes1",
                            "backup": "false",
                            "drain": "false",
                            "id": "loadBalancers/ocid1.loadbalancer.oc1.iad.aaaaaaaao4u6p6qopvwgp657nnw7tsmxrudea3mlv2nohfxixb6mgwpekknq/backendSets/ebsenv-publb1-bes1/backends/10.0.3.2:8000",
                            "ip_address": "10.0.3.2",
                            "load_balancer_id": "ocid1.loadbalancer.oc1.iad.aaaaaaaao4u6p6qopvwgp657nnw7tsmxrudea3mlv2nohfxixb6mgwpekknq",
                            "name": "10.0.3.2:8000",
                            "offline": "false",
                            "port": "8000",
                            "state": "SUCCEEDED",
                            "weight": "1"
                        },
                        "meta": {
                            "e2bfb730-ecaa-11e6-8f88-34363bc7c4c0": {
                                "create": 900000000000,
                                "delete": 900000000000,
                                "update": 900000000000
                            }
                        },
                        "tainted": false
                    },
                    "deposed": [],
                    "provider": "provider.oci"
                },
                "oci_load_balancer_backend.lb-bset-be.3": {
                    "type": "oci_load_balancer_backend",
                    "depends_on": [
                        "oci_load_balancer.lb",
                        "oci_load_balancer.lb.*",
                        "oci_load_balancer_backend_set.lb-bset",
                        "oci_load_balancer_backend_set.lb-bset.*"
                    ],
                    "primary": {
                        "id": "loadBalancers/ocid1.loadbalancer.oc1.iad.aaaaaaaao4u6p6qopvwgp657nnw7tsmxrudea3mlv2nohfxixb6mgwpekknq/backendSets/ebsenv-publb1-bes1/backends/10.0.3.5:8000",
                        "attributes": {
                            "backendset_name": "ebsenv-publb1-bes1",
                            "backup": "false",
                            "drain": "false",
                            "id": "loadBalancers/ocid1.loadbalancer.oc1.iad.aaaaaaaao4u6p6qopvwgp657nnw7tsmxrudea3mlv2nohfxixb6mgwpekknq/backendSets/ebsenv-publb1-bes1/backends/10.0.3.5:8000",
                            "ip_address": "10.0.3.5",
                            "load_balancer_id": "ocid1.loadbalancer.oc1.iad.aaaaaaaao4u6p6qopvwgp657nnw7tsmxrudea3mlv2nohfxixb6mgwpekknq",
                            "name": "10.0.3.5:8000",
                            "offline": "false",
                            "port": "8000",
                            "state": "SUCCEEDED",
                            "weight": "1"
                        },
                        "meta": {
                            "e2bfb730-ecaa-11e6-8f88-34363bc7c4c0": {
                                "create": 900000000000,
                                "delete": 900000000000,
                                "update": 900000000000
                            }
                        },
                        "tainted": false
                    },
                    "deposed": [],
                    "provider": "provider.oci"
                },
                "oci_load_balancer_backend.lb-bset-be.4": {
                    "type": "oci_load_balancer_backend",
                    "depends_on": [
                        "oci_load_balancer.lb",
                        "oci_load_balancer.lb.*",
                        "oci_load_balancer_backend_set.lb-bset",
                        "oci_load_balancer_backend_set.lb-bset.*"
                    ],
                    "primary": {
                        "id": "loadBalancers/ocid1.loadbalancer.oc1.iad.aaaaaaaao4u6p6qopvwgp657nnw7tsmxrudea3mlv2nohfxixb6mgwpekknq/backendSets/ebsenv-publb1-bes1/backends/10.0.3.4:8000",
                        "attributes": {
                            "backendset_name": "ebsenv-publb1-bes1",
                            "backup": "false",
                            "drain": "false",
                            "id": "loadBalancers/ocid1.loadbalancer.oc1.iad.aaaaaaaao4u6p6qopvwgp657nnw7tsmxrudea3mlv2nohfxixb6mgwpekknq/backendSets/ebsenv-publb1-bes1/backends/10.0.3.4:8000",
                            "ip_address": "10.0.3.4",
                            "load_balancer_id": "ocid1.loadbalancer.oc1.iad.aaaaaaaao4u6p6qopvwgp657nnw7tsmxrudea3mlv2nohfxixb6mgwpekknq",
                            "name": "10.0.3.4:8000",
                            "offline": "false",
                            "port": "8000",
                            "state": "SUCCEEDED",
                            "weight": "1"
                        },
                        "meta": {
                            "e2bfb730-ecaa-11e6-8f88-34363bc7c4c0": {
                                "create": 900000000000,
                                "delete": 900000000000,
                                "update": 900000000000
                            }
                        },
                        "tainted": false
                    },
                    "deposed": [],
                    "provider": "provider.oci"
                },
                "oci_load_balancer_backend.lb-bset-be.5": {
                    "type": "oci_load_balancer_backend",
                    "depends_on": [
                        "oci_load_balancer.lb",
                        "oci_load_balancer.lb.*",
                        "oci_load_balancer_backend_set.lb-bset",
                        "oci_load_balancer_backend_set.lb-bset.*"
                    ],
                    "primary": {
                        "id": "loadBalancers/ocid1.loadbalancer.oc1.iad.aaaaaaaao4u6p6qopvwgp657nnw7tsmxrudea3mlv2nohfxixb6mgwpekknq/backendSets/ebsenv-publb1-bes1/backends/10.0.3.7:8000",
                        "attributes": {
                            "backendset_name": "ebsenv-publb1-bes1",
                            "backup": "false",
                            "drain": "false",
                            "id": "loadBalancers/ocid1.loadbalancer.oc1.iad.aaaaaaaao4u6p6qopvwgp657nnw7tsmxrudea3mlv2nohfxixb6mgwpekknq/backendSets/ebsenv-publb1-bes1/backends/10.0.3.7:8000",
                            "ip_address": "10.0.3.7",
                            "load_balancer_id": "ocid1.loadbalancer.oc1.iad.aaaaaaaao4u6p6qopvwgp657nnw7tsmxrudea3mlv2nohfxixb6mgwpekknq",
                            "name": "10.0.3.7:8000",
                            "offline": "false",
                            "port": "8000",
                            "state": "SUCCEEDED",
                            "weight": "1"
                        },
                        "meta": {
                            "e2bfb730-ecaa-11e6-8f88-34363bc7c4c0": {
                                "create": 900000000000,
                                "delete": 900000000000,
                                "update": 900000000000
                            }
                        },
                        "tainted": false
                    },
                    "deposed": [],
                    "provider": "provider.oci"
                },
                "oci_load_balancer_backend_set.lb-bset": {
                    "type": "oci_load_balancer_backend_set",
                    "depends_on": [
                        "oci_load_balancer.lb",
                        "oci_load_balancer.lb.*"
                    ],
                    "primary": {
                        "id": "loadBalancers/ocid1.loadbalancer.oc1.iad.aaaaaaaao4u6p6qopvwgp657nnw7tsmxrudea3mlv2nohfxixb6mgwpekknq/backendSets/ebsenv-publb1-bes1",
                        "attributes": {
                            "backend.#": "0",
                            "health_checker.#": "1",
                            "health_checker.0.interval_ms": "30000",
                            "health_checker.0.port": "8000",
                            "health_checker.0.protocol": "HTTP",
                            "health_checker.0.response_body_regex": ".*",
                            "health_checker.0.retries": "3",
                            "health_checker.0.return_code": "200",
                            "health_checker.0.timeout_in_millis": "3000",
                            "health_checker.0.url_path": "/",
                            "id": "loadBalancers/ocid1.loadbalancer.oc1.iad.aaaaaaaao4u6p6qopvwgp657nnw7tsmxrudea3mlv2nohfxixb6mgwpekknq/backendSets/ebsenv-publb1-bes1",
                            "load_balancer_id": "ocid1.loadbalancer.oc1.iad.aaaaaaaao4u6p6qopvwgp657nnw7tsmxrudea3mlv2nohfxixb6mgwpekknq",
                            "name": "ebsenv-publb1-bes1",
                            "policy": "ROUND_ROBIN",
                            "session_persistence_configuration.#": "1",
                            "session_persistence_configuration.0.cookie_name": "lb-sessprs",
                            "session_persistence_configuration.0.disable_fallback": "true",
                            "ssl_configuration.#": "0",
                            "state": "SUCCEEDED"
                        },
                        "meta": {
                            "e2bfb730-ecaa-11e6-8f88-34363bc7c4c0": {
                                "create": 900000000000,
                                "delete": 900000000000,
                                "update": 900000000000
                            }
                        },
                        "tainted": false
                    },
                    "deposed": [],
                    "provider": "provider.oci"
                },
                "oci_load_balancer_hostname.hostname": {
                    "type": "oci_load_balancer_hostname",
                    "depends_on": [
                        "oci_load_balancer.lb",
                        "oci_load_balancer.lb.*"
                    ],
                    "primary": {
                        "id": "loadBalancers/ocid1.loadbalancer.oc1.iad.aaaaaaaao4u6p6qopvwgp657nnw7tsmxrudea3mlv2nohfxixb6mgwpekknq/hostnames/hostname1",
                        "attributes": {
                            "hostname": "pub.ebs.example.com",
                            "id": "loadBalancers/ocid1.loadbalancer.oc1.iad.aaaaaaaao4u6p6qopvwgp657nnw7tsmxrudea3mlv2nohfxixb6mgwpekknq/hostnames/hostname1",
                            "load_balancer_id": "ocid1.loadbalancer.oc1.iad.aaaaaaaao4u6p6qopvwgp657nnw7tsmxrudea3mlv2nohfxixb6mgwpekknq",
                            "name": "hostname1",
                            "state": "SUCCEEDED"
                        },
                        "meta": {
                            "e2bfb730-ecaa-11e6-8f88-34363bc7c4c0": {
                                "create": 900000000000,
                                "delete": 900000000000,
                                "update": 900000000000
                            }
                        },
                        "tainted": false
                    },
                    "deposed": [],
                    "provider": "provider.oci"
                },
                "oci_load_balancer_listener.lb-listener": {
                    "type": "oci_load_balancer_listener",
                    "depends_on": [
                        "oci_load_balancer.lb",
                        "oci_load_balancer.lb.*",
                        "oci_load_balancer_backend_set.lb-bset",
                        "oci_load_balancer_backend_set.lb-bset.*",
                        "oci_load_balancer_hostname.hostname",
                        "oci_load_balancer_hostname.hostname.*"
                    ],
                    "primary": {
                        "id": "loadBalancers/ocid1.loadbalancer.oc1.iad.aaaaaaaao4u6p6qopvwgp657nnw7tsmxrudea3mlv2nohfxixb6mgwpekknq/listeners/ebsenv-publb1-lsnr1",
                        "attributes": {
                            "connection_configuration.#": "1",
                            "connection_configuration.0.idle_timeout_in_seconds": "2",
                            "default_backend_set_name": "ebsenv-publb1-bes1",
                            "hostname_names.#": "1",
                            "hostname_names.0": "hostname1",
                            "id": "loadBalancers/ocid1.loadbalancer.oc1.iad.aaaaaaaao4u6p6qopvwgp657nnw7tsmxrudea3mlv2nohfxixb6mgwpekknq/listeners/ebsenv-publb1-lsnr1",
                            "load_balancer_id": "ocid1.loadbalancer.oc1.iad.aaaaaaaao4u6p6qopvwgp657nnw7tsmxrudea3mlv2nohfxixb6mgwpekknq",
                            "name": "ebsenv-publb1-lsnr1",
                            "port": "8000",
                            "protocol": "HTTP",
                            "rule_set_names.#": "0",
                            "ssl_configuration.#": "0",
                            "state": "SUCCEEDED"
                        },
                        "meta": {
                            "e2bfb730-ecaa-11e6-8f88-34363bc7c4c0": {
                                "create": 900000000000,
                                "delete": 900000000000,
                                "update": 900000000000
                            }
                        },
                        "tainted": false
                    },
                    "deposed": [],
                    "provider": "provider.oci"
                }
            },
            "depends_on": []
        }
    ]
}
